// !$*UTF8*$!
{
	archiveVersion = 1;
	classes = {
	};
	objectVersion = 56;
	objects = {

/* Begin PBXBuildFile section */
		36D4A14C2989EEBD0048309A /* FirebaseMessaging in Frameworks */ = {isa = PBXBuildFile; productRef = 36D4A14B2989EEBD0048309A /* FirebaseMessaging */; };
		36E1440B298CE7720044E666 /* Realm in Frameworks */ = {isa = PBXBuildFile; productRef = 36E1440A298CE7720044E666 /* Realm */; };
		36E1440D298CE7720044E666 /* RealmSwift in Frameworks */ = {isa = PBXBuildFile; productRef = 36E1440C298CE7720044E666 /* RealmSwift */; };
		3C5CAA96298C8FEC007C3EAA /* ContentView.swift in Sources */ = {isa = PBXBuildFile; fileRef = 3C5CAA95298C8FEC007C3EAA /* ContentView.swift */; };
		3CE9DFF429792FFB00E76147 /* SegmentedPicker in Frameworks */ = {isa = PBXBuildFile; productRef = 3CE9DFF329792FFB00E76147 /* SegmentedPicker */; };
		7087FAA2E8C8D99EFC752F3E /* Pods_Hapit.framework in Frameworks */ = {isa = PBXBuildFile; fileRef = B3F4F3AB62A29109F5C8B279 /* Pods_Hapit.framework */; };
		95397CC2298C8FD400D3B7DB /* (null) in Sources */ = {isa = PBXBuildFile; };
		95D067A1297A252B003447EA /* FirebaseFirestore in Frameworks */ = {isa = PBXBuildFile; productRef = 95D067A0297A252B003447EA /* FirebaseFirestore */; };
		95D067A3297A252B003447EA /* FirebaseFirestoreSwift in Frameworks */ = {isa = PBXBuildFile; productRef = 95D067A2297A252B003447EA /* FirebaseFirestoreSwift */; };
		95FAB86E2991DB5100E797EA /* FirebaseStorage in Frameworks */ = {isa = PBXBuildFile; productRef = 95FAB86D2991DB5100E797EA /* FirebaseStorage */; };
		95FAB8702991DB5100E797EA /* FirebaseStorageCombine-Community in Frameworks */ = {isa = PBXBuildFile; productRef = 95FAB86F2991DB5100E797EA /* FirebaseStorageCombine-Community */; };
		C5706F1529878730001300F5 /* .swiftlint.yml in Resources */ = {isa = PBXBuildFile; fileRef = C5706F1429878730001300F5 /* .swiftlint.yml */; };
		F33D290F2A233F8D00B6B205 /* KeyboardManager.swift in Sources */ = {isa = PBXBuildFile; fileRef = F33D28922A233F8D00B6B205 /* KeyboardManager.swift */; };
		F33D29102A233F8D00B6B205 /* UserInfoManager.swift in Sources */ = {isa = PBXBuildFile; fileRef = F33D28932A233F8D00B6B205 /* UserInfoManager.swift */; };
		F33D29112A233F8D00B6B205 /* HabitManager.swift in Sources */ = {isa = PBXBuildFile; fileRef = F33D28942A233F8D00B6B205 /* HabitManager.swift */; };
		F33D29122A233F8D00B6B205 /* LocalNotificationManager.swift in Sources */ = {isa = PBXBuildFile; fileRef = F33D28952A233F8D00B6B205 /* LocalNotificationManager.swift */; };
		F33D29132A233F8D00B6B205 /* FCMManager.swift in Sources */ = {isa = PBXBuildFile; fileRef = F33D28962A233F8D00B6B205 /* FCMManager.swift */; };
		F33D29142A233F8D00B6B205 /* MessageManager.swift in Sources */ = {isa = PBXBuildFile; fileRef = F33D28972A233F8D00B6B205 /* MessageManager.swift */; };
		F33D29152A233F8D00B6B205 /* KakaoSignInManager.swift in Sources */ = {isa = PBXBuildFile; fileRef = F33D289A2A233F8D00B6B205 /* KakaoSignInManager.swift */; };
		F33D29162A233F8D00B6B205 /* AppleSignInManager.swift in Sources */ = {isa = PBXBuildFile; fileRef = F33D289B2A233F8D00B6B205 /* AppleSignInManager.swift */; };
		F33D29172A233F8D00B6B205 /* GoogleSignInManager.swift in Sources */ = {isa = PBXBuildFile; fileRef = F33D289C2A233F8D00B6B205 /* GoogleSignInManager.swift */; };
		F33D29182A233F8D00B6B205 /* NormalSignInManager.swift in Sources */ = {isa = PBXBuildFile; fileRef = F33D289D2A233F8D00B6B205 /* NormalSignInManager.swift */; };
		F33D29192A233F8D00B6B205 /* SignInManager.swift in Sources */ = {isa = PBXBuildFile; fileRef = F33D289E2A233F8D00B6B205 /* SignInManager.swift */; };
		F33D291A2A233F8D00B6B205 /* AuthManager.swift in Sources */ = {isa = PBXBuildFile; fileRef = F33D289F2A233F8D00B6B205 /* AuthManager.swift */; };
		F33D291B2A233F8D00B6B205 /* ModalManager.swift in Sources */ = {isa = PBXBuildFile; fileRef = F33D28A02A233F8D00B6B205 /* ModalManager.swift */; };
		F33D291C2A233F8D00B6B205 /* NewAuthManager.swift in Sources */ = {isa = PBXBuildFile; fileRef = F33D28A12A233F8D00B6B205 /* NewAuthManager.swift */; };
		F33D291D2A233F8D00B6B205 /* BadgeManager.swift in Sources */ = {isa = PBXBuildFile; fileRef = F33D28A22A233F8D00B6B205 /* BadgeManager.swift */; };
		F33D291E2A233F8D00B6B205 /* Screen.swift in Sources */ = {isa = PBXBuildFile; fileRef = F33D28A42A233F8D00B6B205 /* Screen.swift */; };
		F33D291F2A233F8D00B6B205 /* NavigationBarColor.swift in Sources */ = {isa = PBXBuildFile; fileRef = F33D28A62A233F8D00B6B205 /* NavigationBarColor.swift */; };
		F33D29202A233F8D00B6B205 /* AppleSignInManagerExtension.swift in Sources */ = {isa = PBXBuildFile; fileRef = F33D28A72A233F8D00B6B205 /* AppleSignInManagerExtension.swift */; };
		F33D29212A233F8D00B6B205 /* View+ShakeEffect.swift in Sources */ = {isa = PBXBuildFile; fileRef = F33D28A82A233F8D00B6B205 /* View+ShakeEffect.swift */; };
		F33D29222A233F8D00B6B205 /* SignInError.swift in Sources */ = {isa = PBXBuildFile; fileRef = F33D28AA2A233F8D00B6B205 /* SignInError.swift */; };
		F33D29232A233F8D00B6B205 /* HapitPushInfo.swift in Sources */ = {isa = PBXBuildFile; fileRef = F33D28AC2A233F8D00B6B205 /* HapitPushInfo.swift */; };
		F33D29242A233F8D00B6B205 /* DateValue.swift in Sources */ = {isa = PBXBuildFile; fileRef = F33D28AD2A233F8D00B6B205 /* DateValue.swift */; };
		F33D29252A233F8D00B6B205 /* Modal.swift in Sources */ = {isa = PBXBuildFile; fileRef = F33D28AE2A233F8D00B6B205 /* Modal.swift */; };
		F33D29262A233F8D00B6B205 /* LocalChallenge.swift in Sources */ = {isa = PBXBuildFile; fileRef = F33D28AF2A233F8D00B6B205 /* LocalChallenge.swift */; };
		F33D29272A233F8D00B6B205 /* Message.swift in Sources */ = {isa = PBXBuildFile; fileRef = F33D28B02A233F8D00B6B205 /* Message.swift */; };
		F33D29282A233F8D00B6B205 /* Challenge.swift in Sources */ = {isa = PBXBuildFile; fileRef = F33D28B12A233F8D00B6B205 /* Challenge.swift */; };
		F33D29292A233F8D00B6B205 /* RemoteNotification.swift in Sources */ = {isa = PBXBuildFile; fileRef = F33D28B22A233F8D00B6B205 /* RemoteNotification.swift */; };
		F33D292A2A233F8D00B6B205 /* Jelly.swift in Sources */ = {isa = PBXBuildFile; fileRef = F33D28B32A233F8D00B6B205 /* Jelly.swift */; };
		F33D292B2A233F8D00B6B205 /* LocalNotification.swift in Sources */ = {isa = PBXBuildFile; fileRef = F33D28B42A233F8D00B6B205 /* LocalNotification.swift */; };
		F33D292C2A233F8D00B6B205 /* User.swift in Sources */ = {isa = PBXBuildFile; fileRef = F33D28B52A233F8D00B6B205 /* User.swift */; };
		F33D292D2A233F8D00B6B205 /* ChallengeFriends.swift in Sources */ = {isa = PBXBuildFile; fileRef = F33D28B62A233F8D00B6B205 /* ChallengeFriends.swift */; };
		F33D292E2A233F8D00B6B205 /* Post.swift in Sources */ = {isa = PBXBuildFile; fileRef = F33D28B72A233F8D00B6B205 /* Post.swift */; };
		F33D292F2A233F8D00B6B205 /* Dairy.swift in Sources */ = {isa = PBXBuildFile; fileRef = F33D28B82A233F8D00B6B205 /* Dairy.swift */; };
		F33D29302A233F8D00B6B205 /* Badge.swift in Sources */ = {isa = PBXBuildFile; fileRef = F33D28B92A233F8D00B6B205 /* Badge.swift */; };
		F33D29312A233F8D00B6B205 /* CellSkeletonView.swift in Sources */ = {isa = PBXBuildFile; fileRef = F33D28BC2A233F8D00B6B205 /* CellSkeletonView.swift */; };
		F33D29322A233F8D00B6B205 /* CustomAlertModifier.swift in Sources */ = {isa = PBXBuildFile; fileRef = F33D28BF2A233F8D00B6B205 /* CustomAlertModifier.swift */; };
		F33D29332A233F8D00B6B205 /* CustomAlert.swift in Sources */ = {isa = PBXBuildFile; fileRef = F33D28C02A233F8D00B6B205 /* CustomAlert.swift */; };
		F33D29342A233F8D00B6B205 /* PostModalView.swift in Sources */ = {isa = PBXBuildFile; fileRef = F33D28C12A233F8D00B6B205 /* PostModalView.swift */; };
		F33D29352A233F8D00B6B205 /* DiaryModalView.swift in Sources */ = {isa = PBXBuildFile; fileRef = F33D28C22A233F8D00B6B205 /* DiaryModalView.swift */; };
		F33D29362A233F8D00B6B205 /* DedicatedWriteDiaryView.swift in Sources */ = {isa = PBXBuildFile; fileRef = F33D28C32A233F8D00B6B205 /* DedicatedWriteDiaryView.swift */; };
		F33D29372A233F8D00B6B205 /* ChallengeDetailView.swift in Sources */ = {isa = PBXBuildFile; fileRef = F33D28C42A233F8D00B6B205 /* ChallengeDetailView.swift */; };
		F33D29382A233F8D00B6B205 /* ModalView.swift in Sources */ = {isa = PBXBuildFile; fileRef = F33D28C62A233F8D00B6B205 /* ModalView.swift */; };
		F33D29392A233F8D00B6B205 /* ModalAnchorView.swift in Sources */ = {isa = PBXBuildFile; fileRef = F33D28C72A233F8D00B6B205 /* ModalAnchorView.swift */; };
		F33D293A2A233F8D00B6B205 /* WriteDiaryView.swift in Sources */ = {isa = PBXBuildFile; fileRef = F33D28C82A233F8D00B6B205 /* WriteDiaryView.swift */; };
		F33D293B2A233F8D00B6B205 /* PhotoPicker.swift in Sources */ = {isa = PBXBuildFile; fileRef = F33D28C92A233F8D00B6B205 /* PhotoPicker.swift */; };
		F33D293C2A233F8D00B6B205 /* LocalNotificationSettingView.swift in Sources */ = {isa = PBXBuildFile; fileRef = F33D28CB2A233F8D00B6B205 /* LocalNotificationSettingView.swift */; };
		F33D293D2A233F8D00B6B205 /* HabitCellView.swift in Sources */ = {isa = PBXBuildFile; fileRef = F33D28CC2A233F8D00B6B205 /* HabitCellView.swift */; };
		F33D293F2A233F8D00B6B205 /* HomeView.swift in Sources */ = {isa = PBXBuildFile; fileRef = F33D28CE2A233F8D00B6B205 /* HomeView.swift */; };
		F33D29402A233F8D00B6B205 /* ChallengeCellView.swift in Sources */ = {isa = PBXBuildFile; fileRef = F33D28CF2A233F8D00B6B205 /* ChallengeCellView.swift */; };
		F33D29412A233F8D00B6B205 /* HabitSegmentDetailView.swift in Sources */ = {isa = PBXBuildFile; fileRef = F33D28D02A233F8D00B6B205 /* HabitSegmentDetailView.swift */; };
		F33D29422A233F8D00B6B205 /* EmptyCellView.swift in Sources */ = {isa = PBXBuildFile; fileRef = F33D28D12A233F8D00B6B205 /* EmptyCellView.swift */; };
		F33D29432A233F8D00B6B205 /* MateProfileView.swift in Sources */ = {isa = PBXBuildFile; fileRef = F33D28D32A233F8D00B6B205 /* MateProfileView.swift */; };
		F33D29442A233F8D00B6B205 /* ChallengeFriendsView.swift in Sources */ = {isa = PBXBuildFile; fileRef = F33D28D42A233F8D00B6B205 /* ChallengeFriendsView.swift */; };
		F33D29452A233F8D00B6B205 /* ChallengeFriendsCellView.swift in Sources */ = {isa = PBXBuildFile; fileRef = F33D28D52A233F8D00B6B205 /* ChallengeFriendsCellView.swift */; };
		F33D29462A233F8D00B6B205 /* AddChallengeView.swift in Sources */ = {isa = PBXBuildFile; fileRef = F33D28D62A233F8D00B6B205 /* AddChallengeView.swift */; };
		F33D29472A233F8D00B6B205 /* InvitedMateView.swift in Sources */ = {isa = PBXBuildFile; fileRef = F33D28D72A233F8D00B6B205 /* InvitedMateView.swift */; };
		F33D29482A233F8D00B6B205 /* EditFriendView.swift in Sources */ = {isa = PBXBuildFile; fileRef = F33D28D92A233F8D00B6B205 /* EditFriendView.swift */; };
		F33D29492A233F8D00B6B205 /* FriendChallengeView.swift in Sources */ = {isa = PBXBuildFile; fileRef = F33D28DA2A233F8D00B6B205 /* FriendChallengeView.swift */; };
		F33D294A2A233F8D00B6B205 /* MessageCellView.swift in Sources */ = {isa = PBXBuildFile; fileRef = F33D28DB2A233F8D00B6B205 /* MessageCellView.swift */; };
		F33D294B2A233F8D00B6B205 /* FriendChallengeCellView.swift in Sources */ = {isa = PBXBuildFile; fileRef = F33D28DC2A233F8D00B6B205 /* FriendChallengeCellView.swift */; };
		F33D294C2A233F8D00B6B205 /* MessageFullscreenView.swift in Sources */ = {isa = PBXBuildFile; fileRef = F33D28DD2A233F8D00B6B205 /* MessageFullscreenView.swift */; };
		F33D294D2A233F8D00B6B205 /* AddFriendView.swift in Sources */ = {isa = PBXBuildFile; fileRef = F33D28DE2A233F8D00B6B205 /* AddFriendView.swift */; };
		F33D294E2A233F8D00B6B205 /* FriendsEditRow.swift in Sources */ = {isa = PBXBuildFile; fileRef = F33D28DF2A233F8D00B6B205 /* FriendsEditRow.swift */; };
		F33D294F2A233F8D00B6B205 /* SocialView.swift in Sources */ = {isa = PBXBuildFile; fileRef = F33D28E02A233F8D00B6B205 /* SocialView.swift */; };
		F33D29502A233F8D00B6B205 /* AboutHapitView.swift in Sources */ = {isa = PBXBuildFile; fileRef = F33D28E32A233F8D00B6B205 /* AboutHapitView.swift */; };
		F33D29512A233F8D00B6B205 /* OptionView.swift in Sources */ = {isa = PBXBuildFile; fileRef = F33D28E42A233F8D00B6B205 /* OptionView.swift */; };
		F33D29522A233F8D00B6B205 /* AccountView.swift in Sources */ = {isa = PBXBuildFile; fileRef = F33D28E52A233F8D00B6B205 /* AccountView.swift */; };
		F33D29532A233F8D00B6B205 /* MakersView.swift in Sources */ = {isa = PBXBuildFile; fileRef = F33D28E62A233F8D00B6B205 /* MakersView.swift */; };
		F33D29542A233F8D00B6B205 /* ProfileCellView.swift in Sources */ = {isa = PBXBuildFile; fileRef = F33D28E82A233F8D00B6B205 /* ProfileCellView.swift */; };
		F33D29552A233F8D00B6B205 /* NicknameModalView.swift in Sources */ = {isa = PBXBuildFile; fileRef = F33D28E92A233F8D00B6B205 /* NicknameModalView.swift */; };
		F33D29562A233F8D00B6B205 /* BearModalView.swift in Sources */ = {isa = PBXBuildFile; fileRef = F33D28EA2A233F8D00B6B205 /* BearModalView.swift */; };
		F33D29572A233F8D00B6B205 /* RewardView.swift in Sources */ = {isa = PBXBuildFile; fileRef = F33D28EC2A233F8D00B6B205 /* RewardView.swift */; };
		F33D29582A233F8D00B6B205 /* JellyGridView.swift in Sources */ = {isa = PBXBuildFile; fileRef = F33D28ED2A233F8D00B6B205 /* JellyGridView.swift */; };
		F33D29592A233F8D00B6B205 /* JellyConfetti.swift in Sources */ = {isa = PBXBuildFile; fileRef = F33D28EE2A233F8D00B6B205 /* JellyConfetti.swift */; };
		F33D295A2A233F8D00B6B205 /* JellyEmptyView.swift in Sources */ = {isa = PBXBuildFile; fileRef = F33D28EF2A233F8D00B6B205 /* JellyEmptyView.swift */; };
		F33D295B2A233F8D00B6B205 /* JellyBadgeView.swift in Sources */ = {isa = PBXBuildFile; fileRef = F33D28F02A233F8D00B6B205 /* JellyBadgeView.swift */; };
		F33D295C2A233F8D00B6B205 /* MyPageView.swift in Sources */ = {isa = PBXBuildFile; fileRef = F33D28F12A233F8D00B6B205 /* MyPageView.swift */; };
		F33D295D2A233F8D00B6B205 /* KakaoLogIn.swift in Sources */ = {isa = PBXBuildFile; fileRef = F33D28F42A233F8D00B6B205 /* KakaoLogIn.swift */; };
		F33D295E2A233F8D00B6B205 /* AppleLogIn.swift in Sources */ = {isa = PBXBuildFile; fileRef = F33D28F52A233F8D00B6B205 /* AppleLogIn.swift */; };
		F33D295F2A233F8D00B6B205 /* GoogleLogIn.swift in Sources */ = {isa = PBXBuildFile; fileRef = F33D28F62A233F8D00B6B205 /* GoogleLogIn.swift */; };
		F33D29602A233F8D00B6B205 /* LogInView.swift in Sources */ = {isa = PBXBuildFile; fileRef = F33D28F82A233F8D00B6B205 /* LogInView.swift */; };
		F33D29612A233F8D00B6B205 /* ToSView.swift in Sources */ = {isa = PBXBuildFile; fileRef = F33D28FA2A233F8D00B6B205 /* ToSView.swift */; };
		F33D29622A233F8D00B6B205 /* GetStartView.swift in Sources */ = {isa = PBXBuildFile; fileRef = F33D28FB2A233F8D00B6B205 /* GetStartView.swift */; };
		F33D29632A233F8D00B6B205 /* StepBar_15.swift in Sources */ = {isa = PBXBuildFile; fileRef = F33D28FD2A233F8D00B6B205 /* StepBar_15.swift */; };
		F33D29642A233F8D00B6B205 /* StepBar.swift in Sources */ = {isa = PBXBuildFile; fileRef = F33D28FE2A233F8D00B6B205 /* StepBar.swift */; };
		F33D29652A233F8D00B6B205 /* StepBar_16.swift in Sources */ = {isa = PBXBuildFile; fileRef = F33D28FF2A233F8D00B6B205 /* StepBar_16.swift */; };
		F33D29662A233F8D00B6B205 /* RegisterView.swift in Sources */ = {isa = PBXBuildFile; fileRef = F33D29002A233F8D00B6B205 /* RegisterView.swift */; };
		F33D29672A233F8D00B6B205 /* GetStartGuideText.swift in Sources */ = {isa = PBXBuildFile; fileRef = F33D29022A233F8D00B6B205 /* GetStartGuideText.swift */; };
		F33D29682A233F8D00B6B205 /* ToSGuideText.swift in Sources */ = {isa = PBXBuildFile; fileRef = F33D29032A233F8D00B6B205 /* ToSGuideText.swift */; };
		F33D29692A233F8D00B6B205 /* RegisterGuideText.swift in Sources */ = {isa = PBXBuildFile; fileRef = F33D29042A233F8D00B6B205 /* RegisterGuideText.swift */; };
		F33D296A2A233F8D00B6B205 /* PrivateToS.swift in Sources */ = {isa = PBXBuildFile; fileRef = F33D29062A233F8D00B6B205 /* PrivateToS.swift */; };
		F33D296B2A233F8D00B6B205 /* ServiceToS.swift in Sources */ = {isa = PBXBuildFile; fileRef = F33D29072A233F8D00B6B205 /* ServiceToS.swift */; };
		F33D296C2A233F8D00B6B205 /* ADToS.swift in Sources */ = {isa = PBXBuildFile; fileRef = F33D29082A233F8D00B6B205 /* ADToS.swift */; };
		F33D296D2A233F8D00B6B205 /* SignProtocol.swift in Sources */ = {isa = PBXBuildFile; fileRef = F33D290A2A233F8D00B6B205 /* SignProtocol.swift */; };
		F33D296E2A233F8D00B6B205 /* IM_Hyemin-Regular.ttf in Resources */ = {isa = PBXBuildFile; fileRef = F33D290D2A233F8D00B6B205 /* IM_Hyemin-Regular.ttf */; };
		F33D296F2A233F8D00B6B205 /* IM_Hyemin-Bold.ttf in Resources */ = {isa = PBXBuildFile; fileRef = F33D290E2A233F8D00B6B205 /* IM_Hyemin-Bold.ttf */; };
		F4007A212995019A00AA8919 /* GoogleSignIn in Frameworks */ = {isa = PBXBuildFile; productRef = F4007A202995019A00AA8919 /* GoogleSignIn */; };
		F4007A2329952BE900AA8919 /* GoogleSignInSwift in Frameworks */ = {isa = PBXBuildFile; productRef = F4007A2229952BE900AA8919 /* GoogleSignInSwift */; };
		F40B9A50298827E400385014 /* KakaoSDK in Frameworks */ = {isa = PBXBuildFile; productRef = F40B9A4F298827E400385014 /* KakaoSDK */; };
		F47BA154297A75EE000222EE /* FirebaseAuth in Frameworks */ = {isa = PBXBuildFile; productRef = F47BA153297A75EE000222EE /* FirebaseAuth */; };
		F49E28CB29762C9C009EEB1A /* HapitApp.swift in Sources */ = {isa = PBXBuildFile; fileRef = F49E28CA29762C9C009EEB1A /* HapitApp.swift */; };
		F49E28CF29762CA0009EEB1A /* Assets.xcassets in Resources */ = {isa = PBXBuildFile; fileRef = F49E28CE29762CA0009EEB1A /* Assets.xcassets */; };
		F49E28D229762CA0009EEB1A /* Preview Assets.xcassets in Resources */ = {isa = PBXBuildFile; fileRef = F49E28D129762CA0009EEB1A /* Preview Assets.xcassets */; };
/* End PBXBuildFile section */

/* Begin PBXCopyFilesBuildPhase section */
		36F8EC162988EBB80029B701 /* Embed Foundation Extensions */ = {
			isa = PBXCopyFilesBuildPhase;
			buildActionMask = 2147483647;
			dstPath = "";
			dstSubfolderSpec = 13;
			files = (
			);
			name = "Embed Foundation Extensions";
			runOnlyForDeploymentPostprocessing = 0;
		};
/* End PBXCopyFilesBuildPhase section */

/* Begin PBXFileReference section */
		0C9C7D2CE76DAFB6CDD8A4EC /* Pods-Hapit.release.xcconfig */ = {isa = PBXFileReference; includeInIndex = 1; lastKnownFileType = text.xcconfig; name = "Pods-Hapit.release.xcconfig"; path = "Target Support Files/Pods-Hapit/Pods-Hapit.release.xcconfig"; sourceTree = "<group>"; };
		36F8EC022988D6F70029B701 /* Hapit.entitlements */ = {isa = PBXFileReference; lastKnownFileType = text.plist.entitlements; path = Hapit.entitlements; sourceTree = "<group>"; };
		36F8EC082988EBB80029B701 /* UserNotifications.framework */ = {isa = PBXFileReference; lastKnownFileType = wrapper.framework; name = UserNotifications.framework; path = System/Library/Frameworks/UserNotifications.framework; sourceTree = SDKROOT; };
		36F8EC0A2988EBB80029B701 /* UserNotificationsUI.framework */ = {isa = PBXFileReference; lastKnownFileType = wrapper.framework; name = UserNotificationsUI.framework; path = System/Library/Frameworks/UserNotificationsUI.framework; sourceTree = SDKROOT; };
		3C5CAA95298C8FEC007C3EAA /* ContentView.swift */ = {isa = PBXFileReference; lastKnownFileType = sourcecode.swift; path = ContentView.swift; sourceTree = "<group>"; };
		5EF260FF7D795428372CA911 /* Pods-Hapit.debug.xcconfig */ = {isa = PBXFileReference; includeInIndex = 1; lastKnownFileType = text.xcconfig; name = "Pods-Hapit.debug.xcconfig"; path = "Target Support Files/Pods-Hapit/Pods-Hapit.debug.xcconfig"; sourceTree = "<group>"; };
		B3F4F3AB62A29109F5C8B279 /* Pods_Hapit.framework */ = {isa = PBXFileReference; explicitFileType = wrapper.framework; includeInIndex = 0; path = Pods_Hapit.framework; sourceTree = BUILT_PRODUCTS_DIR; };
		C5706F1429878730001300F5 /* .swiftlint.yml */ = {isa = PBXFileReference; lastKnownFileType = text.yaml; path = .swiftlint.yml; sourceTree = "<group>"; };
		F33D28922A233F8D00B6B205 /* KeyboardManager.swift */ = {isa = PBXFileReference; fileEncoding = 4; lastKnownFileType = sourcecode.swift; path = KeyboardManager.swift; sourceTree = "<group>"; };
		F33D28932A233F8D00B6B205 /* UserInfoManager.swift */ = {isa = PBXFileReference; fileEncoding = 4; lastKnownFileType = sourcecode.swift; path = UserInfoManager.swift; sourceTree = "<group>"; };
		F33D28942A233F8D00B6B205 /* HabitManager.swift */ = {isa = PBXFileReference; fileEncoding = 4; lastKnownFileType = sourcecode.swift; path = HabitManager.swift; sourceTree = "<group>"; };
		F33D28952A233F8D00B6B205 /* LocalNotificationManager.swift */ = {isa = PBXFileReference; fileEncoding = 4; lastKnownFileType = sourcecode.swift; path = LocalNotificationManager.swift; sourceTree = "<group>"; };
		F33D28962A233F8D00B6B205 /* FCMManager.swift */ = {isa = PBXFileReference; fileEncoding = 4; lastKnownFileType = sourcecode.swift; path = FCMManager.swift; sourceTree = "<group>"; };
		F33D28972A233F8D00B6B205 /* MessageManager.swift */ = {isa = PBXFileReference; fileEncoding = 4; lastKnownFileType = sourcecode.swift; path = MessageManager.swift; sourceTree = "<group>"; };
		F33D289A2A233F8D00B6B205 /* KakaoSignInManager.swift */ = {isa = PBXFileReference; fileEncoding = 4; lastKnownFileType = sourcecode.swift; path = KakaoSignInManager.swift; sourceTree = "<group>"; };
		F33D289B2A233F8D00B6B205 /* AppleSignInManager.swift */ = {isa = PBXFileReference; fileEncoding = 4; lastKnownFileType = sourcecode.swift; path = AppleSignInManager.swift; sourceTree = "<group>"; };
		F33D289C2A233F8D00B6B205 /* GoogleSignInManager.swift */ = {isa = PBXFileReference; fileEncoding = 4; lastKnownFileType = sourcecode.swift; path = GoogleSignInManager.swift; sourceTree = "<group>"; };
		F33D289D2A233F8D00B6B205 /* NormalSignInManager.swift */ = {isa = PBXFileReference; fileEncoding = 4; lastKnownFileType = sourcecode.swift; path = NormalSignInManager.swift; sourceTree = "<group>"; };
		F33D289E2A233F8D00B6B205 /* SignInManager.swift */ = {isa = PBXFileReference; fileEncoding = 4; lastKnownFileType = sourcecode.swift; path = SignInManager.swift; sourceTree = "<group>"; };
		F33D289F2A233F8D00B6B205 /* AuthManager.swift */ = {isa = PBXFileReference; fileEncoding = 4; lastKnownFileType = sourcecode.swift; path = AuthManager.swift; sourceTree = "<group>"; };
		F33D28A02A233F8D00B6B205 /* ModalManager.swift */ = {isa = PBXFileReference; fileEncoding = 4; lastKnownFileType = sourcecode.swift; path = ModalManager.swift; sourceTree = "<group>"; };
		F33D28A12A233F8D00B6B205 /* NewAuthManager.swift */ = {isa = PBXFileReference; fileEncoding = 4; lastKnownFileType = sourcecode.swift; path = NewAuthManager.swift; sourceTree = "<group>"; };
		F33D28A22A233F8D00B6B205 /* BadgeManager.swift */ = {isa = PBXFileReference; fileEncoding = 4; lastKnownFileType = sourcecode.swift; path = BadgeManager.swift; sourceTree = "<group>"; };
		F33D28A42A233F8D00B6B205 /* Screen.swift */ = {isa = PBXFileReference; fileEncoding = 4; lastKnownFileType = sourcecode.swift; path = Screen.swift; sourceTree = "<group>"; };
		F33D28A62A233F8D00B6B205 /* NavigationBarColor.swift */ = {isa = PBXFileReference; fileEncoding = 4; lastKnownFileType = sourcecode.swift; path = NavigationBarColor.swift; sourceTree = "<group>"; };
		F33D28A72A233F8D00B6B205 /* AppleSignInManagerExtension.swift */ = {isa = PBXFileReference; fileEncoding = 4; lastKnownFileType = sourcecode.swift; path = AppleSignInManagerExtension.swift; sourceTree = "<group>"; };
		F33D28A82A233F8D00B6B205 /* View+ShakeEffect.swift */ = {isa = PBXFileReference; fileEncoding = 4; lastKnownFileType = sourcecode.swift; path = "View+ShakeEffect.swift"; sourceTree = "<group>"; };
		F33D28AA2A233F8D00B6B205 /* SignInError.swift */ = {isa = PBXFileReference; fileEncoding = 4; lastKnownFileType = sourcecode.swift; path = SignInError.swift; sourceTree = "<group>"; };
		F33D28AC2A233F8D00B6B205 /* HapitPushInfo.swift */ = {isa = PBXFileReference; fileEncoding = 4; lastKnownFileType = sourcecode.swift; path = HapitPushInfo.swift; sourceTree = "<group>"; };
		F33D28AD2A233F8D00B6B205 /* DateValue.swift */ = {isa = PBXFileReference; fileEncoding = 4; lastKnownFileType = sourcecode.swift; path = DateValue.swift; sourceTree = "<group>"; };
		F33D28AE2A233F8D00B6B205 /* Modal.swift */ = {isa = PBXFileReference; fileEncoding = 4; lastKnownFileType = sourcecode.swift; path = Modal.swift; sourceTree = "<group>"; };
		F33D28AF2A233F8D00B6B205 /* LocalChallenge.swift */ = {isa = PBXFileReference; fileEncoding = 4; lastKnownFileType = sourcecode.swift; path = LocalChallenge.swift; sourceTree = "<group>"; };
		F33D28B02A233F8D00B6B205 /* Message.swift */ = {isa = PBXFileReference; fileEncoding = 4; lastKnownFileType = sourcecode.swift; path = Message.swift; sourceTree = "<group>"; };
		F33D28B12A233F8D00B6B205 /* Challenge.swift */ = {isa = PBXFileReference; fileEncoding = 4; lastKnownFileType = sourcecode.swift; path = Challenge.swift; sourceTree = "<group>"; };
		F33D28B22A233F8D00B6B205 /* RemoteNotification.swift */ = {isa = PBXFileReference; fileEncoding = 4; lastKnownFileType = sourcecode.swift; path = RemoteNotification.swift; sourceTree = "<group>"; };
		F33D28B32A233F8D00B6B205 /* Jelly.swift */ = {isa = PBXFileReference; fileEncoding = 4; lastKnownFileType = sourcecode.swift; path = Jelly.swift; sourceTree = "<group>"; };
		F33D28B42A233F8D00B6B205 /* LocalNotification.swift */ = {isa = PBXFileReference; fileEncoding = 4; lastKnownFileType = sourcecode.swift; path = LocalNotification.swift; sourceTree = "<group>"; };
		F33D28B52A233F8D00B6B205 /* User.swift */ = {isa = PBXFileReference; fileEncoding = 4; lastKnownFileType = sourcecode.swift; path = User.swift; sourceTree = "<group>"; };
		F33D28B62A233F8D00B6B205 /* ChallengeFriends.swift */ = {isa = PBXFileReference; fileEncoding = 4; lastKnownFileType = sourcecode.swift; path = ChallengeFriends.swift; sourceTree = "<group>"; };
		F33D28B72A233F8D00B6B205 /* Post.swift */ = {isa = PBXFileReference; fileEncoding = 4; lastKnownFileType = sourcecode.swift; path = Post.swift; sourceTree = "<group>"; };
		F33D28B82A233F8D00B6B205 /* Dairy.swift */ = {isa = PBXFileReference; fileEncoding = 4; lastKnownFileType = sourcecode.swift; path = Dairy.swift; sourceTree = "<group>"; };
		F33D28B92A233F8D00B6B205 /* Badge.swift */ = {isa = PBXFileReference; fileEncoding = 4; lastKnownFileType = sourcecode.swift; path = Badge.swift; sourceTree = "<group>"; };
		F33D28BC2A233F8D00B6B205 /* CellSkeletonView.swift */ = {isa = PBXFileReference; fileEncoding = 4; lastKnownFileType = sourcecode.swift; path = CellSkeletonView.swift; sourceTree = "<group>"; };
		F33D28BF2A233F8D00B6B205 /* CustomAlertModifier.swift */ = {isa = PBXFileReference; fileEncoding = 4; lastKnownFileType = sourcecode.swift; path = CustomAlertModifier.swift; sourceTree = "<group>"; };
		F33D28C02A233F8D00B6B205 /* CustomAlert.swift */ = {isa = PBXFileReference; fileEncoding = 4; lastKnownFileType = sourcecode.swift; path = CustomAlert.swift; sourceTree = "<group>"; };
		F33D28C12A233F8D00B6B205 /* PostModalView.swift */ = {isa = PBXFileReference; fileEncoding = 4; lastKnownFileType = sourcecode.swift; path = PostModalView.swift; sourceTree = "<group>"; };
		F33D28C22A233F8D00B6B205 /* DiaryModalView.swift */ = {isa = PBXFileReference; fileEncoding = 4; lastKnownFileType = sourcecode.swift; path = DiaryModalView.swift; sourceTree = "<group>"; };
		F33D28C32A233F8D00B6B205 /* DedicatedWriteDiaryView.swift */ = {isa = PBXFileReference; fileEncoding = 4; lastKnownFileType = sourcecode.swift; path = DedicatedWriteDiaryView.swift; sourceTree = "<group>"; };
		F33D28C42A233F8D00B6B205 /* ChallengeDetailView.swift */ = {isa = PBXFileReference; fileEncoding = 4; lastKnownFileType = sourcecode.swift; path = ChallengeDetailView.swift; sourceTree = "<group>"; };
		F33D28C62A233F8D00B6B205 /* ModalView.swift */ = {isa = PBXFileReference; fileEncoding = 4; lastKnownFileType = sourcecode.swift; path = ModalView.swift; sourceTree = "<group>"; };
		F33D28C72A233F8D00B6B205 /* ModalAnchorView.swift */ = {isa = PBXFileReference; fileEncoding = 4; lastKnownFileType = sourcecode.swift; path = ModalAnchorView.swift; sourceTree = "<group>"; };
		F33D28C82A233F8D00B6B205 /* WriteDiaryView.swift */ = {isa = PBXFileReference; fileEncoding = 4; lastKnownFileType = sourcecode.swift; path = WriteDiaryView.swift; sourceTree = "<group>"; };
		F33D28C92A233F8D00B6B205 /* PhotoPicker.swift */ = {isa = PBXFileReference; fileEncoding = 4; lastKnownFileType = sourcecode.swift; path = PhotoPicker.swift; sourceTree = "<group>"; };
		F33D28CB2A233F8D00B6B205 /* LocalNotificationSettingView.swift */ = {isa = PBXFileReference; fileEncoding = 4; lastKnownFileType = sourcecode.swift; path = LocalNotificationSettingView.swift; sourceTree = "<group>"; };
		F33D28CC2A233F8D00B6B205 /* HabitCellView.swift */ = {isa = PBXFileReference; fileEncoding = 4; lastKnownFileType = sourcecode.swift; path = HabitCellView.swift; sourceTree = "<group>"; };
		F33D28CE2A233F8D00B6B205 /* HomeView.swift */ = {isa = PBXFileReference; fileEncoding = 4; lastKnownFileType = sourcecode.swift; path = HomeView.swift; sourceTree = "<group>"; };
		F33D28CF2A233F8D00B6B205 /* ChallengeCellView.swift */ = {isa = PBXFileReference; fileEncoding = 4; lastKnownFileType = sourcecode.swift; path = ChallengeCellView.swift; sourceTree = "<group>"; };
		F33D28D02A233F8D00B6B205 /* HabitSegmentDetailView.swift */ = {isa = PBXFileReference; fileEncoding = 4; lastKnownFileType = sourcecode.swift; path = HabitSegmentDetailView.swift; sourceTree = "<group>"; };
		F33D28D12A233F8D00B6B205 /* EmptyCellView.swift */ = {isa = PBXFileReference; fileEncoding = 4; lastKnownFileType = sourcecode.swift; path = EmptyCellView.swift; sourceTree = "<group>"; };
		F33D28D32A233F8D00B6B205 /* MateProfileView.swift */ = {isa = PBXFileReference; fileEncoding = 4; lastKnownFileType = sourcecode.swift; path = MateProfileView.swift; sourceTree = "<group>"; };
		F33D28D42A233F8D00B6B205 /* ChallengeFriendsView.swift */ = {isa = PBXFileReference; fileEncoding = 4; lastKnownFileType = sourcecode.swift; path = ChallengeFriendsView.swift; sourceTree = "<group>"; };
		F33D28D52A233F8D00B6B205 /* ChallengeFriendsCellView.swift */ = {isa = PBXFileReference; fileEncoding = 4; lastKnownFileType = sourcecode.swift; path = ChallengeFriendsCellView.swift; sourceTree = "<group>"; };
		F33D28D62A233F8D00B6B205 /* AddChallengeView.swift */ = {isa = PBXFileReference; fileEncoding = 4; lastKnownFileType = sourcecode.swift; path = AddChallengeView.swift; sourceTree = "<group>"; };
		F33D28D72A233F8D00B6B205 /* InvitedMateView.swift */ = {isa = PBXFileReference; fileEncoding = 4; lastKnownFileType = sourcecode.swift; path = InvitedMateView.swift; sourceTree = "<group>"; };
		F33D28D92A233F8D00B6B205 /* EditFriendView.swift */ = {isa = PBXFileReference; fileEncoding = 4; lastKnownFileType = sourcecode.swift; path = EditFriendView.swift; sourceTree = "<group>"; };
		F33D28DA2A233F8D00B6B205 /* FriendChallengeView.swift */ = {isa = PBXFileReference; fileEncoding = 4; lastKnownFileType = sourcecode.swift; path = FriendChallengeView.swift; sourceTree = "<group>"; };
		F33D28DB2A233F8D00B6B205 /* MessageCellView.swift */ = {isa = PBXFileReference; fileEncoding = 4; lastKnownFileType = sourcecode.swift; path = MessageCellView.swift; sourceTree = "<group>"; };
		F33D28DC2A233F8D00B6B205 /* FriendChallengeCellView.swift */ = {isa = PBXFileReference; fileEncoding = 4; lastKnownFileType = sourcecode.swift; path = FriendChallengeCellView.swift; sourceTree = "<group>"; };
		F33D28DD2A233F8D00B6B205 /* MessageFullscreenView.swift */ = {isa = PBXFileReference; fileEncoding = 4; lastKnownFileType = sourcecode.swift; path = MessageFullscreenView.swift; sourceTree = "<group>"; };
		F33D28DE2A233F8D00B6B205 /* AddFriendView.swift */ = {isa = PBXFileReference; fileEncoding = 4; lastKnownFileType = sourcecode.swift; path = AddFriendView.swift; sourceTree = "<group>"; };
		F33D28DF2A233F8D00B6B205 /* FriendsEditRow.swift */ = {isa = PBXFileReference; fileEncoding = 4; lastKnownFileType = sourcecode.swift; path = FriendsEditRow.swift; sourceTree = "<group>"; };
		F33D28E02A233F8D00B6B205 /* SocialView.swift */ = {isa = PBXFileReference; fileEncoding = 4; lastKnownFileType = sourcecode.swift; path = SocialView.swift; sourceTree = "<group>"; };
		F33D28E32A233F8D00B6B205 /* AboutHapitView.swift */ = {isa = PBXFileReference; fileEncoding = 4; lastKnownFileType = sourcecode.swift; path = AboutHapitView.swift; sourceTree = "<group>"; };
		F33D28E42A233F8D00B6B205 /* OptionView.swift */ = {isa = PBXFileReference; fileEncoding = 4; lastKnownFileType = sourcecode.swift; path = OptionView.swift; sourceTree = "<group>"; };
		F33D28E52A233F8D00B6B205 /* AccountView.swift */ = {isa = PBXFileReference; fileEncoding = 4; lastKnownFileType = sourcecode.swift; path = AccountView.swift; sourceTree = "<group>"; };
		F33D28E62A233F8D00B6B205 /* MakersView.swift */ = {isa = PBXFileReference; fileEncoding = 4; lastKnownFileType = sourcecode.swift; path = MakersView.swift; sourceTree = "<group>"; };
		F33D28E82A233F8D00B6B205 /* ProfileCellView.swift */ = {isa = PBXFileReference; fileEncoding = 4; lastKnownFileType = sourcecode.swift; path = ProfileCellView.swift; sourceTree = "<group>"; };
		F33D28E92A233F8D00B6B205 /* NicknameModalView.swift */ = {isa = PBXFileReference; fileEncoding = 4; lastKnownFileType = sourcecode.swift; path = NicknameModalView.swift; sourceTree = "<group>"; };
		F33D28EA2A233F8D00B6B205 /* BearModalView.swift */ = {isa = PBXFileReference; fileEncoding = 4; lastKnownFileType = sourcecode.swift; path = BearModalView.swift; sourceTree = "<group>"; };
		F33D28EC2A233F8D00B6B205 /* RewardView.swift */ = {isa = PBXFileReference; fileEncoding = 4; lastKnownFileType = sourcecode.swift; path = RewardView.swift; sourceTree = "<group>"; };
		F33D28ED2A233F8D00B6B205 /* JellyGridView.swift */ = {isa = PBXFileReference; fileEncoding = 4; lastKnownFileType = sourcecode.swift; path = JellyGridView.swift; sourceTree = "<group>"; };
		F33D28EE2A233F8D00B6B205 /* JellyConfetti.swift */ = {isa = PBXFileReference; fileEncoding = 4; lastKnownFileType = sourcecode.swift; path = JellyConfetti.swift; sourceTree = "<group>"; };
		F33D28EF2A233F8D00B6B205 /* JellyEmptyView.swift */ = {isa = PBXFileReference; fileEncoding = 4; lastKnownFileType = sourcecode.swift; path = JellyEmptyView.swift; sourceTree = "<group>"; };
		F33D28F02A233F8D00B6B205 /* JellyBadgeView.swift */ = {isa = PBXFileReference; fileEncoding = 4; lastKnownFileType = sourcecode.swift; path = JellyBadgeView.swift; sourceTree = "<group>"; };
		F33D28F12A233F8D00B6B205 /* MyPageView.swift */ = {isa = PBXFileReference; fileEncoding = 4; lastKnownFileType = sourcecode.swift; path = MyPageView.swift; sourceTree = "<group>"; };
		F33D28F42A233F8D00B6B205 /* KakaoLogIn.swift */ = {isa = PBXFileReference; fileEncoding = 4; lastKnownFileType = sourcecode.swift; path = KakaoLogIn.swift; sourceTree = "<group>"; };
		F33D28F52A233F8D00B6B205 /* AppleLogIn.swift */ = {isa = PBXFileReference; fileEncoding = 4; lastKnownFileType = sourcecode.swift; path = AppleLogIn.swift; sourceTree = "<group>"; };
		F33D28F62A233F8D00B6B205 /* GoogleLogIn.swift */ = {isa = PBXFileReference; fileEncoding = 4; lastKnownFileType = sourcecode.swift; path = GoogleLogIn.swift; sourceTree = "<group>"; };
		F33D28F82A233F8D00B6B205 /* LogInView.swift */ = {isa = PBXFileReference; fileEncoding = 4; lastKnownFileType = sourcecode.swift; path = LogInView.swift; sourceTree = "<group>"; };
		F33D28FA2A233F8D00B6B205 /* ToSView.swift */ = {isa = PBXFileReference; fileEncoding = 4; lastKnownFileType = sourcecode.swift; path = ToSView.swift; sourceTree = "<group>"; };
		F33D28FB2A233F8D00B6B205 /* GetStartView.swift */ = {isa = PBXFileReference; fileEncoding = 4; lastKnownFileType = sourcecode.swift; path = GetStartView.swift; sourceTree = "<group>"; };
		F33D28FD2A233F8D00B6B205 /* StepBar_15.swift */ = {isa = PBXFileReference; fileEncoding = 4; lastKnownFileType = sourcecode.swift; path = StepBar_15.swift; sourceTree = "<group>"; };
		F33D28FE2A233F8D00B6B205 /* StepBar.swift */ = {isa = PBXFileReference; fileEncoding = 4; lastKnownFileType = sourcecode.swift; path = StepBar.swift; sourceTree = "<group>"; };
		F33D28FF2A233F8D00B6B205 /* StepBar_16.swift */ = {isa = PBXFileReference; fileEncoding = 4; lastKnownFileType = sourcecode.swift; path = StepBar_16.swift; sourceTree = "<group>"; };
		F33D29002A233F8D00B6B205 /* RegisterView.swift */ = {isa = PBXFileReference; fileEncoding = 4; lastKnownFileType = sourcecode.swift; path = RegisterView.swift; sourceTree = "<group>"; };
		F33D29022A233F8D00B6B205 /* GetStartGuideText.swift */ = {isa = PBXFileReference; fileEncoding = 4; lastKnownFileType = sourcecode.swift; path = GetStartGuideText.swift; sourceTree = "<group>"; };
		F33D29032A233F8D00B6B205 /* ToSGuideText.swift */ = {isa = PBXFileReference; fileEncoding = 4; lastKnownFileType = sourcecode.swift; path = ToSGuideText.swift; sourceTree = "<group>"; };
		F33D29042A233F8D00B6B205 /* RegisterGuideText.swift */ = {isa = PBXFileReference; fileEncoding = 4; lastKnownFileType = sourcecode.swift; path = RegisterGuideText.swift; sourceTree = "<group>"; };
		F33D29062A233F8D00B6B205 /* PrivateToS.swift */ = {isa = PBXFileReference; fileEncoding = 4; lastKnownFileType = sourcecode.swift; path = PrivateToS.swift; sourceTree = "<group>"; };
		F33D29072A233F8D00B6B205 /* ServiceToS.swift */ = {isa = PBXFileReference; fileEncoding = 4; lastKnownFileType = sourcecode.swift; path = ServiceToS.swift; sourceTree = "<group>"; };
		F33D29082A233F8D00B6B205 /* ADToS.swift */ = {isa = PBXFileReference; fileEncoding = 4; lastKnownFileType = sourcecode.swift; path = ADToS.swift; sourceTree = "<group>"; };
		F33D290A2A233F8D00B6B205 /* SignProtocol.swift */ = {isa = PBXFileReference; fileEncoding = 4; lastKnownFileType = sourcecode.swift; path = SignProtocol.swift; sourceTree = "<group>"; };
		F33D290D2A233F8D00B6B205 /* IM_Hyemin-Regular.ttf */ = {isa = PBXFileReference; lastKnownFileType = file; path = "IM_Hyemin-Regular.ttf"; sourceTree = "<group>"; };
		F33D290E2A233F8D00B6B205 /* IM_Hyemin-Bold.ttf */ = {isa = PBXFileReference; lastKnownFileType = file; path = "IM_Hyemin-Bold.ttf"; sourceTree = "<group>"; };
		F3AF94EE2A262A2600A0F584 /* Info.plist */ = {isa = PBXFileReference; fileEncoding = 4; lastKnownFileType = text.plist.xml; path = Info.plist; sourceTree = "<group>"; };
		F49E28C729762C9C009EEB1A /* Hapit.app */ = {isa = PBXFileReference; explicitFileType = wrapper.application; includeInIndex = 0; path = Hapit.app; sourceTree = BUILT_PRODUCTS_DIR; };
		F49E28CA29762C9C009EEB1A /* HapitApp.swift */ = {isa = PBXFileReference; lastKnownFileType = sourcecode.swift; path = HapitApp.swift; sourceTree = "<group>"; };
		F49E28CE29762CA0009EEB1A /* Assets.xcassets */ = {isa = PBXFileReference; lastKnownFileType = folder.assetcatalog; path = Assets.xcassets; sourceTree = "<group>"; };
		F49E28D129762CA0009EEB1A /* Preview Assets.xcassets */ = {isa = PBXFileReference; lastKnownFileType = folder.assetcatalog; path = "Preview Assets.xcassets"; sourceTree = "<group>"; };
/* End PBXFileReference section */

/* Begin PBXFrameworksBuildPhase section */
		F49E28C429762C9C009EEB1A /* Frameworks */ = {
			isa = PBXFrameworksBuildPhase;
			buildActionMask = 2147483647;
			files = (
				95FAB8702991DB5100E797EA /* FirebaseStorageCombine-Community in Frameworks */,
				3CE9DFF429792FFB00E76147 /* SegmentedPicker in Frameworks */,
				95D067A1297A252B003447EA /* FirebaseFirestore in Frameworks */,
				36D4A14C2989EEBD0048309A /* FirebaseMessaging in Frameworks */,
				95FAB86E2991DB5100E797EA /* FirebaseStorage in Frameworks */,
				F4007A2329952BE900AA8919 /* GoogleSignInSwift in Frameworks */,
				F4007A212995019A00AA8919 /* GoogleSignIn in Frameworks */,
				36E1440D298CE7720044E666 /* RealmSwift in Frameworks */,
				95D067A3297A252B003447EA /* FirebaseFirestoreSwift in Frameworks */,
				F47BA154297A75EE000222EE /* FirebaseAuth in Frameworks */,
				7087FAA2E8C8D99EFC752F3E /* Pods_Hapit.framework in Frameworks */,
				36E1440B298CE7720044E666 /* Realm in Frameworks */,
				F40B9A50298827E400385014 /* KakaoSDK in Frameworks */,
			);
			runOnlyForDeploymentPostprocessing = 0;
		};
/* End PBXFrameworksBuildPhase section */

/* Begin PBXGroup section */
		2672DC2838A0CC595638793A /* Frameworks */ = {
			isa = PBXGroup;
			children = (
				B3F4F3AB62A29109F5C8B279 /* Pods_Hapit.framework */,
				36F8EC082988EBB80029B701 /* UserNotifications.framework */,
				36F8EC0A2988EBB80029B701 /* UserNotificationsUI.framework */,
			);
			name = Frameworks;
			sourceTree = "<group>";
		};
		89A963E5358D329345D77DC3 /* Pods */ = {
			isa = PBXGroup;
			children = (
				5EF260FF7D795428372CA911 /* Pods-Hapit.debug.xcconfig */,
				0C9C7D2CE76DAFB6CDD8A4EC /* Pods-Hapit.release.xcconfig */,
			);
			path = Pods;
			sourceTree = "<group>";
		};
		F33D28902A233F8D00B6B205 /* Sources */ = {
			isa = PBXGroup;
			children = (
				F49E28CA29762C9C009EEB1A /* HapitApp.swift */,
				3C5CAA95298C8FEC007C3EAA /* ContentView.swift */,
				F33D28912A233F8D00B6B205 /* ViewModel */,
				F33D28A32A233F8D00B6B205 /* Configuration */,
				F33D28A52A233F8D00B6B205 /* Extension */,
				F33D28A92A233F8D00B6B205 /* Errors */,
				F33D28AB2A233F8D00B6B205 /* Model */,
				F33D28BA2A233F8D00B6B205 /* View */,
				F33D29092A233F8D00B6B205 /* Protocols */,
			);
			path = Sources;
			sourceTree = "<group>";
		};
		F33D28912A233F8D00B6B205 /* ViewModel */ = {
			isa = PBXGroup;
			children = (
				F33D28922A233F8D00B6B205 /* KeyboardManager.swift */,
				F33D28932A233F8D00B6B205 /* UserInfoManager.swift */,
				F33D28942A233F8D00B6B205 /* HabitManager.swift */,
				F33D28952A233F8D00B6B205 /* LocalNotificationManager.swift */,
				F33D28962A233F8D00B6B205 /* FCMManager.swift */,
				F33D28972A233F8D00B6B205 /* MessageManager.swift */,
				F33D28982A233F8D00B6B205 /* SignInManger */,
				F33D289F2A233F8D00B6B205 /* AuthManager.swift */,
				F33D28A02A233F8D00B6B205 /* ModalManager.swift */,
				F33D28A12A233F8D00B6B205 /* NewAuthManager.swift */,
				F33D28A22A233F8D00B6B205 /* BadgeManager.swift */,
			);
			path = ViewModel;
			sourceTree = "<group>";
		};
		F33D28982A233F8D00B6B205 /* SignInManger */ = {
			isa = PBXGroup;
			children = (
				F33D28992A233F8D00B6B205 /* SignInTypes */,
				F33D289E2A233F8D00B6B205 /* SignInManager.swift */,
			);
			path = SignInManger;
			sourceTree = "<group>";
		};
		F33D28992A233F8D00B6B205 /* SignInTypes */ = {
			isa = PBXGroup;
			children = (
				F33D289A2A233F8D00B6B205 /* KakaoSignInManager.swift */,
				F33D289B2A233F8D00B6B205 /* AppleSignInManager.swift */,
				F33D289C2A233F8D00B6B205 /* GoogleSignInManager.swift */,
				F33D289D2A233F8D00B6B205 /* NormalSignInManager.swift */,
			);
			path = SignInTypes;
			sourceTree = "<group>";
		};
		F33D28A32A233F8D00B6B205 /* Configuration */ = {
			isa = PBXGroup;
			children = (
				F33D28A42A233F8D00B6B205 /* Screen.swift */,
			);
			path = Configuration;
			sourceTree = "<group>";
		};
		F33D28A52A233F8D00B6B205 /* Extension */ = {
			isa = PBXGroup;
			children = (
				F33D28A62A233F8D00B6B205 /* NavigationBarColor.swift */,
				F33D28A72A233F8D00B6B205 /* AppleSignInManagerExtension.swift */,
				F33D28A82A233F8D00B6B205 /* View+ShakeEffect.swift */,
			);
			path = Extension;
			sourceTree = "<group>";
		};
		F33D28A92A233F8D00B6B205 /* Errors */ = {
			isa = PBXGroup;
			children = (
				F33D28AA2A233F8D00B6B205 /* SignInError.swift */,
			);
			path = "\U0010Errors";
			sourceTree = "<group>";
		};
		F33D28AB2A233F8D00B6B205 /* Model */ = {
			isa = PBXGroup;
			children = (
				F33D28AC2A233F8D00B6B205 /* HapitPushInfo.swift */,
				F33D28AD2A233F8D00B6B205 /* DateValue.swift */,
				F33D28AE2A233F8D00B6B205 /* Modal.swift */,
				F33D28AF2A233F8D00B6B205 /* LocalChallenge.swift */,
				F33D28B02A233F8D00B6B205 /* Message.swift */,
				F33D28B12A233F8D00B6B205 /* Challenge.swift */,
				F33D28B22A233F8D00B6B205 /* RemoteNotification.swift */,
				F33D28B32A233F8D00B6B205 /* Jelly.swift */,
				F33D28B42A233F8D00B6B205 /* LocalNotification.swift */,
				F33D28B52A233F8D00B6B205 /* User.swift */,
				F33D28B62A233F8D00B6B205 /* ChallengeFriends.swift */,
				F33D28B72A233F8D00B6B205 /* Post.swift */,
				F33D28B82A233F8D00B6B205 /* Dairy.swift */,
				F33D28B92A233F8D00B6B205 /* Badge.swift */,
			);
			path = Model;
			sourceTree = "<group>";
		};
		F33D28BA2A233F8D00B6B205 /* View */ = {
			isa = PBXGroup;
			children = (
				F33D28BB2A233F8D00B6B205 /* HomeTab */,
				F33D28D82A233F8D00B6B205 /* SocialTab */,
				F33D28E12A233F8D00B6B205 /* MyPageTab */,
				F33D28F22A233F8D00B6B205 /* LogIn */,
			);
			path = View;
			sourceTree = "<group>";
		};
		F33D28BB2A233F8D00B6B205 /* HomeTab */ = {
			isa = PBXGroup;
			children = (
				F33D28BC2A233F8D00B6B205 /* CellSkeletonView.swift */,
				F33D28BD2A233F8D00B6B205 /* HabitDetail */,
				F33D28CA2A233F8D00B6B205 /* Notification */,
				F33D28CC2A233F8D00B6B205 /* HabitCellView.swift */,
				F33D28CE2A233F8D00B6B205 /* HomeView.swift */,
				F33D28CF2A233F8D00B6B205 /* ChallengeCellView.swift */,
				F33D28D02A233F8D00B6B205 /* HabitSegmentDetailView.swift */,
				F33D28D12A233F8D00B6B205 /* EmptyCellView.swift */,
				F33D28D22A233F8D00B6B205 /* AddChallenge */,
			);
			path = HomeTab;
			sourceTree = "<group>";
		};
		F33D28BD2A233F8D00B6B205 /* HabitDetail */ = {
			isa = PBXGroup;
			children = (
				F33D28BE2A233F8D00B6B205 /* CustomAlert */,
				F33D28C12A233F8D00B6B205 /* PostModalView.swift */,
				F33D28C22A233F8D00B6B205 /* DiaryModalView.swift */,
				F33D28C32A233F8D00B6B205 /* DedicatedWriteDiaryView.swift */,
				F33D28C42A233F8D00B6B205 /* ChallengeDetailView.swift */,
				F33D28C52A233F8D00B6B205 /* CustomModal */,
				F33D28C82A233F8D00B6B205 /* WriteDiaryView.swift */,
				F33D28C92A233F8D00B6B205 /* PhotoPicker.swift */,
			);
			path = HabitDetail;
			sourceTree = "<group>";
		};
		F33D28BE2A233F8D00B6B205 /* CustomAlert */ = {
			isa = PBXGroup;
			children = (
				F33D28BF2A233F8D00B6B205 /* CustomAlertModifier.swift */,
				F33D28C02A233F8D00B6B205 /* CustomAlert.swift */,
			);
			path = CustomAlert;
			sourceTree = "<group>";
		};
		F33D28C52A233F8D00B6B205 /* CustomModal */ = {
			isa = PBXGroup;
			children = (
				F33D28C62A233F8D00B6B205 /* ModalView.swift */,
				F33D28C72A233F8D00B6B205 /* ModalAnchorView.swift */,
			);
			path = CustomModal;
			sourceTree = "<group>";
		};
		F33D28CA2A233F8D00B6B205 /* Notification */ = {
			isa = PBXGroup;
			children = (
				F33D28CB2A233F8D00B6B205 /* LocalNotificationSettingView.swift */,
			);
			path = Notification;
			sourceTree = "<group>";
		};
		F33D28D22A233F8D00B6B205 /* AddChallenge */ = {
			isa = PBXGroup;
			children = (
				F33D28D32A233F8D00B6B205 /* MateProfileView.swift */,
				F33D28D42A233F8D00B6B205 /* ChallengeFriendsView.swift */,
				F33D28D52A233F8D00B6B205 /* ChallengeFriendsCellView.swift */,
				F33D28D62A233F8D00B6B205 /* AddChallengeView.swift */,
				F33D28D72A233F8D00B6B205 /* InvitedMateView.swift */,
			);
			path = AddChallenge;
			sourceTree = "<group>";
		};
		F33D28D82A233F8D00B6B205 /* SocialTab */ = {
			isa = PBXGroup;
			children = (
				F33D28D92A233F8D00B6B205 /* EditFriendView.swift */,
				F33D28DA2A233F8D00B6B205 /* FriendChallengeView.swift */,
				F33D28DB2A233F8D00B6B205 /* MessageCellView.swift */,
				F33D28DC2A233F8D00B6B205 /* FriendChallengeCellView.swift */,
				F33D28DD2A233F8D00B6B205 /* MessageFullscreenView.swift */,
				F33D28DE2A233F8D00B6B205 /* AddFriendView.swift */,
				F33D28DF2A233F8D00B6B205 /* FriendsEditRow.swift */,
				F33D28E02A233F8D00B6B205 /* SocialView.swift */,
			);
			path = SocialTab;
			sourceTree = "<group>";
		};
		F33D28E12A233F8D00B6B205 /* MyPageTab */ = {
			isa = PBXGroup;
			children = (
				F33D28E22A233F8D00B6B205 /* Option */,
				F33D28E72A233F8D00B6B205 /* Profile */,
				F33D28EB2A233F8D00B6B205 /* Reward */,
				F33D28F12A233F8D00B6B205 /* MyPageView.swift */,
			);
			path = MyPageTab;
			sourceTree = "<group>";
		};
		F33D28E22A233F8D00B6B205 /* Option */ = {
			isa = PBXGroup;
			children = (
				F33D28E32A233F8D00B6B205 /* AboutHapitView.swift */,
				F33D28E42A233F8D00B6B205 /* OptionView.swift */,
				F33D28E52A233F8D00B6B205 /* AccountView.swift */,
				F33D28E62A233F8D00B6B205 /* MakersView.swift */,
			);
			path = Option;
			sourceTree = "<group>";
		};
		F33D28E72A233F8D00B6B205 /* Profile */ = {
			isa = PBXGroup;
			children = (
				F33D28E82A233F8D00B6B205 /* ProfileCellView.swift */,
				F33D28E92A233F8D00B6B205 /* NicknameModalView.swift */,
				F33D28EA2A233F8D00B6B205 /* BearModalView.swift */,
			);
			path = Profile;
			sourceTree = "<group>";
		};
		F33D28EB2A233F8D00B6B205 /* Reward */ = {
			isa = PBXGroup;
			children = (
				F33D28EC2A233F8D00B6B205 /* RewardView.swift */,
				F33D28ED2A233F8D00B6B205 /* JellyGridView.swift */,
				F33D28EE2A233F8D00B6B205 /* JellyConfetti.swift */,
				F33D28EF2A233F8D00B6B205 /* JellyEmptyView.swift */,
				F33D28F02A233F8D00B6B205 /* JellyBadgeView.swift */,
			);
			path = Reward;
			sourceTree = "<group>";
		};
		F33D28F22A233F8D00B6B205 /* LogIn */ = {
			isa = PBXGroup;
			children = (
				F33D28F32A233F8D00B6B205 /* Social */,
				F33D28F72A233F8D00B6B205 /* Normal */,
			);
			path = LogIn;
			sourceTree = "<group>";
		};
		F33D28F32A233F8D00B6B205 /* Social */ = {
			isa = PBXGroup;
			children = (
				F33D28F42A233F8D00B6B205 /* KakaoLogIn.swift */,
				F33D28F52A233F8D00B6B205 /* AppleLogIn.swift */,
				F33D28F62A233F8D00B6B205 /* GoogleLogIn.swift */,
			);
			path = Social;
			sourceTree = "<group>";
		};
		F33D28F72A233F8D00B6B205 /* Normal */ = {
			isa = PBXGroup;
			children = (
				F33D28F82A233F8D00B6B205 /* LogInView.swift */,
				F33D28F92A233F8D00B6B205 /* SignUp */,
				F33D29052A233F8D00B6B205 /* ToS */,
			);
			path = Normal;
			sourceTree = "<group>";
		};
		F33D28F92A233F8D00B6B205 /* SignUp */ = {
			isa = PBXGroup;
			children = (
				F33D28FA2A233F8D00B6B205 /* ToSView.swift */,
				F33D28FB2A233F8D00B6B205 /* GetStartView.swift */,
				F33D28FC2A233F8D00B6B205 /* StepBar */,
				F33D29002A233F8D00B6B205 /* RegisterView.swift */,
				F33D29012A233F8D00B6B205 /* GuideText */,
			);
			path = SignUp;
			sourceTree = "<group>";
		};
		F33D28FC2A233F8D00B6B205 /* StepBar */ = {
			isa = PBXGroup;
			children = (
				F33D28FD2A233F8D00B6B205 /* StepBar_15.swift */,
				F33D28FE2A233F8D00B6B205 /* StepBar.swift */,
				F33D28FF2A233F8D00B6B205 /* StepBar_16.swift */,
			);
			path = StepBar;
			sourceTree = "<group>";
		};
		F33D29012A233F8D00B6B205 /* GuideText */ = {
			isa = PBXGroup;
			children = (
				F33D29022A233F8D00B6B205 /* GetStartGuideText.swift */,
				F33D29032A233F8D00B6B205 /* ToSGuideText.swift */,
				F33D29042A233F8D00B6B205 /* RegisterGuideText.swift */,
			);
			path = GuideText;
			sourceTree = "<group>";
		};
		F33D29052A233F8D00B6B205 /* ToS */ = {
			isa = PBXGroup;
			children = (
				F33D29062A233F8D00B6B205 /* PrivateToS.swift */,
				F33D29072A233F8D00B6B205 /* ServiceToS.swift */,
				F33D29082A233F8D00B6B205 /* ADToS.swift */,
			);
			path = ToS;
			sourceTree = "<group>";
		};
		F33D29092A233F8D00B6B205 /* Protocols */ = {
			isa = PBXGroup;
			children = (
				F33D290A2A233F8D00B6B205 /* SignProtocol.swift */,
			);
			path = Protocols;
			sourceTree = "<group>";
		};
		F33D290B2A233F8D00B6B205 /* Resources */ = {
			isa = PBXGroup;
			children = (
				F49E28D029762CA0009EEB1A /* Preview Content */,
				F49E28CE29762CA0009EEB1A /* Assets.xcassets */,
				F33D290C2A233F8D00B6B205 /* Font */,
			);
			path = Resources;
			sourceTree = "<group>";
		};
		F33D290C2A233F8D00B6B205 /* Font */ = {
			isa = PBXGroup;
			children = (
				F33D290D2A233F8D00B6B205 /* IM_Hyemin-Regular.ttf */,
				F33D290E2A233F8D00B6B205 /* IM_Hyemin-Bold.ttf */,
			);
			path = Font;
			sourceTree = "<group>";
		};
		F3AF94EC2A262A2600A0F584 /* Supports */ = {
			isa = PBXGroup;
			children = (
				36F8EC022988D6F70029B701 /* Hapit.entitlements */,
				F3AF94EE2A262A2600A0F584 /* Info.plist */,
			);
			path = Supports;
			sourceTree = "<group>";
		};
		F49E28BE29762C9B009EEB1A = {
			isa = PBXGroup;
			children = (
				C5706F1429878730001300F5 /* .swiftlint.yml */,
				F49E28C929762C9C009EEB1A /* Hapit */,
				F49E28C829762C9C009EEB1A /* Products */,
				89A963E5358D329345D77DC3 /* Pods */,
				2672DC2838A0CC595638793A /* Frameworks */,
			);
			sourceTree = "<group>";
		};
		F49E28C829762C9C009EEB1A /* Products */ = {
			isa = PBXGroup;
			children = (
				F49E28C729762C9C009EEB1A /* Hapit.app */,
			);
			name = Products;
			sourceTree = "<group>";
		};
		F49E28C929762C9C009EEB1A /* Hapit */ = {
			isa = PBXGroup;
			children = (
				F3AF94EC2A262A2600A0F584 /* Supports */,
				F33D290B2A233F8D00B6B205 /* Resources */,
				F33D28902A233F8D00B6B205 /* Sources */,
			);
			path = Hapit;
			sourceTree = "<group>";
		};
		F49E28D029762CA0009EEB1A /* Preview Content */ = {
			isa = PBXGroup;
			children = (
				F49E28D129762CA0009EEB1A /* Preview Assets.xcassets */,
			);
			path = "Preview Content";
			sourceTree = "<group>";
		};
/* End PBXGroup section */

/* Begin PBXNativeTarget section */
		F49E28C629762C9C009EEB1A /* Hapit */ = {
			isa = PBXNativeTarget;
			buildConfigurationList = F49E28D529762CA0009EEB1A /* Build configuration list for PBXNativeTarget "Hapit" */;
			buildPhases = (
				48D82DE241EBBDCB13EED8D8 /* [CP] Check Pods Manifest.lock */,
				F49E28C329762C9C009EEB1A /* Sources */,
				F49E28C429762C9C009EEB1A /* Frameworks */,
				F49E28C529762C9C009EEB1A /* Resources */,
				C548298B2987633E000C743E /* ShellScript */,
				36F8EC162988EBB80029B701 /* Embed Foundation Extensions */,
			);
			buildRules = (
			);
			dependencies = (
			);
			name = Hapit;
			packageProductDependencies = (
				3CE9DFF329792FFB00E76147 /* SegmentedPicker */,
				95D067A0297A252B003447EA /* FirebaseFirestore */,
				95D067A2297A252B003447EA /* FirebaseFirestoreSwift */,
				F47BA153297A75EE000222EE /* FirebaseAuth */,
				F40B9A4F298827E400385014 /* KakaoSDK */,
				36D4A14B2989EEBD0048309A /* FirebaseMessaging */,
				36E1440A298CE7720044E666 /* Realm */,
				36E1440C298CE7720044E666 /* RealmSwift */,
				95FAB86D2991DB5100E797EA /* FirebaseStorage */,
				95FAB86F2991DB5100E797EA /* FirebaseStorageCombine-Community */,
				F4007A202995019A00AA8919 /* GoogleSignIn */,
				F4007A2229952BE900AA8919 /* GoogleSignInSwift */,
			);
			productName = Hapit;
			productReference = F49E28C729762C9C009EEB1A /* Hapit.app */;
			productType = "com.apple.product-type.application";
		};
/* End PBXNativeTarget section */

/* Begin PBXProject section */
		F49E28BF29762C9B009EEB1A /* Project object */ = {
			isa = PBXProject;
			attributes = {
				BuildIndependentTargetsInParallel = 1;
				LastSwiftUpdateCheck = 1420;
				LastUpgradeCheck = 1420;
				TargetAttributes = {
					F49E28C629762C9C009EEB1A = {
						CreatedOnToolsVersion = 14.2;
					};
				};
			};
			buildConfigurationList = F49E28C229762C9B009EEB1A /* Build configuration list for PBXProject "Hapit" */;
			compatibilityVersion = "Xcode 14.0";
			developmentRegion = en;
			hasScannedForEncodings = 0;
			knownRegions = (
				en,
				Base,
			);
			mainGroup = F49E28BE29762C9B009EEB1A;
			packageReferences = (
				3CE9DFF229792FFB00E76147 /* XCRemoteSwiftPackageReference "SwiftySegmentedPicker" */,
				95D0679F297A252B003447EA /* XCRemoteSwiftPackageReference "firebase-ios-sdk" */,
				F40B9A4E298827E400385014 /* XCRemoteSwiftPackageReference "kakao-ios-sdk" */,
				36E14409298CE7720044E666 /* XCRemoteSwiftPackageReference "realm-swift" */,
				F4007A1F2995019900AA8919 /* XCRemoteSwiftPackageReference "GoogleSignIn-iOS" */,
			);
			productRefGroup = F49E28C829762C9C009EEB1A /* Products */;
			projectDirPath = "";
			projectRoot = "";
			targets = (
				F49E28C629762C9C009EEB1A /* Hapit */,
			);
		};
/* End PBXProject section */

/* Begin PBXResourcesBuildPhase section */
		F49E28C529762C9C009EEB1A /* Resources */ = {
			isa = PBXResourcesBuildPhase;
			buildActionMask = 2147483647;
			files = (
				F49E28D229762CA0009EEB1A /* Preview Assets.xcassets in Resources */,
				F49E28CF29762CA0009EEB1A /* Assets.xcassets in Resources */,
				C5706F1529878730001300F5 /* .swiftlint.yml in Resources */,
				F33D296E2A233F8D00B6B205 /* IM_Hyemin-Regular.ttf in Resources */,
				F33D296F2A233F8D00B6B205 /* IM_Hyemin-Bold.ttf in Resources */,
			);
			runOnlyForDeploymentPostprocessing = 0;
		};
/* End PBXResourcesBuildPhase section */

/* Begin PBXShellScriptBuildPhase section */
		48D82DE241EBBDCB13EED8D8 /* [CP] Check Pods Manifest.lock */ = {
			isa = PBXShellScriptBuildPhase;
			buildActionMask = 2147483647;
			files = (
			);
			inputFileListPaths = (
			);
			inputPaths = (
				"${PODS_PODFILE_DIR_PATH}/Podfile.lock",
				"${PODS_ROOT}/Manifest.lock",
			);
			name = "[CP] Check Pods Manifest.lock";
			outputFileListPaths = (
			);
			outputPaths = (
				"$(DERIVED_FILE_DIR)/Pods-Hapit-checkManifestLockResult.txt",
			);
			runOnlyForDeploymentPostprocessing = 0;
			shellPath = /bin/sh;
			shellScript = "diff \"${PODS_PODFILE_DIR_PATH}/Podfile.lock\" \"${PODS_ROOT}/Manifest.lock\" > /dev/null\nif [ $? != 0 ] ; then\n    # print error to STDERR\n    echo \"error: The sandbox is not in sync with the Podfile.lock. Run 'pod install' or update your CocoaPods installation.\" >&2\n    exit 1\nfi\n# This output is used by Xcode 'outputs' to avoid re-running this script phase.\necho \"SUCCESS\" > \"${SCRIPT_OUTPUT_FILE_0}\"\n";
			showEnvVarsInLog = 0;
		};
		C548298B2987633E000C743E /* ShellScript */ = {
			isa = PBXShellScriptBuildPhase;
			alwaysOutOfDate = 1;
			buildActionMask = 2147483647;
			files = (
			);
			inputFileListPaths = (
			);
			inputPaths = (
			);
			outputFileListPaths = (
			);
			outputPaths = (
			);
			runOnlyForDeploymentPostprocessing = 0;
			shellPath = /bin/sh;
			shellScript = "${PODS_ROOT}/SwiftLint/swiftlint\n";
		};
/* End PBXShellScriptBuildPhase section */

/* Begin PBXSourcesBuildPhase section */
		F49E28C329762C9C009EEB1A /* Sources */ = {
			isa = PBXSourcesBuildPhase;
			buildActionMask = 2147483647;
			files = (
				F33D29232A233F8D00B6B205 /* HapitPushInfo.swift in Sources */,
				F33D29372A233F8D00B6B205 /* ChallengeDetailView.swift in Sources */,
				F33D29472A233F8D00B6B205 /* InvitedMateView.swift in Sources */,
				F33D29462A233F8D00B6B205 /* AddChallengeView.swift in Sources */,
				F33D29522A233F8D00B6B205 /* AccountView.swift in Sources */,
				F33D295A2A233F8D00B6B205 /* JellyEmptyView.swift in Sources */,
				F33D29682A233F8D00B6B205 /* ToSGuideText.swift in Sources */,
				F33D29142A233F8D00B6B205 /* MessageManager.swift in Sources */,
				F33D29392A233F8D00B6B205 /* ModalAnchorView.swift in Sources */,
				F33D29352A233F8D00B6B205 /* DiaryModalView.swift in Sources */,
				F33D29122A233F8D00B6B205 /* LocalNotificationManager.swift in Sources */,
				F33D29552A233F8D00B6B205 /* NicknameModalView.swift in Sources */,
				F33D293C2A233F8D00B6B205 /* LocalNotificationSettingView.swift in Sources */,
				F33D29582A233F8D00B6B205 /* JellyGridView.swift in Sources */,
				F33D296D2A233F8D00B6B205 /* SignProtocol.swift in Sources */,
				F33D296A2A233F8D00B6B205 /* PrivateToS.swift in Sources */,
				F33D291C2A233F8D00B6B205 /* NewAuthManager.swift in Sources */,
				F33D29402A233F8D00B6B205 /* ChallengeCellView.swift in Sources */,
				F33D292B2A233F8D00B6B205 /* LocalNotification.swift in Sources */,
				F33D294A2A233F8D00B6B205 /* MessageCellView.swift in Sources */,
				F33D29112A233F8D00B6B205 /* HabitManager.swift in Sources */,
				F33D29632A233F8D00B6B205 /* StepBar_15.swift in Sources */,
				F33D29192A233F8D00B6B205 /* SignInManager.swift in Sources */,
				F33D291A2A233F8D00B6B205 /* AuthManager.swift in Sources */,
				F33D29532A233F8D00B6B205 /* MakersView.swift in Sources */,
				F33D291B2A233F8D00B6B205 /* ModalManager.swift in Sources */,
				F33D290F2A233F8D00B6B205 /* KeyboardManager.swift in Sources */,
				F33D291E2A233F8D00B6B205 /* Screen.swift in Sources */,
				F33D29362A233F8D00B6B205 /* DedicatedWriteDiaryView.swift in Sources */,
				F33D29312A233F8D00B6B205 /* CellSkeletonView.swift in Sources */,
				95397CC2298C8FD400D3B7DB /* (null) in Sources */,
				F33D29132A233F8D00B6B205 /* FCMManager.swift in Sources */,
				F33D29622A233F8D00B6B205 /* GetStartView.swift in Sources */,
				F33D29162A233F8D00B6B205 /* AppleSignInManager.swift in Sources */,
				F33D29412A233F8D00B6B205 /* HabitSegmentDetailView.swift in Sources */,
				F33D29322A233F8D00B6B205 /* CustomAlertModifier.swift in Sources */,
				F33D29642A233F8D00B6B205 /* StepBar.swift in Sources */,
				F33D29452A233F8D00B6B205 /* ChallengeFriendsCellView.swift in Sources */,
				F33D293B2A233F8D00B6B205 /* PhotoPicker.swift in Sources */,
				F33D294F2A233F8D00B6B205 /* SocialView.swift in Sources */,
				F33D29652A233F8D00B6B205 /* StepBar_16.swift in Sources */,
				F33D29562A233F8D00B6B205 /* BearModalView.swift in Sources */,
				F33D29272A233F8D00B6B205 /* Message.swift in Sources */,
				F33D29292A233F8D00B6B205 /* RemoteNotification.swift in Sources */,
				F33D29422A233F8D00B6B205 /* EmptyCellView.swift in Sources */,
				F33D29102A233F8D00B6B205 /* UserInfoManager.swift in Sources */,
				F33D29202A233F8D00B6B205 /* AppleSignInManagerExtension.swift in Sources */,
				F33D296B2A233F8D00B6B205 /* ServiceToS.swift in Sources */,
				F33D29672A233F8D00B6B205 /* GetStartGuideText.swift in Sources */,
				F33D29482A233F8D00B6B205 /* EditFriendView.swift in Sources */,
				F33D29262A233F8D00B6B205 /* LocalChallenge.swift in Sources */,
				F33D29382A233F8D00B6B205 /* ModalView.swift in Sources */,
				F33D29592A233F8D00B6B205 /* JellyConfetti.swift in Sources */,
				F33D292F2A233F8D00B6B205 /* Dairy.swift in Sources */,
				F33D29492A233F8D00B6B205 /* FriendChallengeView.swift in Sources */,
				F33D292E2A233F8D00B6B205 /* Post.swift in Sources */,
				F33D292D2A233F8D00B6B205 /* ChallengeFriends.swift in Sources */,
				F33D29182A233F8D00B6B205 /* NormalSignInManager.swift in Sources */,
				F33D294C2A233F8D00B6B205 /* MessageFullscreenView.swift in Sources */,
				F33D29342A233F8D00B6B205 /* PostModalView.swift in Sources */,
				F33D29432A233F8D00B6B205 /* MateProfileView.swift in Sources */,
				F33D294B2A233F8D00B6B205 /* FriendChallengeCellView.swift in Sources */,
				F33D29172A233F8D00B6B205 /* GoogleSignInManager.swift in Sources */,
				F33D29442A233F8D00B6B205 /* ChallengeFriendsView.swift in Sources */,
				F33D292A2A233F8D00B6B205 /* Jelly.swift in Sources */,
				F33D29302A233F8D00B6B205 /* Badge.swift in Sources */,
				F33D296C2A233F8D00B6B205 /* ADToS.swift in Sources */,
				F33D295C2A233F8D00B6B205 /* MyPageView.swift in Sources */,
				F33D291F2A233F8D00B6B205 /* NavigationBarColor.swift in Sources */,
				F33D295B2A233F8D00B6B205 /* JellyBadgeView.swift in Sources */,
				F33D29152A233F8D00B6B205 /* KakaoSignInManager.swift in Sources */,
				F33D29242A233F8D00B6B205 /* DateValue.swift in Sources */,
				F33D293F2A233F8D00B6B205 /* HomeView.swift in Sources */,
				F33D29222A233F8D00B6B205 /* SignInError.swift in Sources */,
				F33D295E2A233F8D00B6B205 /* AppleLogIn.swift in Sources */,
				F33D29512A233F8D00B6B205 /* OptionView.swift in Sources */,
				F33D29212A233F8D00B6B205 /* View+ShakeEffect.swift in Sources */,
				F49E28CB29762C9C009EEB1A /* HapitApp.swift in Sources */,
				F33D29542A233F8D00B6B205 /* ProfileCellView.swift in Sources */,
				F33D294E2A233F8D00B6B205 /* FriendsEditRow.swift in Sources */,
				F33D29282A233F8D00B6B205 /* Challenge.swift in Sources */,
				F33D293D2A233F8D00B6B205 /* HabitCellView.swift in Sources */,
				F33D295D2A233F8D00B6B205 /* KakaoLogIn.swift in Sources */,
				3C5CAA96298C8FEC007C3EAA /* ContentView.swift in Sources */,
				F33D291D2A233F8D00B6B205 /* BadgeManager.swift in Sources */,
				F33D29252A233F8D00B6B205 /* Modal.swift in Sources */,
				F33D29502A233F8D00B6B205 /* AboutHapitView.swift in Sources */,
				F33D29662A233F8D00B6B205 /* RegisterView.swift in Sources */,
				F33D295F2A233F8D00B6B205 /* GoogleLogIn.swift in Sources */,
				F33D29612A233F8D00B6B205 /* ToSView.swift in Sources */,
				F33D29602A233F8D00B6B205 /* LogInView.swift in Sources */,
				F33D292C2A233F8D00B6B205 /* User.swift in Sources */,
				F33D29332A233F8D00B6B205 /* CustomAlert.swift in Sources */,
				F33D29692A233F8D00B6B205 /* RegisterGuideText.swift in Sources */,
				F33D294D2A233F8D00B6B205 /* AddFriendView.swift in Sources */,
				F33D29572A233F8D00B6B205 /* RewardView.swift in Sources */,
				F33D293A2A233F8D00B6B205 /* WriteDiaryView.swift in Sources */,
			);
			runOnlyForDeploymentPostprocessing = 0;
		};
/* End PBXSourcesBuildPhase section */

/* Begin XCBuildConfiguration section */
		F49E28D329762CA0009EEB1A /* Debug */ = {
			isa = XCBuildConfiguration;
			buildSettings = {
				ALWAYS_SEARCH_USER_PATHS = NO;
				CLANG_ANALYZER_NONNULL = YES;
				CLANG_ANALYZER_NUMBER_OBJECT_CONVERSION = YES_AGGRESSIVE;
				CLANG_CXX_LANGUAGE_STANDARD = "gnu++20";
				CLANG_ENABLE_MODULES = YES;
				CLANG_ENABLE_OBJC_ARC = YES;
				CLANG_ENABLE_OBJC_WEAK = YES;
				CLANG_WARN_BLOCK_CAPTURE_AUTORELEASING = YES;
				CLANG_WARN_BOOL_CONVERSION = YES;
				CLANG_WARN_COMMA = YES;
				CLANG_WARN_CONSTANT_CONVERSION = YES;
				CLANG_WARN_DEPRECATED_OBJC_IMPLEMENTATIONS = YES;
				CLANG_WARN_DIRECT_OBJC_ISA_USAGE = YES_ERROR;
				CLANG_WARN_DOCUMENTATION_COMMENTS = YES;
				CLANG_WARN_EMPTY_BODY = YES;
				CLANG_WARN_ENUM_CONVERSION = YES;
				CLANG_WARN_INFINITE_RECURSION = YES;
				CLANG_WARN_INT_CONVERSION = YES;
				CLANG_WARN_NON_LITERAL_NULL_CONVERSION = YES;
				CLANG_WARN_OBJC_IMPLICIT_RETAIN_SELF = YES;
				CLANG_WARN_OBJC_LITERAL_CONVERSION = YES;
				CLANG_WARN_OBJC_ROOT_CLASS = YES_ERROR;
				CLANG_WARN_QUOTED_INCLUDE_IN_FRAMEWORK_HEADER = YES;
				CLANG_WARN_RANGE_LOOP_ANALYSIS = YES;
				CLANG_WARN_STRICT_PROTOTYPES = YES;
				CLANG_WARN_SUSPICIOUS_MOVE = YES;
				CLANG_WARN_UNGUARDED_AVAILABILITY = YES_AGGRESSIVE;
				CLANG_WARN_UNREACHABLE_CODE = YES;
				CLANG_WARN__DUPLICATE_METHOD_MATCH = YES;
				COPY_PHASE_STRIP = NO;
				DEBUG_INFORMATION_FORMAT = dwarf;
				ENABLE_STRICT_OBJC_MSGSEND = YES;
				ENABLE_TESTABILITY = YES;
				GCC_C_LANGUAGE_STANDARD = gnu11;
				GCC_DYNAMIC_NO_PIC = NO;
				GCC_NO_COMMON_BLOCKS = YES;
				GCC_OPTIMIZATION_LEVEL = 0;
				GCC_PREPROCESSOR_DEFINITIONS = (
					"DEBUG=1",
					"$(inherited)",
				);
				GCC_WARN_64_TO_32_BIT_CONVERSION = YES;
				GCC_WARN_ABOUT_RETURN_TYPE = YES_ERROR;
				GCC_WARN_UNDECLARED_SELECTOR = YES;
				GCC_WARN_UNINITIALIZED_AUTOS = YES_AGGRESSIVE;
				GCC_WARN_UNUSED_FUNCTION = YES;
				GCC_WARN_UNUSED_VARIABLE = YES;
				IPHONEOS_DEPLOYMENT_TARGET = 15.0;
				MTL_ENABLE_DEBUG_INFO = INCLUDE_SOURCE;
				MTL_FAST_MATH = YES;
				ONLY_ACTIVE_ARCH = YES;
				SDKROOT = iphoneos;
				SWIFT_ACTIVE_COMPILATION_CONDITIONS = DEBUG;
				SWIFT_OPTIMIZATION_LEVEL = "-Onone";
			};
			name = Debug;
		};
		F49E28D429762CA0009EEB1A /* Release */ = {
			isa = XCBuildConfiguration;
			buildSettings = {
				ALWAYS_SEARCH_USER_PATHS = NO;
				CLANG_ANALYZER_NONNULL = YES;
				CLANG_ANALYZER_NUMBER_OBJECT_CONVERSION = YES_AGGRESSIVE;
				CLANG_CXX_LANGUAGE_STANDARD = "gnu++20";
				CLANG_ENABLE_MODULES = YES;
				CLANG_ENABLE_OBJC_ARC = YES;
				CLANG_ENABLE_OBJC_WEAK = YES;
				CLANG_WARN_BLOCK_CAPTURE_AUTORELEASING = YES;
				CLANG_WARN_BOOL_CONVERSION = YES;
				CLANG_WARN_COMMA = YES;
				CLANG_WARN_CONSTANT_CONVERSION = YES;
				CLANG_WARN_DEPRECATED_OBJC_IMPLEMENTATIONS = YES;
				CLANG_WARN_DIRECT_OBJC_ISA_USAGE = YES_ERROR;
				CLANG_WARN_DOCUMENTATION_COMMENTS = YES;
				CLANG_WARN_EMPTY_BODY = YES;
				CLANG_WARN_ENUM_CONVERSION = YES;
				CLANG_WARN_INFINITE_RECURSION = YES;
				CLANG_WARN_INT_CONVERSION = YES;
				CLANG_WARN_NON_LITERAL_NULL_CONVERSION = YES;
				CLANG_WARN_OBJC_IMPLICIT_RETAIN_SELF = YES;
				CLANG_WARN_OBJC_LITERAL_CONVERSION = YES;
				CLANG_WARN_OBJC_ROOT_CLASS = YES_ERROR;
				CLANG_WARN_QUOTED_INCLUDE_IN_FRAMEWORK_HEADER = YES;
				CLANG_WARN_RANGE_LOOP_ANALYSIS = YES;
				CLANG_WARN_STRICT_PROTOTYPES = YES;
				CLANG_WARN_SUSPICIOUS_MOVE = YES;
				CLANG_WARN_UNGUARDED_AVAILABILITY = YES_AGGRESSIVE;
				CLANG_WARN_UNREACHABLE_CODE = YES;
				CLANG_WARN__DUPLICATE_METHOD_MATCH = YES;
				COPY_PHASE_STRIP = NO;
				DEBUG_INFORMATION_FORMAT = "dwarf-with-dsym";
				ENABLE_NS_ASSERTIONS = NO;
				ENABLE_STRICT_OBJC_MSGSEND = YES;
				GCC_C_LANGUAGE_STANDARD = gnu11;
				GCC_NO_COMMON_BLOCKS = YES;
				GCC_WARN_64_TO_32_BIT_CONVERSION = YES;
				GCC_WARN_ABOUT_RETURN_TYPE = YES_ERROR;
				GCC_WARN_UNDECLARED_SELECTOR = YES;
				GCC_WARN_UNINITIALIZED_AUTOS = YES_AGGRESSIVE;
				GCC_WARN_UNUSED_FUNCTION = YES;
				GCC_WARN_UNUSED_VARIABLE = YES;
				IPHONEOS_DEPLOYMENT_TARGET = 15.0;
				MTL_ENABLE_DEBUG_INFO = NO;
				MTL_FAST_MATH = YES;
				SDKROOT = iphoneos;
				SWIFT_COMPILATION_MODE = wholemodule;
				SWIFT_OPTIMIZATION_LEVEL = "-O";
				VALIDATE_PRODUCT = YES;
			};
			name = Release;
		};
		F49E28D629762CA0009EEB1A /* Debug */ = {
			isa = XCBuildConfiguration;
			baseConfigurationReference = 5EF260FF7D795428372CA911 /* Pods-Hapit.debug.xcconfig */;
			buildSettings = {
				ASSETCATALOG_COMPILER_APPICON_NAME = AppIcon;
				ASSETCATALOG_COMPILER_GLOBAL_ACCENT_COLOR_NAME = AccentColor;
				CODE_SIGN_ENTITLEMENTS = Hapit/Supports/Hapit.entitlements;
				CODE_SIGN_IDENTITY = "Apple Development";
				CODE_SIGN_STYLE = Automatic;
				CURRENT_PROJECT_VERSION = 1;
				DEVELOPMENT_ASSET_PATHS = "\"Hapit/Resources/Preview Content\"";
				DEVELOPMENT_TEAM = 66PR7H87SL;
				ENABLE_PREVIEWS = YES;
				GENERATE_INFOPLIST_FILE = YES;
				INFOPLIST_FILE = Hapit/Supports/Info.plist;
				INFOPLIST_KEY_UIApplicationSceneManifest_Generation = YES;
				INFOPLIST_KEY_UIApplicationSupportsIndirectInputEvents = YES;
				INFOPLIST_KEY_UILaunchScreen_Generation = YES;
				INFOPLIST_KEY_UISupportedInterfaceOrientations_iPad = "UIInterfaceOrientationPortrait UIInterfaceOrientationPortraitUpsideDown UIInterfaceOrientationLandscapeLeft UIInterfaceOrientationLandscapeRight";
				INFOPLIST_KEY_UISupportedInterfaceOrientations_iPhone = "UIInterfaceOrientationPortrait UIInterfaceOrientationLandscapeLeft UIInterfaceOrientationLandscapeRight";
				IPHONEOS_DEPLOYMENT_TARGET = 15.0;
				LD_RUNPATH_SEARCH_PATHS = (
					"$(inherited)",
					"@executable_path/Frameworks",
				);
				MARKETING_VERSION = 1.0;
				PRODUCT_BUNDLE_IDENTIFIER = com.hapitfinal.Hapit;
				PRODUCT_NAME = "$(TARGET_NAME)";
				PROVISIONING_PROFILE_SPECIFIER = "";
				SWIFT_EMIT_LOC_STRINGS = YES;
				SWIFT_VERSION = 5.0;
				TARGETED_DEVICE_FAMILY = "1,2";
			};
			name = Debug;
		};
		F49E28D729762CA0009EEB1A /* Release */ = {
			isa = XCBuildConfiguration;
			baseConfigurationReference = 0C9C7D2CE76DAFB6CDD8A4EC /* Pods-Hapit.release.xcconfig */;
			buildSettings = {
				ASSETCATALOG_COMPILER_APPICON_NAME = AppIcon;
				ASSETCATALOG_COMPILER_GLOBAL_ACCENT_COLOR_NAME = AccentColor;
				CODE_SIGN_ENTITLEMENTS = Hapit/Supports/Hapit.entitlements;
				CODE_SIGN_IDENTITY = "Apple Development";
				CODE_SIGN_STYLE = Automatic;
				CURRENT_PROJECT_VERSION = 1;
				DEVELOPMENT_ASSET_PATHS = "\"Hapit/Resources/Preview Content\"";
				DEVELOPMENT_TEAM = 66PR7H87SL;
				ENABLE_PREVIEWS = YES;
				GENERATE_INFOPLIST_FILE = YES;
				INFOPLIST_FILE = Hapit/Supports/Info.plist;
				INFOPLIST_KEY_UIApplicationSceneManifest_Generation = YES;
				INFOPLIST_KEY_UIApplicationSupportsIndirectInputEvents = YES;
				INFOPLIST_KEY_UILaunchScreen_Generation = YES;
				INFOPLIST_KEY_UISupportedInterfaceOrientations_iPad = "UIInterfaceOrientationPortrait UIInterfaceOrientationPortraitUpsideDown UIInterfaceOrientationLandscapeLeft UIInterfaceOrientationLandscapeRight";
				INFOPLIST_KEY_UISupportedInterfaceOrientations_iPhone = "UIInterfaceOrientationPortrait UIInterfaceOrientationLandscapeLeft UIInterfaceOrientationLandscapeRight";
				IPHONEOS_DEPLOYMENT_TARGET = 15.0;
				LD_RUNPATH_SEARCH_PATHS = (
					"$(inherited)",
					"@executable_path/Frameworks",
				);
				MARKETING_VERSION = 1.0;
				PRODUCT_BUNDLE_IDENTIFIER = com.hapitfinal.Hapit;
				PRODUCT_NAME = "$(TARGET_NAME)";
				PROVISIONING_PROFILE_SPECIFIER = "";
				SWIFT_EMIT_LOC_STRINGS = YES;
				SWIFT_VERSION = 5.0;
				TARGETED_DEVICE_FAMILY = "1,2";
			};
			name = Release;
		};
/* End XCBuildConfiguration section */

/* Begin XCConfigurationList section */
		F49E28C229762C9B009EEB1A /* Build configuration list for PBXProject "Hapit" */ = {
			isa = XCConfigurationList;
			buildConfigurations = (
				F49E28D329762CA0009EEB1A /* Debug */,
				F49E28D429762CA0009EEB1A /* Release */,
			);
			defaultConfigurationIsVisible = 0;
			defaultConfigurationName = Release;
		};
		F49E28D529762CA0009EEB1A /* Build configuration list for PBXNativeTarget "Hapit" */ = {
			isa = XCConfigurationList;
			buildConfigurations = (
				F49E28D629762CA0009EEB1A /* Debug */,
				F49E28D729762CA0009EEB1A /* Release */,
			);
			defaultConfigurationIsVisible = 0;
			defaultConfigurationName = Release;
		};
/* End XCConfigurationList section */

/* Begin XCRemoteSwiftPackageReference section */
		36E14409298CE7720044E666 /* XCRemoteSwiftPackageReference "realm-swift" */ = {
			isa = XCRemoteSwiftPackageReference;
			repositoryURL = "https://github.com/realm/realm-swift.git";
			requirement = {
				branch = master;
				kind = branch;
			};
		};
		3CE9DFF229792FFB00E76147 /* XCRemoteSwiftPackageReference "SwiftySegmentedPicker" */ = {
			isa = XCRemoteSwiftPackageReference;
			repositoryURL = "https://github.com/KazaiMazai/SwiftySegmentedPicker.git";
			requirement = {
				kind = upToNextMajorVersion;
				minimumVersion = 0.0.2;
			};
		};
		95D0679F297A252B003447EA /* XCRemoteSwiftPackageReference "firebase-ios-sdk" */ = {
			isa = XCRemoteSwiftPackageReference;
			repositoryURL = "https://github.com/firebase/firebase-ios-sdk";
			requirement = {
				branch = master;
				kind = branch;
			};
		};
		F4007A1F2995019900AA8919 /* XCRemoteSwiftPackageReference "GoogleSignIn-iOS" */ = {
			isa = XCRemoteSwiftPackageReference;
			repositoryURL = "https://github.com/google/GoogleSignIn-iOS";
			requirement = {
				kind = upToNextMajorVersion;
				minimumVersion = 7.0.0;
			};
		};
		F40B9A4E298827E400385014 /* XCRemoteSwiftPackageReference "kakao-ios-sdk" */ = {
			isa = XCRemoteSwiftPackageReference;
			repositoryURL = "https://github.com/kakao/kakao-ios-sdk";
			requirement = {
				kind = upToNextMajorVersion;
				minimumVersion = 2.0.0;
			};
		};
/* End XCRemoteSwiftPackageReference section */

/* Begin XCSwiftPackageProductDependency section */
		36D4A14B2989EEBD0048309A /* FirebaseMessaging */ = {
			isa = XCSwiftPackageProductDependency;
			package = 95D0679F297A252B003447EA /* XCRemoteSwiftPackageReference "firebase-ios-sdk" */;
			productName = FirebaseMessaging;
		};
		36E1440A298CE7720044E666 /* Realm */ = {
			isa = XCSwiftPackageProductDependency;
			package = 36E14409298CE7720044E666 /* XCRemoteSwiftPackageReference "realm-swift" */;
			productName = Realm;
		};
		36E1440C298CE7720044E666 /* RealmSwift */ = {
			isa = XCSwiftPackageProductDependency;
			package = 36E14409298CE7720044E666 /* XCRemoteSwiftPackageReference "realm-swift" */;
			productName = RealmSwift;
		};
		3CE9DFF329792FFB00E76147 /* SegmentedPicker */ = {
			isa = XCSwiftPackageProductDependency;
			package = 3CE9DFF229792FFB00E76147 /* XCRemoteSwiftPackageReference "SwiftySegmentedPicker" */;
			productName = SegmentedPicker;
		};
		95D067A0297A252B003447EA /* FirebaseFirestore */ = {
			isa = XCSwiftPackageProductDependency;
			package = 95D0679F297A252B003447EA /* XCRemoteSwiftPackageReference "firebase-ios-sdk" */;
			productName = FirebaseFirestore;
		};
		95D067A2297A252B003447EA /* FirebaseFirestoreSwift */ = {
			isa = XCSwiftPackageProductDependency;
			package = 95D0679F297A252B003447EA /* XCRemoteSwiftPackageReference "firebase-ios-sdk" */;
			productName = FirebaseFirestoreSwift;
		};
		95FAB86D2991DB5100E797EA /* FirebaseStorage */ = {
			isa = XCSwiftPackageProductDependency;
			package = 95D0679F297A252B003447EA /* XCRemoteSwiftPackageReference "firebase-ios-sdk" */;
			productName = FirebaseStorage;
		};
		95FAB86F2991DB5100E797EA /* FirebaseStorageCombine-Community */ = {
			isa = XCSwiftPackageProductDependency;
			package = 95D0679F297A252B003447EA /* XCRemoteSwiftPackageReference "firebase-ios-sdk" */;
			productName = "FirebaseStorageCombine-Community";
		};
		F4007A202995019A00AA8919 /* GoogleSignIn */ = {
			isa = XCSwiftPackageProductDependency;
			package = F4007A1F2995019900AA8919 /* XCRemoteSwiftPackageReference "GoogleSignIn-iOS" */;
			productName = GoogleSignIn;
		};
		F4007A2229952BE900AA8919 /* GoogleSignInSwift */ = {
			isa = XCSwiftPackageProductDependency;
			package = F4007A1F2995019900AA8919 /* XCRemoteSwiftPackageReference "GoogleSignIn-iOS" */;
			productName = GoogleSignInSwift;
		};
		F40B9A4F298827E400385014 /* KakaoSDK */ = {
			isa = XCSwiftPackageProductDependency;
			package = F40B9A4E298827E400385014 /* XCRemoteSwiftPackageReference "kakao-ios-sdk" */;
			productName = KakaoSDK;
		};
		F47BA153297A75EE000222EE /* FirebaseAuth */ = {
			isa = XCSwiftPackageProductDependency;
			package = 95D0679F297A252B003447EA /* XCRemoteSwiftPackageReference "firebase-ios-sdk" */;
			productName = FirebaseAuth;
		};
/* End XCSwiftPackageProductDependency section */
	};
	rootObject = F49E28BF29762C9B009EEB1A /* Project object */;
}
