// !$*UTF8*$!
{
	archiveVersion = 1;
	classes = {
	};
	objectVersion = 56;
	objects = {

/* Begin PBXBuildFile section */
		F49E28CB29762C9C009EEB1A /* HapitApp.swift in Sources */ = {isa = PBXBuildFile; fileRef = F49E28CA29762C9C009EEB1A /* HapitApp.swift */; };
		F49E28CD29762C9C009EEB1A /* ContentView.swift in Sources */ = {isa = PBXBuildFile; fileRef = F49E28CC29762C9C009EEB1A /* ContentView.swift */; };
		F49E28CF29762CA0009EEB1A /* Assets.xcassets in Resources */ = {isa = PBXBuildFile; fileRef = F49E28CE29762CA0009EEB1A /* Assets.xcassets */; };
		F49E28D229762CA0009EEB1A /* Preview Assets.xcassets in Resources */ = {isa = PBXBuildFile; fileRef = F49E28D129762CA0009EEB1A /* Preview Assets.xcassets */; };
		F49E28DC297633A7009EEB1A /* LogInView.swift in Sources */ = {isa = PBXBuildFile; fileRef = F49E28DB297633A7009EEB1A /* LogInView.swift */; };
		F49E28DE297633D1009EEB1A /* KakaoLogIn.swift in Sources */ = {isa = PBXBuildFile; fileRef = F49E28DD297633D1009EEB1A /* KakaoLogIn.swift */; };
		F49E28E1297639C6009EEB1A /* GoogleLogIn.swift in Sources */ = {isa = PBXBuildFile; fileRef = F49E28E0297639C6009EEB1A /* GoogleLogIn.swift */; };
		F49E28E3297639D3009EEB1A /* AppleLogIn.swift in Sources */ = {isa = PBXBuildFile; fileRef = F49E28E2297639D3009EEB1A /* AppleLogIn.swift */; };
		F49E28E5297639F4009EEB1A /* SignUpView.swift in Sources */ = {isa = PBXBuildFile; fileRef = F49E28E4297639F4009EEB1A /* SignUpView.swift */; };
		F49E28E929765DFA009EEB1A /* ToSView.swift in Sources */ = {isa = PBXBuildFile; fileRef = F49E28E829765DFA009EEB1A /* ToSView.swift */; };
		F49E28EC29766335009EEB1A /* ServiceToS.swift in Sources */ = {isa = PBXBuildFile; fileRef = F49E28EB29766335009EEB1A /* ServiceToS.swift */; };
		F49E28EE29766500009EEB1A /* PrivateToS.swift in Sources */ = {isa = PBXBuildFile; fileRef = F49E28ED29766500009EEB1A /* PrivateToS.swift */; };
		F49E28F229767F45009EEB1A /* ADToS.swift in Sources */ = {isa = PBXBuildFile; fileRef = F49E28F129767F45009EEB1A /* ADToS.swift */; };
/* End PBXBuildFile section */

/* Begin PBXFileReference section */
		F49E28C729762C9C009EEB1A /* Hapit.app */ = {isa = PBXFileReference; explicitFileType = wrapper.application; includeInIndex = 0; path = Hapit.app; sourceTree = BUILT_PRODUCTS_DIR; };
		F49E28CA29762C9C009EEB1A /* HapitApp.swift */ = {isa = PBXFileReference; lastKnownFileType = sourcecode.swift; path = HapitApp.swift; sourceTree = "<group>"; };
		F49E28CC29762C9C009EEB1A /* ContentView.swift */ = {isa = PBXFileReference; lastKnownFileType = sourcecode.swift; path = ContentView.swift; sourceTree = "<group>"; };
		F49E28CE29762CA0009EEB1A /* Assets.xcassets */ = {isa = PBXFileReference; lastKnownFileType = folder.assetcatalog; path = Assets.xcassets; sourceTree = "<group>"; };
		F49E28D129762CA0009EEB1A /* Preview Assets.xcassets */ = {isa = PBXFileReference; lastKnownFileType = folder.assetcatalog; path = "Preview Assets.xcassets"; sourceTree = "<group>"; };
		F49E28DB297633A7009EEB1A /* LogInView.swift */ = {isa = PBXFileReference; lastKnownFileType = sourcecode.swift; path = LogInView.swift; sourceTree = "<group>"; };
		F49E28DD297633D1009EEB1A /* KakaoLogIn.swift */ = {isa = PBXFileReference; lastKnownFileType = sourcecode.swift; path = KakaoLogIn.swift; sourceTree = "<group>"; };
		F49E28E0297639C6009EEB1A /* GoogleLogIn.swift */ = {isa = PBXFileReference; lastKnownFileType = sourcecode.swift; path = GoogleLogIn.swift; sourceTree = "<group>"; };
		F49E28E2297639D3009EEB1A /* AppleLogIn.swift */ = {isa = PBXFileReference; lastKnownFileType = sourcecode.swift; path = AppleLogIn.swift; sourceTree = "<group>"; };
		F49E28E4297639F4009EEB1A /* SignUpView.swift */ = {isa = PBXFileReference; lastKnownFileType = sourcecode.swift; path = SignUpView.swift; sourceTree = "<group>"; };
		F49E28E829765DFA009EEB1A /* ToSView.swift */ = {isa = PBXFileReference; lastKnownFileType = sourcecode.swift; path = ToSView.swift; sourceTree = "<group>"; };
		F49E28EB29766335009EEB1A /* ServiceToS.swift */ = {isa = PBXFileReference; lastKnownFileType = sourcecode.swift; path = ServiceToS.swift; sourceTree = "<group>"; };
		F49E28ED29766500009EEB1A /* PrivateToS.swift */ = {isa = PBXFileReference; lastKnownFileType = sourcecode.swift; path = PrivateToS.swift; sourceTree = "<group>"; };
		F49E28F129767F45009EEB1A /* ADToS.swift */ = {isa = PBXFileReference; lastKnownFileType = sourcecode.swift; path = ADToS.swift; sourceTree = "<group>"; };
/* End PBXFileReference section */

/* Begin PBXFrameworksBuildPhase section */
		F49E28C429762C9C009EEB1A /* Frameworks */ = {
			isa = PBXFrameworksBuildPhase;
			buildActionMask = 2147483647;
			files = (
			);
			runOnlyForDeploymentPostprocessing = 0;
		};
/* End PBXFrameworksBuildPhase section */

/* Begin PBXGroup section */
		F49E28BE29762C9B009EEB1A = {
			isa = PBXGroup;
			children = (
				F49E28C929762C9C009EEB1A /* Hapit */,
				F49E28C829762C9C009EEB1A /* Products */,
			);
			sourceTree = "<group>";
		};
		F49E28C829762C9C009EEB1A /* Products */ = {
			isa = PBXGroup;
			children = (
				F49E28C729762C9C009EEB1A /* Hapit.app */,
			);
			name = Products;
			sourceTree = "<group>";
		};
		F49E28C929762C9C009EEB1A /* Hapit */ = {
			isa = PBXGroup;
			children = (
				F49E28DA29762CE0009EEB1A /* ViewModel */,
				F49E28D929762CD6009EEB1A /* View */,
				F49E28D829762CCF009EEB1A /* Model */,
				F49E28CA29762C9C009EEB1A /* HapitApp.swift */,
				F49E28CC29762C9C009EEB1A /* ContentView.swift */,
				F49E28CE29762CA0009EEB1A /* Assets.xcassets */,
				F49E28D029762CA0009EEB1A /* Preview Content */,
			);
			path = Hapit;
			sourceTree = "<group>";
		};
		F49E28D029762CA0009EEB1A /* Preview Content */ = {
			isa = PBXGroup;
			children = (
				F49E28D129762CA0009EEB1A /* Preview Assets.xcassets */,
			);
			path = "Preview Content";
			sourceTree = "<group>";
		};
		F49E28D829762CCF009EEB1A /* Model */ = {
			isa = PBXGroup;
			children = (
			);
			path = Model;
			sourceTree = "<group>";
		};
		F49E28D929762CD6009EEB1A /* View */ = {
			isa = PBXGroup;
			children = (
				F49E28DF2976395F009EEB1A /* LogIn */,
			);
			path = View;
			sourceTree = "<group>";
		};
		F49E28DA29762CE0009EEB1A /* ViewModel */ = {
			isa = PBXGroup;
			children = (
			);
			path = ViewModel;
			sourceTree = "<group>";
		};
		F49E28DF2976395F009EEB1A /* LogIn */ = {
			isa = PBXGroup;
			children = (
				F49E28E729763A1B009EEB1A /* Normal */,
				F49E28E629763A09009EEB1A /* Social */,
			);
			path = LogIn;
			sourceTree = "<group>";
		};
		F49E28E629763A09009EEB1A /* Social */ = {
			isa = PBXGroup;
			children = (
				F49E28DD297633D1009EEB1A /* KakaoLogIn.swift */,
				F49E28E0297639C6009EEB1A /* GoogleLogIn.swift */,
				F49E28E2297639D3009EEB1A /* AppleLogIn.swift */,
			);
			path = Social;
			sourceTree = "<group>";
		};
		F49E28E729763A1B009EEB1A /* Normal */ = {
			isa = PBXGroup;
			children = (
				F49E28E4297639F4009EEB1A /* SignUpView.swift */,
				F49E28DB297633A7009EEB1A /* LogInView.swift */,
				F49E28E829765DFA009EEB1A /* ToSView.swift */,
				F49E28EA29766319009EEB1A /* ToS */,
			);
			path = Normal;
			sourceTree = "<group>";
		};
		F49E28EA29766319009EEB1A /* ToS */ = {
			isa = PBXGroup;
			children = (
				F49E28EB29766335009EEB1A /* ServiceToS.swift */,
				F49E28ED29766500009EEB1A /* PrivateToS.swift */,
				F49E28F129767F45009EEB1A /* ADToS.swift */,
			);
			path = ToS;
			sourceTree = "<group>";
		};
/* End PBXGroup section */

/* Begin PBXNativeTarget section */
		F49E28C629762C9C009EEB1A /* Hapit */ = {
			isa = PBXNativeTarget;
			buildConfigurationList = F49E28D529762CA0009EEB1A /* Build configuration list for PBXNativeTarget "Hapit" */;
			buildPhases = (
				F49E28C329762C9C009EEB1A /* Sources */,
				F49E28C429762C9C009EEB1A /* Frameworks */,
				F49E28C529762C9C009EEB1A /* Resources */,
			);
			buildRules = (
			);
			dependencies = (
			);
			name = Hapit;
			productName = Hapit;
			productReference = F49E28C729762C9C009EEB1A /* Hapit.app */;
			productType = "com.apple.product-type.application";
		};
/* End PBXNativeTarget section */

/* Begin PBXProject section */
		F49E28BF29762C9B009EEB1A /* Project object */ = {
			isa = PBXProject;
			attributes = {
				BuildIndependentTargetsInParallel = 1;
				LastSwiftUpdateCheck = 1420;
				LastUpgradeCheck = 1420;
				TargetAttributes = {
					F49E28C629762C9C009EEB1A = {
						CreatedOnToolsVersion = 14.2;
					};
				};
			};
			buildConfigurationList = F49E28C229762C9B009EEB1A /* Build configuration list for PBXProject "Hapit" */;
			compatibilityVersion = "Xcode 14.0";
			developmentRegion = en;
			hasScannedForEncodings = 0;
			knownRegions = (
				en,
				Base,
			);
			mainGroup = F49E28BE29762C9B009EEB1A;
			productRefGroup = F49E28C829762C9C009EEB1A /* Products */;
			projectDirPath = "";
			projectRoot = "";
			targets = (
				F49E28C629762C9C009EEB1A /* Hapit */,
			);
		};
/* End PBXProject section */

/* Begin PBXResourcesBuildPhase section */
		F49E28C529762C9C009EEB1A /* Resources */ = {
			isa = PBXResourcesBuildPhase;
			buildActionMask = 2147483647;
			files = (
				F49E28D229762CA0009EEB1A /* Preview Assets.xcassets in Resources */,
				F49E28CF29762CA0009EEB1A /* Assets.xcassets in Resources */,
			);
			runOnlyForDeploymentPostprocessing = 0;
		};
/* End PBXResourcesBuildPhase section */

/* Begin PBXSourcesBuildPhase section */
		F49E28C329762C9C009EEB1A /* Sources */ = {
			isa = PBXSourcesBuildPhase;
			buildActionMask = 2147483647;
			files = (
				F49E28DC297633A7009EEB1A /* LogInView.swift in Sources */,
				F49E28E929765DFA009EEB1A /* ToSView.swift in Sources */,
				F49E28EC29766335009EEB1A /* ServiceToS.swift in Sources */,
				F49E28CD29762C9C009EEB1A /* ContentView.swift in Sources */,
				F49E28E3297639D3009EEB1A /* AppleLogIn.swift in Sources */,
				F49E28E5297639F4009EEB1A /* SignUpView.swift in Sources */,
				F49E28E1297639C6009EEB1A /* GoogleLogIn.swift in Sources */,
				F49E28F229767F45009EEB1A /* ADToS.swift in Sources */,
				F49E28CB29762C9C009EEB1A /* HapitApp.swift in Sources */,
				F49E28EE29766500009EEB1A /* PrivateToS.swift in Sources */,
				F49E28DE297633D1009EEB1A /* KakaoLogIn.swift in Sources */,
			);
			runOnlyForDeploymentPostprocessing = 0;
		};
/* End PBXSourcesBuildPhase section */

/* Begin XCBuildConfiguration section */
		F49E28D329762CA0009EEB1A /* Debug */ = {
			isa = XCBuildConfiguration;
			buildSettings = {
				ALWAYS_SEARCH_USER_PATHS = NO;
				CLANG_ANALYZER_NONNULL = YES;
				CLANG_ANALYZER_NUMBER_OBJECT_CONVERSION = YES_AGGRESSIVE;
				CLANG_CXX_LANGUAGE_STANDARD = "gnu++20";
				CLANG_ENABLE_MODULES = YES;
				CLANG_ENABLE_OBJC_ARC = YES;
				CLANG_ENABLE_OBJC_WEAK = YES;
				CLANG_WARN_BLOCK_CAPTURE_AUTORELEASING = YES;
				CLANG_WARN_BOOL_CONVERSION = YES;
				CLANG_WARN_COMMA = YES;
				CLANG_WARN_CONSTANT_CONVERSION = YES;
				CLANG_WARN_DEPRECATED_OBJC_IMPLEMENTATIONS = YES;
				CLANG_WARN_DIRECT_OBJC_ISA_USAGE = YES_ERROR;
				CLANG_WARN_DOCUMENTATION_COMMENTS = YES;
				CLANG_WARN_EMPTY_BODY = YES;
				CLANG_WARN_ENUM_CONVERSION = YES;
				CLANG_WARN_INFINITE_RECURSION = YES;
				CLANG_WARN_INT_CONVERSION = YES;
				CLANG_WARN_NON_LITERAL_NULL_CONVERSION = YES;
				CLANG_WARN_OBJC_IMPLICIT_RETAIN_SELF = YES;
				CLANG_WARN_OBJC_LITERAL_CONVERSION = YES;
				CLANG_WARN_OBJC_ROOT_CLASS = YES_ERROR;
				CLANG_WARN_QUOTED_INCLUDE_IN_FRAMEWORK_HEADER = YES;
				CLANG_WARN_RANGE_LOOP_ANALYSIS = YES;
				CLANG_WARN_STRICT_PROTOTYPES = YES;
				CLANG_WARN_SUSPICIOUS_MOVE = YES;
				CLANG_WARN_UNGUARDED_AVAILABILITY = YES_AGGRESSIVE;
				CLANG_WARN_UNREACHABLE_CODE = YES;
				CLANG_WARN__DUPLICATE_METHOD_MATCH = YES;
				COPY_PHASE_STRIP = NO;
				DEBUG_INFORMATION_FORMAT = dwarf;
				ENABLE_STRICT_OBJC_MSGSEND = YES;
				ENABLE_TESTABILITY = YES;
				GCC_C_LANGUAGE_STANDARD = gnu11;
				GCC_DYNAMIC_NO_PIC = NO;
				GCC_NO_COMMON_BLOCKS = YES;
				GCC_OPTIMIZATION_LEVEL = 0;
				GCC_PREPROCESSOR_DEFINITIONS = (
					"DEBUG=1",
					"$(inherited)",
				);
				GCC_WARN_64_TO_32_BIT_CONVERSION = YES;
				GCC_WARN_ABOUT_RETURN_TYPE = YES_ERROR;
				GCC_WARN_UNDECLARED_SELECTOR = YES;
				GCC_WARN_UNINITIALIZED_AUTOS = YES_AGGRESSIVE;
				GCC_WARN_UNUSED_FUNCTION = YES;
				GCC_WARN_UNUSED_VARIABLE = YES;
				IPHONEOS_DEPLOYMENT_TARGET = 16.2;
				MTL_ENABLE_DEBUG_INFO = INCLUDE_SOURCE;
				MTL_FAST_MATH = YES;
				ONLY_ACTIVE_ARCH = YES;
				SDKROOT = iphoneos;
				SWIFT_ACTIVE_COMPILATION_CONDITIONS = DEBUG;
				SWIFT_OPTIMIZATION_LEVEL = "-Onone";
			};
			name = Debug;
		};
		F49E28D429762CA0009EEB1A /* Release */ = {
			isa = XCBuildConfiguration;
			buildSettings = {
				ALWAYS_SEARCH_USER_PATHS = NO;
				CLANG_ANALYZER_NONNULL = YES;
				CLANG_ANALYZER_NUMBER_OBJECT_CONVERSION = YES_AGGRESSIVE;
				CLANG_CXX_LANGUAGE_STANDARD = "gnu++20";
				CLANG_ENABLE_MODULES = YES;
				CLANG_ENABLE_OBJC_ARC = YES;
				CLANG_ENABLE_OBJC_WEAK = YES;
				CLANG_WARN_BLOCK_CAPTURE_AUTORELEASING = YES;
				CLANG_WARN_BOOL_CONVERSION = YES;
				CLANG_WARN_COMMA = YES;
				CLANG_WARN_CONSTANT_CONVERSION = YES;
				CLANG_WARN_DEPRECATED_OBJC_IMPLEMENTATIONS = YES;
				CLANG_WARN_DIRECT_OBJC_ISA_USAGE = YES_ERROR;
				CLANG_WARN_DOCUMENTATION_COMMENTS = YES;
				CLANG_WARN_EMPTY_BODY = YES;
				CLANG_WARN_ENUM_CONVERSION = YES;
				CLANG_WARN_INFINITE_RECURSION = YES;
				CLANG_WARN_INT_CONVERSION = YES;
				CLANG_WARN_NON_LITERAL_NULL_CONVERSION = YES;
				CLANG_WARN_OBJC_IMPLICIT_RETAIN_SELF = YES;
				CLANG_WARN_OBJC_LITERAL_CONVERSION = YES;
				CLANG_WARN_OBJC_ROOT_CLASS = YES_ERROR;
				CLANG_WARN_QUOTED_INCLUDE_IN_FRAMEWORK_HEADER = YES;
				CLANG_WARN_RANGE_LOOP_ANALYSIS = YES;
				CLANG_WARN_STRICT_PROTOTYPES = YES;
				CLANG_WARN_SUSPICIOUS_MOVE = YES;
				CLANG_WARN_UNGUARDED_AVAILABILITY = YES_AGGRESSIVE;
				CLANG_WARN_UNREACHABLE_CODE = YES;
				CLANG_WARN__DUPLICATE_METHOD_MATCH = YES;
				COPY_PHASE_STRIP = NO;
				DEBUG_INFORMATION_FORMAT = "dwarf-with-dsym";
				ENABLE_NS_ASSERTIONS = NO;
				ENABLE_STRICT_OBJC_MSGSEND = YES;
				GCC_C_LANGUAGE_STANDARD = gnu11;
				GCC_NO_COMMON_BLOCKS = YES;
				GCC_WARN_64_TO_32_BIT_CONVERSION = YES;
				GCC_WARN_ABOUT_RETURN_TYPE = YES_ERROR;
				GCC_WARN_UNDECLARED_SELECTOR = YES;
				GCC_WARN_UNINITIALIZED_AUTOS = YES_AGGRESSIVE;
				GCC_WARN_UNUSED_FUNCTION = YES;
				GCC_WARN_UNUSED_VARIABLE = YES;
				IPHONEOS_DEPLOYMENT_TARGET = 16.2;
				MTL_ENABLE_DEBUG_INFO = NO;
				MTL_FAST_MATH = YES;
				SDKROOT = iphoneos;
				SWIFT_COMPILATION_MODE = wholemodule;
				SWIFT_OPTIMIZATION_LEVEL = "-O";
				VALIDATE_PRODUCT = YES;
			};
			name = Release;
		};
		F49E28D629762CA0009EEB1A /* Debug */ = {
			isa = XCBuildConfiguration;
			buildSettings = {
				ASSETCATALOG_COMPILER_APPICON_NAME = AppIcon;
				ASSETCATALOG_COMPILER_GLOBAL_ACCENT_COLOR_NAME = AccentColor;
				CODE_SIGN_STYLE = Automatic;
				CURRENT_PROJECT_VERSION = 1;
				DEVELOPMENT_ASSET_PATHS = "\"Hapit/Preview Content\"";
				ENABLE_PREVIEWS = YES;
				GENERATE_INFOPLIST_FILE = YES;
				INFOPLIST_FILE = "";
				INFOPLIST_KEY_UIApplicationSceneManifest_Generation = YES;
				INFOPLIST_KEY_UIApplicationSupportsIndirectInputEvents = YES;
				INFOPLIST_KEY_UILaunchScreen_Generation = YES;
				INFOPLIST_KEY_UISupportedInterfaceOrientations_iPad = "UIInterfaceOrientationPortrait UIInterfaceOrientationPortraitUpsideDown UIInterfaceOrientationLandscapeLeft UIInterfaceOrientationLandscapeRight";
				INFOPLIST_KEY_UISupportedInterfaceOrientations_iPhone = "UIInterfaceOrientationPortrait UIInterfaceOrientationLandscapeLeft UIInterfaceOrientationLandscapeRight";
				LD_RUNPATH_SEARCH_PATHS = (
					"$(inherited)",
					"@executable_path/Frameworks",
				);
				MARKETING_VERSION = 1.0;
				PRODUCT_BUNDLE_IDENTIFIER = com.hapit.final.Hapit;
				PRODUCT_NAME = "$(TARGET_NAME)";
				SWIFT_EMIT_LOC_STRINGS = YES;
				SWIFT_VERSION = 5.0;
				TARGETED_DEVICE_FAMILY = "1,2";
			};
			name = Debug;
		};
		F49E28D729762CA0009EEB1A /* Release */ = {
			isa = XCBuildConfiguration;
			buildSettings = {
				ASSETCATALOG_COMPILER_APPICON_NAME = AppIcon;
				ASSETCATALOG_COMPILER_GLOBAL_ACCENT_COLOR_NAME = AccentColor;
				CODE_SIGN_STYLE = Automatic;
				CURRENT_PROJECT_VERSION = 1;
				DEVELOPMENT_ASSET_PATHS = "\"Hapit/Preview Content\"";
				ENABLE_PREVIEWS = YES;
				GENERATE_INFOPLIST_FILE = YES;
				INFOPLIST_FILE = "";
				INFOPLIST_KEY_UIApplicationSceneManifest_Generation = YES;
				INFOPLIST_KEY_UIApplicationSupportsIndirectInputEvents = YES;
				INFOPLIST_KEY_UILaunchScreen_Generation = YES;
				INFOPLIST_KEY_UISupportedInterfaceOrientations_iPad = "UIInterfaceOrientationPortrait UIInterfaceOrientationPortraitUpsideDown UIInterfaceOrientationLandscapeLeft UIInterfaceOrientationLandscapeRight";
				INFOPLIST_KEY_UISupportedInterfaceOrientations_iPhone = "UIInterfaceOrientationPortrait UIInterfaceOrientationLandscapeLeft UIInterfaceOrientationLandscapeRight";
				LD_RUNPATH_SEARCH_PATHS = (
					"$(inherited)",
					"@executable_path/Frameworks",
				);
				MARKETING_VERSION = 1.0;
				PRODUCT_BUNDLE_IDENTIFIER = com.hapit.final.Hapit;
				PRODUCT_NAME = "$(TARGET_NAME)";
				SWIFT_EMIT_LOC_STRINGS = YES;
				SWIFT_VERSION = 5.0;
				TARGETED_DEVICE_FAMILY = "1,2";
			};
			name = Release;
		};
/* End XCBuildConfiguration section */

/* Begin XCConfigurationList section */
		F49E28C229762C9B009EEB1A /* Build configuration list for PBXProject "Hapit" */ = {
			isa = XCConfigurationList;
			buildConfigurations = (
				F49E28D329762CA0009EEB1A /* Debug */,
				F49E28D429762CA0009EEB1A /* Release */,
			);
			defaultConfigurationIsVisible = 0;
			defaultConfigurationName = Release;
		};
		F49E28D529762CA0009EEB1A /* Build configuration list for PBXNativeTarget "Hapit" */ = {
			isa = XCConfigurationList;
			buildConfigurations = (
				F49E28D629762CA0009EEB1A /* Debug */,
				F49E28D729762CA0009EEB1A /* Release */,
			);
			defaultConfigurationIsVisible = 0;
			defaultConfigurationName = Release;
		};
/* End XCConfigurationList section */
	};
	rootObject = F49E28BF29762C9B009EEB1A /* Project object */;
}
