// !$*UTF8*$!
{
	archiveVersion = 1;
	classes = {
	};
	objectVersion = 56;
	objects = {

/* Begin PBXBuildFile section */
		3625FB67297634AC0006478B /* HabitDetailView.swift in Sources */ = {isa = PBXBuildFile; fileRef = 3625FB66297634AC0006478B /* HabitDetailView.swift */; };
		368AE79E29878DA7005088E5 /* DiaryModalView.swift in Sources */ = {isa = PBXBuildFile; fileRef = 368AE79D29878DA7005088E5 /* DiaryModalView.swift */; };
		369D01D529777E72004CB739 /* DiaryViewModel.swift in Sources */ = {isa = PBXBuildFile; fileRef = 369D01D429777E72004CB739 /* DiaryViewModel.swift */; };
		369D01D729777E97004CB739 /* Dairy.swift in Sources */ = {isa = PBXBuildFile; fileRef = 369D01D629777E97004CB739 /* Dairy.swift */; };
		36D4A14C2989EEBD0048309A /* FirebaseMessaging in Frameworks */ = {isa = PBXBuildFile; productRef = 36D4A14B2989EEBD0048309A /* FirebaseMessaging */; };
		36E1440B298CE7720044E666 /* Realm in Frameworks */ = {isa = PBXBuildFile; productRef = 36E1440A298CE7720044E666 /* Realm */; };
		36E1440D298CE7720044E666 /* RealmSwift in Frameworks */ = {isa = PBXBuildFile; productRef = 36E1440C298CE7720044E666 /* RealmSwift */; };
		36E1440F298CE7F30044E666 /* HapitPushInfo.swift in Sources */ = {isa = PBXBuildFile; fileRef = 36E1440E298CE7F20044E666 /* HapitPushInfo.swift */; };
		3C38AFBF297632F5002D5ADF /* HomeView.swift in Sources */ = {isa = PBXBuildFile; fileRef = 3C38AFBE297632F5002D5ADF /* HomeView.swift */; };
		3C39C493298985D400603149 /* PostModalView.swift in Sources */ = {isa = PBXBuildFile; fileRef = 3C39C492298985D400603149 /* PostModalView.swift */; };
		3C5CAA86298A376E007C3EAA /* Modal.swift in Sources */ = {isa = PBXBuildFile; fileRef = 3C5CAA85298A376E007C3EAA /* Modal.swift */; };
		3C5CAA89298A3931007C3EAA /* ModalView.swift in Sources */ = {isa = PBXBuildFile; fileRef = 3C5CAA88298A3931007C3EAA /* ModalView.swift */; };
		3C5CAA8B298A39A8007C3EAA /* ModalAnchorView.swift in Sources */ = {isa = PBXBuildFile; fileRef = 3C5CAA8A298A39A8007C3EAA /* ModalAnchorView.swift */; };
		3C5CAA8D298A39D8007C3EAA /* ModalManager.swift in Sources */ = {isa = PBXBuildFile; fileRef = 3C5CAA8C298A39D8007C3EAA /* ModalManager.swift */; };
		3C5CAA8F298B9C5C007C3EAA /* HabitSegmentDetailView.swift in Sources */ = {isa = PBXBuildFile; fileRef = 3C5CAA8E298B9C5B007C3EAA /* HabitSegmentDetailView.swift */; };
		3C5CAA96298C8FEC007C3EAA /* ContentView.swift in Sources */ = {isa = PBXBuildFile; fileRef = 3C5CAA95298C8FEC007C3EAA /* ContentView.swift */; };
		3C811D1B298760BA0005539A /* MonthlyCalendarView.swift in Sources */ = {isa = PBXBuildFile; fileRef = 3C811D1A298760BA0005539A /* MonthlyCalendarView.swift */; };
		3C811D1D2987628A0005539A /* CustomDatePickerView.swift in Sources */ = {isa = PBXBuildFile; fileRef = 3C811D1C2987628A0005539A /* CustomDatePickerView.swift */; };
		3C811D1F29877AF10005539A /* DateValue.swift in Sources */ = {isa = PBXBuildFile; fileRef = 3C811D1E29877AF10005539A /* DateValue.swift */; };
		3CE9DFF429792FFB00E76147 /* SegmentedPicker in Frameworks */ = {isa = PBXBuildFile; productRef = 3CE9DFF329792FFB00E76147 /* SegmentedPicker */; };
		3CE9DFF8297A512300E76147 /* EmptyCellView.swift in Sources */ = {isa = PBXBuildFile; fileRef = 3CE9DFF7297A512300E76147 /* EmptyCellView.swift */; };
		3CF39BA529770D87003D4809 /* AddFriendView.swift in Sources */ = {isa = PBXBuildFile; fileRef = 3CF39BA429770D87003D4809 /* AddFriendView.swift */; };
		3CF39BAB29779347003D4809 /* ChallengeCellView.swift in Sources */ = {isa = PBXBuildFile; fileRef = 3CF39BAA29779347003D4809 /* ChallengeCellView.swift */; };
		3CF39BAD29779359003D4809 /* HabitCellView.swift in Sources */ = {isa = PBXBuildFile; fileRef = 3CF39BAC29779359003D4809 /* HabitCellView.swift */; };
		674A917E2989FFCD0050CF0B /* CustomAlert.swift in Sources */ = {isa = PBXBuildFile; fileRef = 674A917D2989FFCD0050CF0B /* CustomAlert.swift */; };
		674A91802989FFF00050CF0B /* CustomAlertModifier.swift in Sources */ = {isa = PBXBuildFile; fileRef = 674A917F2989FFF00050CF0B /* CustomAlertModifier.swift */; };
		674F28B12977C49100390405 /* Challenge.swift in Sources */ = {isa = PBXBuildFile; fileRef = 674F28B02977C49100390405 /* Challenge.swift */; };
		674F28B32977C4C000390405 /* Post.swift in Sources */ = {isa = PBXBuildFile; fileRef = 674F28B22977C4C000390405 /* Post.swift */; };
		6774979429763C29003F9D6C /* AddChallengeView.swift in Sources */ = {isa = PBXBuildFile; fileRef = 6774979329763C29003F9D6C /* AddChallengeView.swift */; };
		67A5AE822987EE300020212F /* DedicatedWriteDiaryView.swift in Sources */ = {isa = PBXBuildFile; fileRef = 67A5AE812987EE300020212F /* DedicatedWriteDiaryView.swift */; };
		67A5AE842987EF2A0020212F /* PhotoPicker.swift in Sources */ = {isa = PBXBuildFile; fileRef = 67A5AE832987EF2A0020212F /* PhotoPicker.swift */; };
		67BD574E298FE3C600DD37B0 /* LocalNotification.swift in Sources */ = {isa = PBXBuildFile; fileRef = 67BD574D298FE3C600DD37B0 /* LocalNotification.swift */; };
		67BD5750298FE3F500DD37B0 /* LocalNotificationManager.swift in Sources */ = {isa = PBXBuildFile; fileRef = 67BD574F298FE3F500DD37B0 /* LocalNotificationManager.swift */; };
		67BD5754298FEE1600DD37B0 /* LocalNotificationSettingView.swift in Sources */ = {isa = PBXBuildFile; fileRef = 67BD5753298FEE1600DD37B0 /* LocalNotificationSettingView.swift */; };
		7087FAA2E8C8D99EFC752F3E /* Pods_Hapit.framework in Frameworks */ = {isa = PBXBuildFile; fileRef = B3F4F3AB62A29109F5C8B279 /* Pods_Hapit.framework */; };
		95397CC2298C8FD400D3B7DB /* (null) in Sources */ = {isa = PBXBuildFile; };
		95D0679E297A1FB1003447EA /* HabitManager.swift in Sources */ = {isa = PBXBuildFile; fileRef = 95D0679D297A1FB1003447EA /* HabitManager.swift */; };
		95D067A1297A252B003447EA /* FirebaseFirestore in Frameworks */ = {isa = PBXBuildFile; productRef = 95D067A0297A252B003447EA /* FirebaseFirestore */; };
		95D067A3297A252B003447EA /* FirebaseFirestoreSwift in Frameworks */ = {isa = PBXBuildFile; productRef = 95D067A2297A252B003447EA /* FirebaseFirestoreSwift */; };
		C5212476298CC1A400235921 /* UserInfoManager.swift in Sources */ = {isa = PBXBuildFile; fileRef = C5212475298CC1A400235921 /* UserInfoManager.swift */; };
		C54829852987505C000C743E /* IM_Hyemin-Regular.ttf in Resources */ = {isa = PBXBuildFile; fileRef = C54829832987505C000C743E /* IM_Hyemin-Regular.ttf */; };
		C54829862987505C000C743E /* IM_Hyemin-Bold.ttf in Resources */ = {isa = PBXBuildFile; fileRef = C54829842987505C000C743E /* IM_Hyemin-Bold.ttf */; };
		C5706F1529878730001300F5 /* .swiftlint.yml in Resources */ = {isa = PBXBuildFile; fileRef = C5706F1429878730001300F5 /* .swiftlint.yml */; };
		C57E6E0E298E54500078B60F /* EditFriendView.swift in Sources */ = {isa = PBXBuildFile; fileRef = C57E6E0D298E54500078B60F /* EditFriendView.swift */; };
		C5882FA62990B5F3001FD3B6 /* FriendsEditLow.swift in Sources */ = {isa = PBXBuildFile; fileRef = C5882FA52990B5F3001FD3B6 /* FriendsEditLow.swift */; };
		C58BC9E4298C8880009B358D /* GoogleService-Info.plist in Resources */ = {isa = PBXBuildFile; fileRef = C58BC9E3298C8880009B358D /* GoogleService-Info.plist */; };
		C59D55152977A7C9008BB0CF /* Jelly.swift in Sources */ = {isa = PBXBuildFile; fileRef = C59D55142977A7C9008BB0CF /* Jelly.swift */; };
		C59D55172977B782008BB0CF /* NicknameModalView.swift in Sources */ = {isa = PBXBuildFile; fileRef = C59D55162977B782008BB0CF /* NicknameModalView.swift */; };
		C59D55192977CD17008BB0CF /* FriendChallengeView.swift in Sources */ = {isa = PBXBuildFile; fileRef = C59D55182977CD17008BB0CF /* FriendChallengeView.swift */; };
		C59D551B2977D149008BB0CF /* MessageFullscreenView.swift in Sources */ = {isa = PBXBuildFile; fileRef = C59D551A2977D149008BB0CF /* MessageFullscreenView.swift */; };
		C5FAC878297632BD00E58C84 /* WriteDiaryView.swift in Sources */ = {isa = PBXBuildFile; fileRef = C5FAC877297632BD00E58C84 /* WriteDiaryView.swift */; };
		C5FAC87D29765BAC00E58C84 /* MyPageView.swift in Sources */ = {isa = PBXBuildFile; fileRef = C5FAC87C29765BAC00E58C84 /* MyPageView.swift */; };
		C5FAC88129765E7600E58C84 /* RewardView.swift in Sources */ = {isa = PBXBuildFile; fileRef = C5FAC88029765E7500E58C84 /* RewardView.swift */; };
		C5FAC88329765EAB00E58C84 /* ProfileCellView.swift in Sources */ = {isa = PBXBuildFile; fileRef = C5FAC88229765EAB00E58C84 /* ProfileCellView.swift */; };
		C5FAC88529766BE100E58C84 /* JellyGridView.swift in Sources */ = {isa = PBXBuildFile; fileRef = C5FAC88429766BE100E58C84 /* JellyGridView.swift */; };
		C5FAC88829766C6800E58C84 /* BearModalView.swift in Sources */ = {isa = PBXBuildFile; fileRef = C5FAC88729766C6800E58C84 /* BearModalView.swift */; };
		C5FAC88A29766E1A00E58C84 /* JellyBadgeView.swift in Sources */ = {isa = PBXBuildFile; fileRef = C5FAC88929766E1A00E58C84 /* JellyBadgeView.swift */; };
		C5FE7D9E2988F6AA00B552E9 /* OptionView.swift in Sources */ = {isa = PBXBuildFile; fileRef = C5FE7D9D2988F6AA00B552E9 /* OptionView.swift */; };
		C90766FD2989F8E900D646F7 /* AddChallengeMateProfileView.swift in Sources */ = {isa = PBXBuildFile; fileRef = C90766FC2989F8E900D646F7 /* AddChallengeMateProfileView.swift */; };
		C9076702298AD81F00D646F7 /* InvitedMateView.swift in Sources */ = {isa = PBXBuildFile; fileRef = C9076701298AD81F00D646F7 /* InvitedMateView.swift */; };
		C958D15F298CD8690057AA5B /* ChallengeFriends.swift in Sources */ = {isa = PBXBuildFile; fileRef = C958D15E298CD8690057AA5B /* ChallengeFriends.swift */; };
		C958D161298CE3E20057AA5B /* ChallengeFriendsView.swift in Sources */ = {isa = PBXBuildFile; fileRef = C958D160298CE3E20057AA5B /* ChallengeFriendsView.swift */; };
		C958D163298CE6DE0057AA5B /* ChallengeFriendsCellView.swift in Sources */ = {isa = PBXBuildFile; fileRef = C958D162298CE6DE0057AA5B /* ChallengeFriendsCellView.swift */; };
		C9CBC801297683BB00D530CC /* SocialView.swift in Sources */ = {isa = PBXBuildFile; fileRef = C9CBC800297683BB00D530CC /* SocialView.swift */; };
		F40B9A50298827E400385014 /* KakaoSDK in Frameworks */ = {isa = PBXBuildFile; productRef = F40B9A4F298827E400385014 /* KakaoSDK */; };
		F40B9A532988CE3E00385014 /* View+ShakeEffect.swift in Sources */ = {isa = PBXBuildFile; fileRef = F40B9A522988CE3E00385014 /* View+ShakeEffect.swift */; };
		F47BA14F297A67FE000222EE /* AuthManager.swift in Sources */ = {isa = PBXBuildFile; fileRef = F47BA14E297A67FE000222EE /* AuthManager.swift */; };
		F47BA151297A697F000222EE /* User.swift in Sources */ = {isa = PBXBuildFile; fileRef = F47BA150297A697F000222EE /* User.swift */; };
		F47BA154297A75EE000222EE /* FirebaseAuth in Frameworks */ = {isa = PBXBuildFile; productRef = F47BA153297A75EE000222EE /* FirebaseAuth */; };
		F49E28CB29762C9C009EEB1A /* HapitApp.swift in Sources */ = {isa = PBXBuildFile; fileRef = F49E28CA29762C9C009EEB1A /* HapitApp.swift */; };
		F49E28CF29762CA0009EEB1A /* Assets.xcassets in Resources */ = {isa = PBXBuildFile; fileRef = F49E28CE29762CA0009EEB1A /* Assets.xcassets */; };
		F49E28D229762CA0009EEB1A /* Preview Assets.xcassets in Resources */ = {isa = PBXBuildFile; fileRef = F49E28D129762CA0009EEB1A /* Preview Assets.xcassets */; };
		F49E28DC297633A7009EEB1A /* LogInView.swift in Sources */ = {isa = PBXBuildFile; fileRef = F49E28DB297633A7009EEB1A /* LogInView.swift */; };
		F49E28DE297633D1009EEB1A /* KakaoLogIn.swift in Sources */ = {isa = PBXBuildFile; fileRef = F49E28DD297633D1009EEB1A /* KakaoLogIn.swift */; };
		F49E28E1297639C6009EEB1A /* GoogleLogIn.swift in Sources */ = {isa = PBXBuildFile; fileRef = F49E28E0297639C6009EEB1A /* GoogleLogIn.swift */; };
		F49E28E3297639D3009EEB1A /* AppleLogIn.swift in Sources */ = {isa = PBXBuildFile; fileRef = F49E28E2297639D3009EEB1A /* AppleLogIn.swift */; };
		F49E28E5297639F4009EEB1A /* RegisterView.swift in Sources */ = {isa = PBXBuildFile; fileRef = F49E28E4297639F4009EEB1A /* RegisterView.swift */; };
		F49E28E929765DFA009EEB1A /* ToSView.swift in Sources */ = {isa = PBXBuildFile; fileRef = F49E28E829765DFA009EEB1A /* ToSView.swift */; };
		F49E28EC29766335009EEB1A /* ServiceToS.swift in Sources */ = {isa = PBXBuildFile; fileRef = F49E28EB29766335009EEB1A /* ServiceToS.swift */; };
		F49E28EE29766500009EEB1A /* PrivateToS.swift in Sources */ = {isa = PBXBuildFile; fileRef = F49E28ED29766500009EEB1A /* PrivateToS.swift */; };
		F49E28F229767F45009EEB1A /* ADToS.swift in Sources */ = {isa = PBXBuildFile; fileRef = F49E28F129767F45009EEB1A /* ADToS.swift */; };
		F49E291729770195009EEB1A /* GetStartView.swift in Sources */ = {isa = PBXBuildFile; fileRef = F49E291629770195009EEB1A /* GetStartView.swift */; };
		F49E2919297714E8009EEB1A /* StepBar.swift in Sources */ = {isa = PBXBuildFile; fileRef = F49E2918297714E8009EEB1A /* StepBar.swift */; };
/* End PBXBuildFile section */

/* Begin PBXCopyFilesBuildPhase section */
		36F8EC162988EBB80029B701 /* Embed Foundation Extensions */ = {
			isa = PBXCopyFilesBuildPhase;
			buildActionMask = 2147483647;
			dstPath = "";
			dstSubfolderSpec = 13;
			files = (
			);
			name = "Embed Foundation Extensions";
			runOnlyForDeploymentPostprocessing = 0;
		};
/* End PBXCopyFilesBuildPhase section */

/* Begin PBXFileReference section */
		0C9C7D2CE76DAFB6CDD8A4EC /* Pods-Hapit.release.xcconfig */ = {isa = PBXFileReference; includeInIndex = 1; lastKnownFileType = text.xcconfig; name = "Pods-Hapit.release.xcconfig"; path = "Target Support Files/Pods-Hapit/Pods-Hapit.release.xcconfig"; sourceTree = "<group>"; };
		3625FB66297634AC0006478B /* HabitDetailView.swift */ = {isa = PBXFileReference; lastKnownFileType = sourcecode.swift; path = HabitDetailView.swift; sourceTree = "<group>"; };
		368AE79D29878DA7005088E5 /* DiaryModalView.swift */ = {isa = PBXFileReference; lastKnownFileType = sourcecode.swift; path = DiaryModalView.swift; sourceTree = "<group>"; };
		369D01D429777E72004CB739 /* DiaryViewModel.swift */ = {isa = PBXFileReference; fileEncoding = 4; lastKnownFileType = sourcecode.swift; name = DiaryViewModel.swift; path = ViewModel/DiaryViewModel.swift; sourceTree = "<group>"; };
		369D01D629777E97004CB739 /* Dairy.swift */ = {isa = PBXFileReference; fileEncoding = 4; lastKnownFileType = sourcecode.swift; name = Dairy.swift; path = Model/Dairy.swift; sourceTree = "<group>"; };
		36E1440E298CE7F20044E666 /* HapitPushInfo.swift */ = {isa = PBXFileReference; lastKnownFileType = sourcecode.swift; path = HapitPushInfo.swift; sourceTree = "<group>"; };
		36F8EC022988D6F70029B701 /* Hapit.entitlements */ = {isa = PBXFileReference; lastKnownFileType = text.plist.entitlements; path = Hapit.entitlements; sourceTree = "<group>"; };
		36F8EC082988EBB80029B701 /* UserNotifications.framework */ = {isa = PBXFileReference; lastKnownFileType = wrapper.framework; name = UserNotifications.framework; path = System/Library/Frameworks/UserNotifications.framework; sourceTree = SDKROOT; };
		36F8EC0A2988EBB80029B701 /* UserNotificationsUI.framework */ = {isa = PBXFileReference; lastKnownFileType = wrapper.framework; name = UserNotificationsUI.framework; path = System/Library/Frameworks/UserNotificationsUI.framework; sourceTree = SDKROOT; };
		3C38AFBE297632F5002D5ADF /* HomeView.swift */ = {isa = PBXFileReference; lastKnownFileType = sourcecode.swift; path = HomeView.swift; sourceTree = "<group>"; };
		3C39C492298985D400603149 /* PostModalView.swift */ = {isa = PBXFileReference; lastKnownFileType = sourcecode.swift; path = PostModalView.swift; sourceTree = "<group>"; };
		3C5CAA85298A376E007C3EAA /* Modal.swift */ = {isa = PBXFileReference; lastKnownFileType = sourcecode.swift; path = Modal.swift; sourceTree = "<group>"; };
		3C5CAA88298A3931007C3EAA /* ModalView.swift */ = {isa = PBXFileReference; lastKnownFileType = sourcecode.swift; path = ModalView.swift; sourceTree = "<group>"; };
		3C5CAA8A298A39A8007C3EAA /* ModalAnchorView.swift */ = {isa = PBXFileReference; lastKnownFileType = sourcecode.swift; path = ModalAnchorView.swift; sourceTree = "<group>"; };
		3C5CAA8C298A39D8007C3EAA /* ModalManager.swift */ = {isa = PBXFileReference; lastKnownFileType = sourcecode.swift; path = ModalManager.swift; sourceTree = "<group>"; };
		3C5CAA8E298B9C5B007C3EAA /* HabitSegmentDetailView.swift */ = {isa = PBXFileReference; lastKnownFileType = sourcecode.swift; path = HabitSegmentDetailView.swift; sourceTree = "<group>"; };
		3C5CAA92298C8CA4007C3EAA /* GoogleService-Info.plist */ = {isa = PBXFileReference; fileEncoding = 4; lastKnownFileType = text.plist.xml; path = "GoogleService-Info.plist"; sourceTree = "<group>"; };
		3C5CAA95298C8FEC007C3EAA /* ContentView.swift */ = {isa = PBXFileReference; lastKnownFileType = sourcecode.swift; path = ContentView.swift; sourceTree = "<group>"; };
		3C811D1A298760BA0005539A /* MonthlyCalendarView.swift */ = {isa = PBXFileReference; lastKnownFileType = sourcecode.swift; path = MonthlyCalendarView.swift; sourceTree = "<group>"; };
		3C811D1C2987628A0005539A /* CustomDatePickerView.swift */ = {isa = PBXFileReference; lastKnownFileType = sourcecode.swift; path = CustomDatePickerView.swift; sourceTree = "<group>"; };
		3C811D1E29877AF10005539A /* DateValue.swift */ = {isa = PBXFileReference; lastKnownFileType = sourcecode.swift; path = DateValue.swift; sourceTree = "<group>"; };
		3CE9DFF7297A512300E76147 /* EmptyCellView.swift */ = {isa = PBXFileReference; lastKnownFileType = sourcecode.swift; path = EmptyCellView.swift; sourceTree = "<group>"; };
		3CF39BA429770D87003D4809 /* AddFriendView.swift */ = {isa = PBXFileReference; lastKnownFileType = sourcecode.swift; path = AddFriendView.swift; sourceTree = "<group>"; };
		3CF39BAA29779347003D4809 /* ChallengeCellView.swift */ = {isa = PBXFileReference; lastKnownFileType = sourcecode.swift; path = ChallengeCellView.swift; sourceTree = "<group>"; };
		3CF39BAC29779359003D4809 /* HabitCellView.swift */ = {isa = PBXFileReference; lastKnownFileType = sourcecode.swift; path = HabitCellView.swift; sourceTree = "<group>"; };
		5EF260FF7D795428372CA911 /* Pods-Hapit.debug.xcconfig */ = {isa = PBXFileReference; includeInIndex = 1; lastKnownFileType = text.xcconfig; name = "Pods-Hapit.debug.xcconfig"; path = "Target Support Files/Pods-Hapit/Pods-Hapit.debug.xcconfig"; sourceTree = "<group>"; };
		674A917D2989FFCD0050CF0B /* CustomAlert.swift */ = {isa = PBXFileReference; lastKnownFileType = sourcecode.swift; path = CustomAlert.swift; sourceTree = "<group>"; };
		674A917F2989FFF00050CF0B /* CustomAlertModifier.swift */ = {isa = PBXFileReference; lastKnownFileType = sourcecode.swift; path = CustomAlertModifier.swift; sourceTree = "<group>"; };
		674F28B02977C49100390405 /* Challenge.swift */ = {isa = PBXFileReference; lastKnownFileType = sourcecode.swift; path = Challenge.swift; sourceTree = "<group>"; };
		674F28B22977C4C000390405 /* Post.swift */ = {isa = PBXFileReference; lastKnownFileType = sourcecode.swift; path = Post.swift; sourceTree = "<group>"; };
		6774979329763C29003F9D6C /* AddChallengeView.swift */ = {isa = PBXFileReference; lastKnownFileType = sourcecode.swift; path = AddChallengeView.swift; sourceTree = "<group>"; };
		67A5AE812987EE300020212F /* DedicatedWriteDiaryView.swift */ = {isa = PBXFileReference; lastKnownFileType = sourcecode.swift; path = DedicatedWriteDiaryView.swift; sourceTree = "<group>"; };
		67A5AE832987EF2A0020212F /* PhotoPicker.swift */ = {isa = PBXFileReference; lastKnownFileType = sourcecode.swift; path = PhotoPicker.swift; sourceTree = "<group>"; };
		67BD574D298FE3C600DD37B0 /* LocalNotification.swift */ = {isa = PBXFileReference; lastKnownFileType = sourcecode.swift; path = LocalNotification.swift; sourceTree = "<group>"; };
		67BD574F298FE3F500DD37B0 /* LocalNotificationManager.swift */ = {isa = PBXFileReference; lastKnownFileType = sourcecode.swift; path = LocalNotificationManager.swift; sourceTree = "<group>"; };
		67BD5753298FEE1600DD37B0 /* LocalNotificationSettingView.swift */ = {isa = PBXFileReference; lastKnownFileType = sourcecode.swift; path = LocalNotificationSettingView.swift; sourceTree = "<group>"; };
		95D0679D297A1FB1003447EA /* HabitManager.swift */ = {isa = PBXFileReference; fileEncoding = 4; lastKnownFileType = sourcecode.swift; path = HabitManager.swift; sourceTree = "<group>"; };
		B3F4F3AB62A29109F5C8B279 /* Pods_Hapit.framework */ = {isa = PBXFileReference; explicitFileType = wrapper.framework; includeInIndex = 0; path = Pods_Hapit.framework; sourceTree = BUILT_PRODUCTS_DIR; };
		C5212475298CC1A400235921 /* UserInfoManager.swift */ = {isa = PBXFileReference; lastKnownFileType = sourcecode.swift; path = UserInfoManager.swift; sourceTree = "<group>"; };
		C54829832987505C000C743E /* IM_Hyemin-Regular.ttf */ = {isa = PBXFileReference; lastKnownFileType = file; path = "IM_Hyemin-Regular.ttf"; sourceTree = "<group>"; };
		C54829842987505C000C743E /* IM_Hyemin-Bold.ttf */ = {isa = PBXFileReference; lastKnownFileType = file; path = "IM_Hyemin-Bold.ttf"; sourceTree = "<group>"; };
		C5482987298751EC000C743E /* Info.plist */ = {isa = PBXFileReference; lastKnownFileType = text.plist; path = Info.plist; sourceTree = "<group>"; };
		C5706F1429878730001300F5 /* .swiftlint.yml */ = {isa = PBXFileReference; lastKnownFileType = text.yaml; path = .swiftlint.yml; sourceTree = "<group>"; };
		C57E6E0D298E54500078B60F /* EditFriendView.swift */ = {isa = PBXFileReference; lastKnownFileType = sourcecode.swift; path = EditFriendView.swift; sourceTree = "<group>"; };
		C5882FA52990B5F3001FD3B6 /* FriendsEditLow.swift */ = {isa = PBXFileReference; lastKnownFileType = sourcecode.swift; path = FriendsEditLow.swift; sourceTree = "<group>"; };
		C58BC9E3298C8880009B358D /* GoogleService-Info.plist */ = {isa = PBXFileReference; fileEncoding = 4; lastKnownFileType = text.plist.xml; path = "GoogleService-Info.plist"; sourceTree = "<group>"; };
		C59D55142977A7C9008BB0CF /* Jelly.swift */ = {isa = PBXFileReference; lastKnownFileType = sourcecode.swift; path = Jelly.swift; sourceTree = "<group>"; };
		C59D55162977B782008BB0CF /* NicknameModalView.swift */ = {isa = PBXFileReference; lastKnownFileType = sourcecode.swift; path = NicknameModalView.swift; sourceTree = "<group>"; };
		C59D55182977CD17008BB0CF /* FriendChallengeView.swift */ = {isa = PBXFileReference; lastKnownFileType = sourcecode.swift; path = FriendChallengeView.swift; sourceTree = "<group>"; };
		C59D551A2977D149008BB0CF /* MessageFullscreenView.swift */ = {isa = PBXFileReference; lastKnownFileType = sourcecode.swift; path = MessageFullscreenView.swift; sourceTree = "<group>"; };
		C5FAC877297632BD00E58C84 /* WriteDiaryView.swift */ = {isa = PBXFileReference; lastKnownFileType = sourcecode.swift; path = WriteDiaryView.swift; sourceTree = "<group>"; };
		C5FAC87C29765BAC00E58C84 /* MyPageView.swift */ = {isa = PBXFileReference; lastKnownFileType = sourcecode.swift; path = MyPageView.swift; sourceTree = "<group>"; };
		C5FAC88029765E7500E58C84 /* RewardView.swift */ = {isa = PBXFileReference; lastKnownFileType = sourcecode.swift; path = RewardView.swift; sourceTree = "<group>"; };
		C5FAC88229765EAB00E58C84 /* ProfileCellView.swift */ = {isa = PBXFileReference; lastKnownFileType = sourcecode.swift; path = ProfileCellView.swift; sourceTree = "<group>"; };
		C5FAC88429766BE100E58C84 /* JellyGridView.swift */ = {isa = PBXFileReference; lastKnownFileType = sourcecode.swift; path = JellyGridView.swift; sourceTree = "<group>"; };
		C5FAC88729766C6800E58C84 /* BearModalView.swift */ = {isa = PBXFileReference; lastKnownFileType = sourcecode.swift; path = BearModalView.swift; sourceTree = "<group>"; };
		C5FAC88929766E1A00E58C84 /* JellyBadgeView.swift */ = {isa = PBXFileReference; lastKnownFileType = sourcecode.swift; path = JellyBadgeView.swift; sourceTree = "<group>"; };
		C5FE7D9D2988F6AA00B552E9 /* OptionView.swift */ = {isa = PBXFileReference; lastKnownFileType = sourcecode.swift; path = OptionView.swift; sourceTree = "<group>"; };
		C90766FC2989F8E900D646F7 /* AddChallengeMateProfileView.swift */ = {isa = PBXFileReference; lastKnownFileType = sourcecode.swift; path = AddChallengeMateProfileView.swift; sourceTree = "<group>"; };
		C9076701298AD81F00D646F7 /* InvitedMateView.swift */ = {isa = PBXFileReference; lastKnownFileType = sourcecode.swift; path = InvitedMateView.swift; sourceTree = "<group>"; };
		C958D15E298CD8690057AA5B /* ChallengeFriends.swift */ = {isa = PBXFileReference; lastKnownFileType = sourcecode.swift; path = ChallengeFriends.swift; sourceTree = "<group>"; };
		C958D160298CE3E20057AA5B /* ChallengeFriendsView.swift */ = {isa = PBXFileReference; lastKnownFileType = sourcecode.swift; path = ChallengeFriendsView.swift; sourceTree = "<group>"; };
		C958D162298CE6DE0057AA5B /* ChallengeFriendsCellView.swift */ = {isa = PBXFileReference; lastKnownFileType = sourcecode.swift; path = ChallengeFriendsCellView.swift; sourceTree = "<group>"; };
		C9CBC800297683BB00D530CC /* SocialView.swift */ = {isa = PBXFileReference; lastKnownFileType = sourcecode.swift; path = SocialView.swift; sourceTree = "<group>"; };
		F40B9A522988CE3E00385014 /* View+ShakeEffect.swift */ = {isa = PBXFileReference; lastKnownFileType = sourcecode.swift; path = "View+ShakeEffect.swift"; sourceTree = "<group>"; };
		F47BA14E297A67FE000222EE /* AuthManager.swift */ = {isa = PBXFileReference; lastKnownFileType = sourcecode.swift; path = AuthManager.swift; sourceTree = "<group>"; };
		F47BA150297A697F000222EE /* User.swift */ = {isa = PBXFileReference; lastKnownFileType = sourcecode.swift; path = User.swift; sourceTree = "<group>"; };
		F49E28C729762C9C009EEB1A /* Hapit.app */ = {isa = PBXFileReference; explicitFileType = wrapper.application; includeInIndex = 0; path = Hapit.app; sourceTree = BUILT_PRODUCTS_DIR; };
		F49E28CA29762C9C009EEB1A /* HapitApp.swift */ = {isa = PBXFileReference; lastKnownFileType = sourcecode.swift; path = HapitApp.swift; sourceTree = "<group>"; };
		F49E28CE29762CA0009EEB1A /* Assets.xcassets */ = {isa = PBXFileReference; lastKnownFileType = folder.assetcatalog; path = Assets.xcassets; sourceTree = "<group>"; };
		F49E28D129762CA0009EEB1A /* Preview Assets.xcassets */ = {isa = PBXFileReference; lastKnownFileType = folder.assetcatalog; path = "Preview Assets.xcassets"; sourceTree = "<group>"; };
		F49E28DB297633A7009EEB1A /* LogInView.swift */ = {isa = PBXFileReference; lastKnownFileType = sourcecode.swift; path = LogInView.swift; sourceTree = "<group>"; };
		F49E28DD297633D1009EEB1A /* KakaoLogIn.swift */ = {isa = PBXFileReference; lastKnownFileType = sourcecode.swift; path = KakaoLogIn.swift; sourceTree = "<group>"; };
		F49E28E0297639C6009EEB1A /* GoogleLogIn.swift */ = {isa = PBXFileReference; lastKnownFileType = sourcecode.swift; path = GoogleLogIn.swift; sourceTree = "<group>"; };
		F49E28E2297639D3009EEB1A /* AppleLogIn.swift */ = {isa = PBXFileReference; lastKnownFileType = sourcecode.swift; path = AppleLogIn.swift; sourceTree = "<group>"; };
		F49E28E4297639F4009EEB1A /* RegisterView.swift */ = {isa = PBXFileReference; lastKnownFileType = sourcecode.swift; path = RegisterView.swift; sourceTree = "<group>"; };
		F49E28E829765DFA009EEB1A /* ToSView.swift */ = {isa = PBXFileReference; lastKnownFileType = sourcecode.swift; path = ToSView.swift; sourceTree = "<group>"; };
		F49E28EB29766335009EEB1A /* ServiceToS.swift */ = {isa = PBXFileReference; lastKnownFileType = sourcecode.swift; path = ServiceToS.swift; sourceTree = "<group>"; };
		F49E28ED29766500009EEB1A /* PrivateToS.swift */ = {isa = PBXFileReference; lastKnownFileType = sourcecode.swift; path = PrivateToS.swift; sourceTree = "<group>"; };
		F49E28F129767F45009EEB1A /* ADToS.swift */ = {isa = PBXFileReference; lastKnownFileType = sourcecode.swift; path = ADToS.swift; sourceTree = "<group>"; };
		F49E291629770195009EEB1A /* GetStartView.swift */ = {isa = PBXFileReference; lastKnownFileType = sourcecode.swift; path = GetStartView.swift; sourceTree = "<group>"; };
		F49E2918297714E8009EEB1A /* StepBar.swift */ = {isa = PBXFileReference; lastKnownFileType = sourcecode.swift; path = StepBar.swift; sourceTree = "<group>"; };
/* End PBXFileReference section */

/* Begin PBXFrameworksBuildPhase section */
		F49E28C429762C9C009EEB1A /* Frameworks */ = {
			isa = PBXFrameworksBuildPhase;
			buildActionMask = 2147483647;
			files = (
				3CE9DFF429792FFB00E76147 /* SegmentedPicker in Frameworks */,
				95D067A1297A252B003447EA /* FirebaseFirestore in Frameworks */,
				36D4A14C2989EEBD0048309A /* FirebaseMessaging in Frameworks */,
				36E1440D298CE7720044E666 /* RealmSwift in Frameworks */,
				95D067A3297A252B003447EA /* FirebaseFirestoreSwift in Frameworks */,
				F47BA154297A75EE000222EE /* FirebaseAuth in Frameworks */,
				7087FAA2E8C8D99EFC752F3E /* Pods_Hapit.framework in Frameworks */,
				36E1440B298CE7720044E666 /* Realm in Frameworks */,
				F40B9A50298827E400385014 /* KakaoSDK in Frameworks */,
			);
			runOnlyForDeploymentPostprocessing = 0;
		};
/* End PBXFrameworksBuildPhase section */

/* Begin PBXGroup section */
		2672DC2838A0CC595638793A /* Frameworks */ = {
			isa = PBXGroup;
			children = (
				B3F4F3AB62A29109F5C8B279 /* Pods_Hapit.framework */,
				36F8EC082988EBB80029B701 /* UserNotifications.framework */,
				36F8EC0A2988EBB80029B701 /* UserNotificationsUI.framework */,
			);
			name = Frameworks;
			sourceTree = "<group>";
		};
		3C38AFC229763327002D5ADF /* HomeTab */ = {
			isa = PBXGroup;
			children = (
				67BD574C298FE3B300DD37B0 /* Notification */,
				C90767002989F90900D646F7 /* AddChallenge */,
				3C38AFBE297632F5002D5ADF /* HomeView.swift */,
				3C5CAA8E298B9C5B007C3EAA /* HabitSegmentDetailView.swift */,
				3CF39BAA29779347003D4809 /* ChallengeCellView.swift */,
				3CF39BAC29779359003D4809 /* HabitCellView.swift */,
				3CE9DFF7297A512300E76147 /* EmptyCellView.swift */,
				C9CBC7FE2976831600D530CC /* HabitDetail */,
			);
			path = HomeTab;
			sourceTree = "<group>";
		};
		3C5CAA87298A3908007C3EAA /* CustomModal */ = {
			isa = PBXGroup;
			children = (
				3C5CAA88298A3931007C3EAA /* ModalView.swift */,
				3C5CAA8A298A39A8007C3EAA /* ModalAnchorView.swift */,
			);
			path = CustomModal;
			sourceTree = "<group>";
		};
		3C5CAA94298C8E3E007C3EAA /* Recovered References */ = {
			isa = PBXGroup;
			children = (
				3C5CAA92298C8CA4007C3EAA /* GoogleService-Info.plist */,
			);
			name = "Recovered References";
			sourceTree = "<group>";
		};
		674A917C2989FFA80050CF0B /* CustomAlert */ = {
			isa = PBXGroup;
			children = (
				674A917D2989FFCD0050CF0B /* CustomAlert.swift */,
				674A917F2989FFF00050CF0B /* CustomAlertModifier.swift */,
			);
			path = CustomAlert;
			sourceTree = "<group>";
		};
		67BD574C298FE3B300DD37B0 /* Notification */ = {
			isa = PBXGroup;
			children = (
				67BD574D298FE3C600DD37B0 /* LocalNotification.swift */,
				67BD574F298FE3F500DD37B0 /* LocalNotificationManager.swift */,
				67BD5753298FEE1600DD37B0 /* LocalNotificationSettingView.swift */,
			);
			path = Notification;
			sourceTree = "<group>";
		};
		89A963E5358D329345D77DC3 /* Pods */ = {
			isa = PBXGroup;
			children = (
				5EF260FF7D795428372CA911 /* Pods-Hapit.debug.xcconfig */,
				0C9C7D2CE76DAFB6CDD8A4EC /* Pods-Hapit.release.xcconfig */,
			);
			path = Pods;
			sourceTree = "<group>";
		};
		C54829822987503B000C743E /* Font */ = {
			isa = PBXGroup;
			children = (
				C54829842987505C000C743E /* IM_Hyemin-Bold.ttf */,
				C54829832987505C000C743E /* IM_Hyemin-Regular.ttf */,
			);
			path = Font;
			sourceTree = "<group>";
		};
		C5FAC87E29765E1D00E58C84 /* MyPageTab */ = {
			isa = PBXGroup;
			children = (
				C5FAC87C29765BAC00E58C84 /* MyPageView.swift */,
				C5FAC88629766C2B00E58C84 /* Profile */,
				C5FAC87F29765E6600E58C84 /* Reward */,
				C5FE7D9F2988F7A900B552E9 /* Option */,
			);
			path = MyPageTab;
			sourceTree = "<group>";
		};
		C5FAC87F29765E6600E58C84 /* Reward */ = {
			isa = PBXGroup;
			children = (
				C5FAC88029765E7500E58C84 /* RewardView.swift */,
				C5FAC88429766BE100E58C84 /* JellyGridView.swift */,
				C5FAC88929766E1A00E58C84 /* JellyBadgeView.swift */,
			);
			path = Reward;
			sourceTree = "<group>";
		};
		C5FAC88629766C2B00E58C84 /* Profile */ = {
			isa = PBXGroup;
			children = (
				C5FAC88229765EAB00E58C84 /* ProfileCellView.swift */,
				C5FAC88729766C6800E58C84 /* BearModalView.swift */,
				C59D55162977B782008BB0CF /* NicknameModalView.swift */,
			);
			path = Profile;
			sourceTree = "<group>";
		};
		C5FE7D9F2988F7A900B552E9 /* Option */ = {
			isa = PBXGroup;
			children = (
				C5FE7D9D2988F6AA00B552E9 /* OptionView.swift */,
			);
			path = Option;
			sourceTree = "<group>";
		};
		C90767002989F90900D646F7 /* AddChallenge */ = {
			isa = PBXGroup;
			children = (
				6774979329763C29003F9D6C /* AddChallengeView.swift */,
				C958D160298CE3E20057AA5B /* ChallengeFriendsView.swift */,
				C958D162298CE6DE0057AA5B /* ChallengeFriendsCellView.swift */,
				C9076701298AD81F00D646F7 /* InvitedMateView.swift */,
				C90766FC2989F8E900D646F7 /* AddChallengeMateProfileView.swift */,
			);
			path = AddChallenge;
			sourceTree = "<group>";
		};
		C9CBC7FE2976831600D530CC /* HabitDetail */ = {
			isa = PBXGroup;
			children = (
				674A917C2989FFA80050CF0B /* CustomAlert */,
				368AE79D29878DA7005088E5 /* DiaryModalView.swift */,
				3625FB66297634AC0006478B /* HabitDetailView.swift */,
				C5FAC877297632BD00E58C84 /* WriteDiaryView.swift */,
				3C811D1A298760BA0005539A /* MonthlyCalendarView.swift */,
				3C811D1C2987628A0005539A /* CustomDatePickerView.swift */,
				67A5AE812987EE300020212F /* DedicatedWriteDiaryView.swift */,
				67A5AE832987EF2A0020212F /* PhotoPicker.swift */,
				3C39C492298985D400603149 /* PostModalView.swift */,
				3C5CAA87298A3908007C3EAA /* CustomModal */,
			);
			path = HabitDetail;
			sourceTree = "<group>";
		};
		C9CBC7FF2976835100D530CC /* SocialTab */ = {
			isa = PBXGroup;
			children = (
				C9CBC800297683BB00D530CC /* SocialView.swift */,
				C57E6E0D298E54500078B60F /* EditFriendView.swift */,
				3CF39BA429770D87003D4809 /* AddFriendView.swift */,
				C59D55182977CD17008BB0CF /* FriendChallengeView.swift */,
				C59D551A2977D149008BB0CF /* MessageFullscreenView.swift */,
				C5882FA52990B5F3001FD3B6 /* FriendsEditLow.swift */,
			);
			path = SocialTab;
			sourceTree = "<group>";
		};
		F40B9A512988CDFB00385014 /* Extension */ = {
			isa = PBXGroup;
			children = (
				F40B9A522988CE3E00385014 /* View+ShakeEffect.swift */,
			);
			path = Extension;
			sourceTree = "<group>";
		};
		F49E28BE29762C9B009EEB1A = {
			isa = PBXGroup;
			children = (
				C5706F1429878730001300F5 /* .swiftlint.yml */,
				F49E28C929762C9C009EEB1A /* Hapit */,
				F49E28C829762C9C009EEB1A /* Products */,
				89A963E5358D329345D77DC3 /* Pods */,
				2672DC2838A0CC595638793A /* Frameworks */,
				3C5CAA94298C8E3E007C3EAA /* Recovered References */,
			);
			sourceTree = "<group>";
		};
		F49E28C829762C9C009EEB1A /* Products */ = {
			isa = PBXGroup;
			children = (
				F49E28C729762C9C009EEB1A /* Hapit.app */,
			);
			name = Products;
			sourceTree = "<group>";
		};
		F49E28C929762C9C009EEB1A /* Hapit */ = {
			isa = PBXGroup;
			children = (
				36F8EC022988D6F70029B701 /* Hapit.entitlements */,
				F40B9A512988CDFB00385014 /* Extension */,
				C54829822987503B000C743E /* Font */,
				C5482987298751EC000C743E /* Info.plist */,
				C58BC9E3298C8880009B358D /* GoogleService-Info.plist */,
				F49E28CA29762C9C009EEB1A /* HapitApp.swift */,
				F49E28DA29762CE0009EEB1A /* ViewModel */,
				F49E28D929762CD6009EEB1A /* View */,
				F49E28D829762CCF009EEB1A /* Model */,
				F49E28CE29762CA0009EEB1A /* Assets.xcassets */,
				F49E28D029762CA0009EEB1A /* Preview Content */,
				3C5CAA95298C8FEC007C3EAA /* ContentView.swift */,
			);
			path = Hapit;
			sourceTree = "<group>";
		};
		F49E28D029762CA0009EEB1A /* Preview Content */ = {
			isa = PBXGroup;
			children = (
				F49E28D129762CA0009EEB1A /* Preview Assets.xcassets */,
			);
			path = "Preview Content";
			sourceTree = "<group>";
		};
		F49E28D829762CCF009EEB1A /* Model */ = {
			isa = PBXGroup;
			children = (
				369D01D629777E97004CB739 /* Dairy.swift */,
				3C811D1E29877AF10005539A /* DateValue.swift */,
				C59D55142977A7C9008BB0CF /* Jelly.swift */,
				674F28B02977C49100390405 /* Challenge.swift */,
				674F28B22977C4C000390405 /* Post.swift */,
				F47BA150297A697F000222EE /* User.swift */,
				3C5CAA85298A376E007C3EAA /* Modal.swift */,
				C958D15E298CD8690057AA5B /* ChallengeFriends.swift */,
				36E1440E298CE7F20044E666 /* HapitPushInfo.swift */,
			);
			name = Model;
			sourceTree = "<group>";
		};
		F49E28D929762CD6009EEB1A /* View */ = {
			isa = PBXGroup;
			children = (
				F49E28DF2976395F009EEB1A /* LogIn */,
				C9CBC7FF2976835100D530CC /* SocialTab */,
				C5FAC87E29765E1D00E58C84 /* MyPageTab */,
				3C38AFC229763327002D5ADF /* HomeTab */,
			);
			path = View;
			sourceTree = "<group>";
		};
		F49E28DA29762CE0009EEB1A /* ViewModel */ = {
			isa = PBXGroup;
			children = (
				F47BA14E297A67FE000222EE /* AuthManager.swift */,
				369D01D429777E72004CB739 /* DiaryViewModel.swift */,
				95D0679D297A1FB1003447EA /* HabitManager.swift */,
				3C5CAA8C298A39D8007C3EAA /* ModalManager.swift */,
				C5212475298CC1A400235921 /* UserInfoManager.swift */,
			);
			name = ViewModel;
			sourceTree = "<group>";
		};
		F49E28DF2976395F009EEB1A /* LogIn */ = {
			isa = PBXGroup;
			children = (
				F49E28E729763A1B009EEB1A /* Normal */,
				F49E28E629763A09009EEB1A /* Social */,
			);
			path = LogIn;
			sourceTree = "<group>";
		};
		F49E28E629763A09009EEB1A /* Social */ = {
			isa = PBXGroup;
			children = (
				F49E28DD297633D1009EEB1A /* KakaoLogIn.swift */,
				F49E28E0297639C6009EEB1A /* GoogleLogIn.swift */,
				F49E28E2297639D3009EEB1A /* AppleLogIn.swift */,
			);
			path = Social;
			sourceTree = "<group>";
		};
		F49E28E729763A1B009EEB1A /* Normal */ = {
			isa = PBXGroup;
			children = (
				F49E28F32976813E009EEB1A /* SignUp */,
				F49E28DB297633A7009EEB1A /* LogInView.swift */,
				F49E28EA29766319009EEB1A /* ToS */,
			);
			path = Normal;
			sourceTree = "<group>";
		};
		F49E28EA29766319009EEB1A /* ToS */ = {
			isa = PBXGroup;
			children = (
				F49E28EB29766335009EEB1A /* ServiceToS.swift */,
				F49E28ED29766500009EEB1A /* PrivateToS.swift */,
				F49E28F129767F45009EEB1A /* ADToS.swift */,
			);
			path = ToS;
			sourceTree = "<group>";
		};
		F49E28F32976813E009EEB1A /* SignUp */ = {
			isa = PBXGroup;
			children = (
				F49E28E4297639F4009EEB1A /* RegisterView.swift */,
				F49E28E829765DFA009EEB1A /* ToSView.swift */,
				F49E291629770195009EEB1A /* GetStartView.swift */,
				F49E2918297714E8009EEB1A /* StepBar.swift */,
			);
			path = SignUp;
			sourceTree = "<group>";
		};
/* End PBXGroup section */

/* Begin PBXNativeTarget section */
		F49E28C629762C9C009EEB1A /* Hapit */ = {
			isa = PBXNativeTarget;
			buildConfigurationList = F49E28D529762CA0009EEB1A /* Build configuration list for PBXNativeTarget "Hapit" */;
			buildPhases = (
				48D82DE241EBBDCB13EED8D8 /* [CP] Check Pods Manifest.lock */,
				F49E28C329762C9C009EEB1A /* Sources */,
				F49E28C429762C9C009EEB1A /* Frameworks */,
				F49E28C529762C9C009EEB1A /* Resources */,
				C548298B2987633E000C743E /* ShellScript */,
				36F8EC162988EBB80029B701 /* Embed Foundation Extensions */,
			);
			buildRules = (
			);
			dependencies = (
			);
			name = Hapit;
			packageProductDependencies = (
				3CE9DFF329792FFB00E76147 /* SegmentedPicker */,
				95D067A0297A252B003447EA /* FirebaseFirestore */,
				95D067A2297A252B003447EA /* FirebaseFirestoreSwift */,
				F47BA153297A75EE000222EE /* FirebaseAuth */,
				F40B9A4F298827E400385014 /* KakaoSDK */,
				36D4A14B2989EEBD0048309A /* FirebaseMessaging */,
				36E1440A298CE7720044E666 /* Realm */,
				36E1440C298CE7720044E666 /* RealmSwift */,
			);
			productName = Hapit;
			productReference = F49E28C729762C9C009EEB1A /* Hapit.app */;
			productType = "com.apple.product-type.application";
		};
/* End PBXNativeTarget section */

/* Begin PBXProject section */
		F49E28BF29762C9B009EEB1A /* Project object */ = {
			isa = PBXProject;
			attributes = {
				BuildIndependentTargetsInParallel = 1;
				LastSwiftUpdateCheck = 1420;
				LastUpgradeCheck = 1420;
				TargetAttributes = {
					F49E28C629762C9C009EEB1A = {
						CreatedOnToolsVersion = 14.2;
					};
				};
			};
			buildConfigurationList = F49E28C229762C9B009EEB1A /* Build configuration list for PBXProject "Hapit" */;
			compatibilityVersion = "Xcode 14.0";
			developmentRegion = en;
			hasScannedForEncodings = 0;
			knownRegions = (
				en,
				Base,
			);
			mainGroup = F49E28BE29762C9B009EEB1A;
			packageReferences = (
				3CE9DFF229792FFB00E76147 /* XCRemoteSwiftPackageReference "SwiftySegmentedPicker" */,
				95D0679F297A252B003447EA /* XCRemoteSwiftPackageReference "firebase-ios-sdk" */,
				F40B9A4E298827E400385014 /* XCRemoteSwiftPackageReference "kakao-ios-sdk" */,
				36E14409298CE7720044E666 /* XCRemoteSwiftPackageReference "realm-swift" */,
			);
			productRefGroup = F49E28C829762C9C009EEB1A /* Products */;
			projectDirPath = "";
			projectRoot = "";
			targets = (
				F49E28C629762C9C009EEB1A /* Hapit */,
			);
		};
/* End PBXProject section */

/* Begin PBXResourcesBuildPhase section */
		F49E28C529762C9C009EEB1A /* Resources */ = {
			isa = PBXResourcesBuildPhase;
			buildActionMask = 2147483647;
			files = (
				F49E28D229762CA0009EEB1A /* Preview Assets.xcassets in Resources */,
				F49E28CF29762CA0009EEB1A /* Assets.xcassets in Resources */,
				C5706F1529878730001300F5 /* .swiftlint.yml in Resources */,
				C54829862987505C000C743E /* IM_Hyemin-Bold.ttf in Resources */,
				C54829852987505C000C743E /* IM_Hyemin-Regular.ttf in Resources */,
				C58BC9E4298C8880009B358D /* GoogleService-Info.plist in Resources */,
			);
			runOnlyForDeploymentPostprocessing = 0;
		};
/* End PBXResourcesBuildPhase section */

/* Begin PBXShellScriptBuildPhase section */
		48D82DE241EBBDCB13EED8D8 /* [CP] Check Pods Manifest.lock */ = {
			isa = PBXShellScriptBuildPhase;
			buildActionMask = 2147483647;
			files = (
			);
			inputFileListPaths = (
			);
			inputPaths = (
				"${PODS_PODFILE_DIR_PATH}/Podfile.lock",
				"${PODS_ROOT}/Manifest.lock",
			);
			name = "[CP] Check Pods Manifest.lock";
			outputFileListPaths = (
			);
			outputPaths = (
				"$(DERIVED_FILE_DIR)/Pods-Hapit-checkManifestLockResult.txt",
			);
			runOnlyForDeploymentPostprocessing = 0;
			shellPath = /bin/sh;
			shellScript = "diff \"${PODS_PODFILE_DIR_PATH}/Podfile.lock\" \"${PODS_ROOT}/Manifest.lock\" > /dev/null\nif [ $? != 0 ] ; then\n    # print error to STDERR\n    echo \"error: The sandbox is not in sync with the Podfile.lock. Run 'pod install' or update your CocoaPods installation.\" >&2\n    exit 1\nfi\n# This output is used by Xcode 'outputs' to avoid re-running this script phase.\necho \"SUCCESS\" > \"${SCRIPT_OUTPUT_FILE_0}\"\n";
			showEnvVarsInLog = 0;
		};
		C548298B2987633E000C743E /* ShellScript */ = {
			isa = PBXShellScriptBuildPhase;
			alwaysOutOfDate = 1;
			buildActionMask = 2147483647;
			files = (
			);
			inputFileListPaths = (
			);
			inputPaths = (
			);
			outputFileListPaths = (
			);
			outputPaths = (
			);
			runOnlyForDeploymentPostprocessing = 0;
			shellPath = /bin/sh;
			shellScript = "${PODS_ROOT}/SwiftLint/swiftlint\n";
		};
/* End PBXShellScriptBuildPhase section */

/* Begin PBXSourcesBuildPhase section */
		F49E28C329762C9C009EEB1A /* Sources */ = {
			isa = PBXSourcesBuildPhase;
			buildActionMask = 2147483647;
			files = (
				67BD5750298FE3F500DD37B0 /* LocalNotificationManager.swift in Sources */,
				95397CC2298C8FD400D3B7DB /* (null) in Sources */,
				F49E28DC297633A7009EEB1A /* LogInView.swift in Sources */,
				C5212476298CC1A400235921 /* UserInfoManager.swift in Sources */,
				F49E28E929765DFA009EEB1A /* ToSView.swift in Sources */,
				F49E28EC29766335009EEB1A /* ServiceToS.swift in Sources */,
				3C5CAA86298A376E007C3EAA /* Modal.swift in Sources */,
				F49E28E3297639D3009EEB1A /* AppleLogIn.swift in Sources */,
				C59D551B2977D149008BB0CF /* MessageFullscreenView.swift in Sources */,
				3C5CAA8F298B9C5C007C3EAA /* HabitSegmentDetailView.swift in Sources */,
				C59D55152977A7C9008BB0CF /* Jelly.swift in Sources */,
				F49E28E5297639F4009EEB1A /* RegisterView.swift in Sources */,
				F40B9A532988CE3E00385014 /* View+ShakeEffect.swift in Sources */,
				F49E28E1297639C6009EEB1A /* GoogleLogIn.swift in Sources */,
				F47BA14F297A67FE000222EE /* AuthManager.swift in Sources */,
				F49E291729770195009EEB1A /* GetStartView.swift in Sources */,
				67BD5754298FEE1600DD37B0 /* LocalNotificationSettingView.swift in Sources */,
				F49E2919297714E8009EEB1A /* StepBar.swift in Sources */,
				C5882FA62990B5F3001FD3B6 /* FriendsEditLow.swift in Sources */,
				F49E28F229767F45009EEB1A /* ADToS.swift in Sources */,
				3C5CAA8B298A39A8007C3EAA /* ModalAnchorView.swift in Sources */,
				C958D163298CE6DE0057AA5B /* ChallengeFriendsCellView.swift in Sources */,
				F49E28CB29762C9C009EEB1A /* HapitApp.swift in Sources */,
				674A917E2989FFCD0050CF0B /* CustomAlert.swift in Sources */,
				F49E28EE29766500009EEB1A /* PrivateToS.swift in Sources */,
				3C5CAA89298A3931007C3EAA /* ModalView.swift in Sources */,
				F49E28DE297633D1009EEB1A /* KakaoLogIn.swift in Sources */,
				674A91802989FFF00050CF0B /* CustomAlertModifier.swift in Sources */,
				3C811D1F29877AF10005539A /* DateValue.swift in Sources */,
				C958D161298CE3E20057AA5B /* ChallengeFriendsView.swift in Sources */,
				3C38AFBF297632F5002D5ADF /* HomeView.swift in Sources */,
				3CE9DFF8297A512300E76147 /* EmptyCellView.swift in Sources */,
				C958D15F298CD8690057AA5B /* ChallengeFriends.swift in Sources */,
				3C5CAA96298C8FEC007C3EAA /* ContentView.swift in Sources */,
				674F28B32977C4C000390405 /* Post.swift in Sources */,
				F47BA151297A697F000222EE /* User.swift in Sources */,
				3CF39BAD29779359003D4809 /* HabitCellView.swift in Sources */,
				C90766FD2989F8E900D646F7 /* AddChallengeMateProfileView.swift in Sources */,
				C9CBC801297683BB00D530CC /* SocialView.swift in Sources */,
				3CF39BAB29779347003D4809 /* ChallengeCellView.swift in Sources */,
				3C39C493298985D400603149 /* PostModalView.swift in Sources */,
				3C811D1D2987628A0005539A /* CustomDatePickerView.swift in Sources */,
				C5FAC88829766C6800E58C84 /* BearModalView.swift in Sources */,
				C5FAC88129765E7600E58C84 /* RewardView.swift in Sources */,
				C5FAC88529766BE100E58C84 /* JellyGridView.swift in Sources */,
				369D01D529777E72004CB739 /* DiaryViewModel.swift in Sources */,
				C5FE7D9E2988F6AA00B552E9 /* OptionView.swift in Sources */,
				67A5AE822987EE300020212F /* DedicatedWriteDiaryView.swift in Sources */,
				C5FAC87D29765BAC00E58C84 /* MyPageView.swift in Sources */,
				3C811D1B298760BA0005539A /* MonthlyCalendarView.swift in Sources */,
				C59D55192977CD17008BB0CF /* FriendChallengeView.swift in Sources */,
				67A5AE842987EF2A0020212F /* PhotoPicker.swift in Sources */,
				C5FAC88A29766E1A00E58C84 /* JellyBadgeView.swift in Sources */,
				C5FAC88329765EAB00E58C84 /* ProfileCellView.swift in Sources */,
				C5FAC878297632BD00E58C84 /* WriteDiaryView.swift in Sources */,
				67BD574E298FE3C600DD37B0 /* LocalNotification.swift in Sources */,
				368AE79E29878DA7005088E5 /* DiaryModalView.swift in Sources */,
				6774979429763C29003F9D6C /* AddChallengeView.swift in Sources */,
				C9076702298AD81F00D646F7 /* InvitedMateView.swift in Sources */,
				3C5CAA8D298A39D8007C3EAA /* ModalManager.swift in Sources */,
				95D0679E297A1FB1003447EA /* HabitManager.swift in Sources */,
				3CF39BA529770D87003D4809 /* AddFriendView.swift in Sources */,
				36E1440F298CE7F30044E666 /* HapitPushInfo.swift in Sources */,
				674F28B12977C49100390405 /* Challenge.swift in Sources */,
				C59D55172977B782008BB0CF /* NicknameModalView.swift in Sources */,
				C57E6E0E298E54500078B60F /* EditFriendView.swift in Sources */,
				3625FB67297634AC0006478B /* HabitDetailView.swift in Sources */,
				369D01D729777E97004CB739 /* Dairy.swift in Sources */,
			);
			runOnlyForDeploymentPostprocessing = 0;
		};
/* End PBXSourcesBuildPhase section */

/* Begin XCBuildConfiguration section */
		F49E28D329762CA0009EEB1A /* Debug */ = {
			isa = XCBuildConfiguration;
			buildSettings = {
				ALWAYS_SEARCH_USER_PATHS = NO;
				CLANG_ANALYZER_NONNULL = YES;
				CLANG_ANALYZER_NUMBER_OBJECT_CONVERSION = YES_AGGRESSIVE;
				CLANG_CXX_LANGUAGE_STANDARD = "gnu++20";
				CLANG_ENABLE_MODULES = YES;
				CLANG_ENABLE_OBJC_ARC = YES;
				CLANG_ENABLE_OBJC_WEAK = YES;
				CLANG_WARN_BLOCK_CAPTURE_AUTORELEASING = YES;
				CLANG_WARN_BOOL_CONVERSION = YES;
				CLANG_WARN_COMMA = YES;
				CLANG_WARN_CONSTANT_CONVERSION = YES;
				CLANG_WARN_DEPRECATED_OBJC_IMPLEMENTATIONS = YES;
				CLANG_WARN_DIRECT_OBJC_ISA_USAGE = YES_ERROR;
				CLANG_WARN_DOCUMENTATION_COMMENTS = YES;
				CLANG_WARN_EMPTY_BODY = YES;
				CLANG_WARN_ENUM_CONVERSION = YES;
				CLANG_WARN_INFINITE_RECURSION = YES;
				CLANG_WARN_INT_CONVERSION = YES;
				CLANG_WARN_NON_LITERAL_NULL_CONVERSION = YES;
				CLANG_WARN_OBJC_IMPLICIT_RETAIN_SELF = YES;
				CLANG_WARN_OBJC_LITERAL_CONVERSION = YES;
				CLANG_WARN_OBJC_ROOT_CLASS = YES_ERROR;
				CLANG_WARN_QUOTED_INCLUDE_IN_FRAMEWORK_HEADER = YES;
				CLANG_WARN_RANGE_LOOP_ANALYSIS = YES;
				CLANG_WARN_STRICT_PROTOTYPES = YES;
				CLANG_WARN_SUSPICIOUS_MOVE = YES;
				CLANG_WARN_UNGUARDED_AVAILABILITY = YES_AGGRESSIVE;
				CLANG_WARN_UNREACHABLE_CODE = YES;
				CLANG_WARN__DUPLICATE_METHOD_MATCH = YES;
				COPY_PHASE_STRIP = NO;
				DEBUG_INFORMATION_FORMAT = dwarf;
				ENABLE_STRICT_OBJC_MSGSEND = YES;
				ENABLE_TESTABILITY = YES;
				GCC_C_LANGUAGE_STANDARD = gnu11;
				GCC_DYNAMIC_NO_PIC = NO;
				GCC_NO_COMMON_BLOCKS = YES;
				GCC_OPTIMIZATION_LEVEL = 0;
				GCC_PREPROCESSOR_DEFINITIONS = (
					"DEBUG=1",
					"$(inherited)",
				);
				GCC_WARN_64_TO_32_BIT_CONVERSION = YES;
				GCC_WARN_ABOUT_RETURN_TYPE = YES_ERROR;
				GCC_WARN_UNDECLARED_SELECTOR = YES;
				GCC_WARN_UNINITIALIZED_AUTOS = YES_AGGRESSIVE;
				GCC_WARN_UNUSED_FUNCTION = YES;
				GCC_WARN_UNUSED_VARIABLE = YES;
				IPHONEOS_DEPLOYMENT_TARGET = 15.0;
				MTL_ENABLE_DEBUG_INFO = INCLUDE_SOURCE;
				MTL_FAST_MATH = YES;
				ONLY_ACTIVE_ARCH = YES;
				SDKROOT = iphoneos;
				SWIFT_ACTIVE_COMPILATION_CONDITIONS = DEBUG;
				SWIFT_OPTIMIZATION_LEVEL = "-Onone";
			};
			name = Debug;
		};
		F49E28D429762CA0009EEB1A /* Release */ = {
			isa = XCBuildConfiguration;
			buildSettings = {
				ALWAYS_SEARCH_USER_PATHS = NO;
				CLANG_ANALYZER_NONNULL = YES;
				CLANG_ANALYZER_NUMBER_OBJECT_CONVERSION = YES_AGGRESSIVE;
				CLANG_CXX_LANGUAGE_STANDARD = "gnu++20";
				CLANG_ENABLE_MODULES = YES;
				CLANG_ENABLE_OBJC_ARC = YES;
				CLANG_ENABLE_OBJC_WEAK = YES;
				CLANG_WARN_BLOCK_CAPTURE_AUTORELEASING = YES;
				CLANG_WARN_BOOL_CONVERSION = YES;
				CLANG_WARN_COMMA = YES;
				CLANG_WARN_CONSTANT_CONVERSION = YES;
				CLANG_WARN_DEPRECATED_OBJC_IMPLEMENTATIONS = YES;
				CLANG_WARN_DIRECT_OBJC_ISA_USAGE = YES_ERROR;
				CLANG_WARN_DOCUMENTATION_COMMENTS = YES;
				CLANG_WARN_EMPTY_BODY = YES;
				CLANG_WARN_ENUM_CONVERSION = YES;
				CLANG_WARN_INFINITE_RECURSION = YES;
				CLANG_WARN_INT_CONVERSION = YES;
				CLANG_WARN_NON_LITERAL_NULL_CONVERSION = YES;
				CLANG_WARN_OBJC_IMPLICIT_RETAIN_SELF = YES;
				CLANG_WARN_OBJC_LITERAL_CONVERSION = YES;
				CLANG_WARN_OBJC_ROOT_CLASS = YES_ERROR;
				CLANG_WARN_QUOTED_INCLUDE_IN_FRAMEWORK_HEADER = YES;
				CLANG_WARN_RANGE_LOOP_ANALYSIS = YES;
				CLANG_WARN_STRICT_PROTOTYPES = YES;
				CLANG_WARN_SUSPICIOUS_MOVE = YES;
				CLANG_WARN_UNGUARDED_AVAILABILITY = YES_AGGRESSIVE;
				CLANG_WARN_UNREACHABLE_CODE = YES;
				CLANG_WARN__DUPLICATE_METHOD_MATCH = YES;
				COPY_PHASE_STRIP = NO;
				DEBUG_INFORMATION_FORMAT = "dwarf-with-dsym";
				ENABLE_NS_ASSERTIONS = NO;
				ENABLE_STRICT_OBJC_MSGSEND = YES;
				GCC_C_LANGUAGE_STANDARD = gnu11;
				GCC_NO_COMMON_BLOCKS = YES;
				GCC_WARN_64_TO_32_BIT_CONVERSION = YES;
				GCC_WARN_ABOUT_RETURN_TYPE = YES_ERROR;
				GCC_WARN_UNDECLARED_SELECTOR = YES;
				GCC_WARN_UNINITIALIZED_AUTOS = YES_AGGRESSIVE;
				GCC_WARN_UNUSED_FUNCTION = YES;
				GCC_WARN_UNUSED_VARIABLE = YES;
				IPHONEOS_DEPLOYMENT_TARGET = 15.0;
				MTL_ENABLE_DEBUG_INFO = NO;
				MTL_FAST_MATH = YES;
				SDKROOT = iphoneos;
				SWIFT_COMPILATION_MODE = wholemodule;
				SWIFT_OPTIMIZATION_LEVEL = "-O";
				VALIDATE_PRODUCT = YES;
			};
			name = Release;
		};
		F49E28D629762CA0009EEB1A /* Debug */ = {
			isa = XCBuildConfiguration;
			baseConfigurationReference = 5EF260FF7D795428372CA911 /* Pods-Hapit.debug.xcconfig */;
			buildSettings = {
				ASSETCATALOG_COMPILER_APPICON_NAME = AppIcon;
				ASSETCATALOG_COMPILER_GLOBAL_ACCENT_COLOR_NAME = AccentColor;
				CODE_SIGN_ENTITLEMENTS = Hapit/Hapit.entitlements;
				"CODE_SIGN_IDENTITY[sdk=iphoneos*]" = "iPhone Developer";
				CODE_SIGN_STYLE = Manual;
				CURRENT_PROJECT_VERSION = 1;
				DEVELOPMENT_ASSET_PATHS = "\"Hapit/Preview Content\"";
				DEVELOPMENT_TEAM = "";
				"DEVELOPMENT_TEAM[sdk=iphoneos*]" = AU882HP6MX;
				ENABLE_PREVIEWS = YES;
				GENERATE_INFOPLIST_FILE = YES;
				INFOPLIST_FILE = Hapit/Info.plist;
				INFOPLIST_KEY_UIApplicationSceneManifest_Generation = YES;
				INFOPLIST_KEY_UIApplicationSupportsIndirectInputEvents = YES;
				INFOPLIST_KEY_UILaunchScreen_Generation = YES;
				INFOPLIST_KEY_UISupportedInterfaceOrientations_iPad = "UIInterfaceOrientationPortrait UIInterfaceOrientationPortraitUpsideDown UIInterfaceOrientationLandscapeLeft UIInterfaceOrientationLandscapeRight";
				INFOPLIST_KEY_UISupportedInterfaceOrientations_iPhone = "UIInterfaceOrientationPortrait UIInterfaceOrientationLandscapeLeft UIInterfaceOrientationLandscapeRight";
				IPHONEOS_DEPLOYMENT_TARGET = 15.0;
				LD_RUNPATH_SEARCH_PATHS = (
					"$(inherited)",
					"@executable_path/Frameworks",
				);
				MARKETING_VERSION = 1.0;
				PRODUCT_BUNDLE_IDENTIFIER = com.hapitfinal.Hapit;
				PRODUCT_NAME = "$(TARGET_NAME)";
				PROVISIONING_PROFILE_SPECIFIER = "";
				"PROVISIONING_PROFILE_SPECIFIER[sdk=iphoneos*]" = FCMHapit;
				SWIFT_EMIT_LOC_STRINGS = YES;
				SWIFT_VERSION = 5.0;
				TARGETED_DEVICE_FAMILY = "1,2";
			};
			name = Debug;
		};
		F49E28D729762CA0009EEB1A /* Release */ = {
			isa = XCBuildConfiguration;
			baseConfigurationReference = 0C9C7D2CE76DAFB6CDD8A4EC /* Pods-Hapit.release.xcconfig */;
			buildSettings = {
				ASSETCATALOG_COMPILER_APPICON_NAME = AppIcon;
				ASSETCATALOG_COMPILER_GLOBAL_ACCENT_COLOR_NAME = AccentColor;
				CODE_SIGN_ENTITLEMENTS = Hapit/Hapit.entitlements;
				"CODE_SIGN_IDENTITY[sdk=iphoneos*]" = "iPhone Developer";
				CODE_SIGN_STYLE = Manual;
				CURRENT_PROJECT_VERSION = 1;
				DEVELOPMENT_ASSET_PATHS = "\"Hapit/Preview Content\"";
				DEVELOPMENT_TEAM = "";
				"DEVELOPMENT_TEAM[sdk=iphoneos*]" = AU882HP6MX;
				ENABLE_PREVIEWS = YES;
				GENERATE_INFOPLIST_FILE = YES;
				INFOPLIST_FILE = Hapit/Info.plist;
				INFOPLIST_KEY_UIApplicationSceneManifest_Generation = YES;
				INFOPLIST_KEY_UIApplicationSupportsIndirectInputEvents = YES;
				INFOPLIST_KEY_UILaunchScreen_Generation = YES;
				INFOPLIST_KEY_UISupportedInterfaceOrientations_iPad = "UIInterfaceOrientationPortrait UIInterfaceOrientationPortraitUpsideDown UIInterfaceOrientationLandscapeLeft UIInterfaceOrientationLandscapeRight";
				INFOPLIST_KEY_UISupportedInterfaceOrientations_iPhone = "UIInterfaceOrientationPortrait UIInterfaceOrientationLandscapeLeft UIInterfaceOrientationLandscapeRight";
				IPHONEOS_DEPLOYMENT_TARGET = 15.0;
				LD_RUNPATH_SEARCH_PATHS = (
					"$(inherited)",
					"@executable_path/Frameworks",
				);
				MARKETING_VERSION = 1.0;
				PRODUCT_BUNDLE_IDENTIFIER = com.hapitfinal.Hapit;
				PRODUCT_NAME = "$(TARGET_NAME)";
				PROVISIONING_PROFILE_SPECIFIER = "";
				"PROVISIONING_PROFILE_SPECIFIER[sdk=iphoneos*]" = FCMHapit;
				SWIFT_EMIT_LOC_STRINGS = YES;
				SWIFT_VERSION = 5.0;
				TARGETED_DEVICE_FAMILY = "1,2";
			};
			name = Release;
		};
/* End XCBuildConfiguration section */

/* Begin XCConfigurationList section */
		F49E28C229762C9B009EEB1A /* Build configuration list for PBXProject "Hapit" */ = {
			isa = XCConfigurationList;
			buildConfigurations = (
				F49E28D329762CA0009EEB1A /* Debug */,
				F49E28D429762CA0009EEB1A /* Release */,
			);
			defaultConfigurationIsVisible = 0;
			defaultConfigurationName = Release;
		};
		F49E28D529762CA0009EEB1A /* Build configuration list for PBXNativeTarget "Hapit" */ = {
			isa = XCConfigurationList;
			buildConfigurations = (
				F49E28D629762CA0009EEB1A /* Debug */,
				F49E28D729762CA0009EEB1A /* Release */,
			);
			defaultConfigurationIsVisible = 0;
			defaultConfigurationName = Release;
		};
/* End XCConfigurationList section */

/* Begin XCRemoteSwiftPackageReference section */
		36E14409298CE7720044E666 /* XCRemoteSwiftPackageReference "realm-swift" */ = {
			isa = XCRemoteSwiftPackageReference;
			repositoryURL = "https://github.com/realm/realm-swift.git";
			requirement = {
				branch = master;
				kind = branch;
			};
		};
		3CE9DFF229792FFB00E76147 /* XCRemoteSwiftPackageReference "SwiftySegmentedPicker" */ = {
			isa = XCRemoteSwiftPackageReference;
			repositoryURL = "https://github.com/KazaiMazai/SwiftySegmentedPicker.git";
			requirement = {
				kind = upToNextMajorVersion;
				minimumVersion = 0.0.2;
			};
		};
		95D0679F297A252B003447EA /* XCRemoteSwiftPackageReference "firebase-ios-sdk" */ = {
			isa = XCRemoteSwiftPackageReference;
			repositoryURL = "https://github.com/firebase/firebase-ios-sdk";
			requirement = {
				branch = master;
				kind = branch;
			};
		};
		F40B9A4E298827E400385014 /* XCRemoteSwiftPackageReference "kakao-ios-sdk" */ = {
			isa = XCRemoteSwiftPackageReference;
			repositoryURL = "https://github.com/kakao/kakao-ios-sdk";
			requirement = {
				kind = upToNextMajorVersion;
				minimumVersion = 2.0.0;
			};
		};
/* End XCRemoteSwiftPackageReference section */

/* Begin XCSwiftPackageProductDependency section */
		36D4A14B2989EEBD0048309A /* FirebaseMessaging */ = {
			isa = XCSwiftPackageProductDependency;
			package = 95D0679F297A252B003447EA /* XCRemoteSwiftPackageReference "firebase-ios-sdk" */;
			productName = FirebaseMessaging;
		};
		36E1440A298CE7720044E666 /* Realm */ = {
			isa = XCSwiftPackageProductDependency;
			package = 36E14409298CE7720044E666 /* XCRemoteSwiftPackageReference "realm-swift" */;
			productName = Realm;
		};
		36E1440C298CE7720044E666 /* RealmSwift */ = {
			isa = XCSwiftPackageProductDependency;
			package = 36E14409298CE7720044E666 /* XCRemoteSwiftPackageReference "realm-swift" */;
			productName = RealmSwift;
		};
		3CE9DFF329792FFB00E76147 /* SegmentedPicker */ = {
			isa = XCSwiftPackageProductDependency;
			package = 3CE9DFF229792FFB00E76147 /* XCRemoteSwiftPackageReference "SwiftySegmentedPicker" */;
			productName = SegmentedPicker;
		};
		95D067A0297A252B003447EA /* FirebaseFirestore */ = {
			isa = XCSwiftPackageProductDependency;
			package = 95D0679F297A252B003447EA /* XCRemoteSwiftPackageReference "firebase-ios-sdk" */;
			productName = FirebaseFirestore;
		};
		95D067A2297A252B003447EA /* FirebaseFirestoreSwift */ = {
			isa = XCSwiftPackageProductDependency;
			package = 95D0679F297A252B003447EA /* XCRemoteSwiftPackageReference "firebase-ios-sdk" */;
			productName = FirebaseFirestoreSwift;
		};
		F40B9A4F298827E400385014 /* KakaoSDK */ = {
			isa = XCSwiftPackageProductDependency;
			package = F40B9A4E298827E400385014 /* XCRemoteSwiftPackageReference "kakao-ios-sdk" */;
			productName = KakaoSDK;
		};
		F47BA153297A75EE000222EE /* FirebaseAuth */ = {
			isa = XCSwiftPackageProductDependency;
			package = 95D0679F297A252B003447EA /* XCRemoteSwiftPackageReference "firebase-ios-sdk" */;
			productName = FirebaseAuth;
		};
/* End XCSwiftPackageProductDependency section */
	};
	rootObject = F49E28BF29762C9B009EEB1A /* Project object */;
}
